
Microsoft Visual Studio Solution File, Format Version 12.00
# Visual Studio Version 16
VisualStudioVersion = 16.0.30204.135
MinimumVisualStudioVersion = 10.0.40219.1
Project("{FAE04EC0-301F-11D3-BF4B-00C04F79EFBC}") = "Exercice1.Android", "Exercice1\Exercice1.Android\Exercice1.Android.csproj", "{48BE6D6D-1697-4AC8-B9A4-D9CBA12CD396}"
EndProject
Project("{FAE04EC0-301F-11D3-BF4B-00C04F79EFBC}") = "Exercice1.iOS", "Exercice1\Exercice1.iOS\Exercice1.iOS.csproj", "{18EECE2F-884C-479A-8E3C-65E969374DD8}"
EndProject
Project("{9A19103F-16F7-4668-BE54-9A1E7A4F7556}") = "Exercice1", "Exercice1\Exercice1\Exercice1.csproj", "{D29C570B-7E6A-4C68-8B99-36A6DF1D0108}"
EndProject
Project("{2150E333-8FDC-42A3-9474-1A3956D46DE8}") = "Exercices", "Exercices", "{E3DA4727-0E77-475B-8E58-EF7C4FEC3817}"
EndProject
Project("{2150E333-8FDC-42A3-9474-1A3956D46DE8}") = "Course codes", "Course codes", "{F489FBD8-11AE-408F-A0FA-865AE63EC54D}"
EndProject
Project("{9A19103F-16F7-4668-BE54-9A1E7A4F7556}") = "LuckyNumber", "LuckyNumber\LuckyNumber\LuckyNumber.csproj", "{2CA3B356-7D2F-4DD5-B3DC-6BD7EA3D2BFD}"
EndProject
Project("{2150E333-8FDC-42A3-9474-1A3956D46DE8}") = "01 Quotes", "01 Quotes", "{7386F6CF-9986-46E2-848F-B897C25DF478}"
EndProject
Project("{2150E333-8FDC-42A3-9474-1A3956D46DE8}") = "01 Lucky Number", "01 Lucky Number", "{7EDE41A1-943A-4C6D-A2E7-8E3271B2FD94}"
EndProject
Project("{FAE04EC0-301F-11D3-BF4B-00C04F79EFBC}") = "LuckyNumber.Android", "LuckyNumber\LuckyNumber.Android\LuckyNumber.Android.csproj", "{6D394FAC-2CDB-439E-8C41-D7EF55262805}"
EndProject
Project("{FAE04EC0-301F-11D3-BF4B-00C04F79EFBC}") = "LuckyNumber.iOS", "LuckyNumber\LuckyNumber.iOS\LuckyNumber.iOS.csproj", "{EA9797C5-2F73-483B-BDF5-B48BA6CD5C7B}"
EndProject
Project("{2150E333-8FDC-42A3-9474-1A3956D46DE8}") = "02 Layouts", "02 Layouts", "{6596D60E-4AD5-4D6B-A209-304E4E6780E0}"
EndProject
Project("{2150E333-8FDC-42A3-9474-1A3956D46DE8}") = "Solution Items", "Solution Items", "{C2FEAE67-8801-407B-8A49-A00DE12BFE8B}"
	ProjectSection(SolutionItems) = preProject
		CHANGELOG.md = CHANGELOG.md
		README.md = README.md
	EndProjectSection
EndProject
Project("{2150E333-8FDC-42A3-9474-1A3956D46DE8}") = "02 Images", "02 Images", "{F9E50C93-37B9-42CA-B38C-04E389E141B5}"
EndProject
Project("{FAE04EC0-301F-11D3-BF4B-00C04F79EFBC}") = "Images.Android", "Images\Images.Android\Images.Android.csproj", "{0AD3E7CF-C9C7-45A1-BC3F-7CBBA7A57B63}"
EndProject
Project("{FAE04EC0-301F-11D3-BF4B-00C04F79EFBC}") = "Images.iOS", "Images\Images.iOS\Images.iOS.csproj", "{65837E2B-1EA5-4ACA-9F11-280DE163FDAF}"
EndProject
Project("{9A19103F-16F7-4668-BE54-9A1E7A4F7556}") = "Images", "Images\Images\Images.csproj", "{67255704-A114-432D-BF90-17DE8B73EE03}"
EndProject
Project("{2150E333-8FDC-42A3-9474-1A3956D46DE8}") = "04 Images", "04 Images", "{5395DBD1-54C7-4EB1-8691-A0E0789A02F4}"
EndProject
Project("{FAE04EC0-301F-11D3-BF4B-00C04F79EFBC}") = "ImageGallery.Android", "ImageGallery\ImageGallery.Android\ImageGallery.Android.csproj", "{F138F2C0-B0F8-47BD-A5DF-199F645CE663}"
EndProject
Project("{FAE04EC0-301F-11D3-BF4B-00C04F79EFBC}") = "ImageGallery.iOS", "ImageGallery\ImageGallery.iOS\ImageGallery.iOS.csproj", "{590E589A-C3B8-42CF-B2FC-AD926E033B5A}"
EndProject
Project("{9A19103F-16F7-4668-BE54-9A1E7A4F7556}") = "ImageGallery", "ImageGallery\ImageGallery\ImageGallery.csproj", "{2FD40EA7-9EF0-4C03-9274-705B16F44A6B}"
EndProject
Project("{2150E333-8FDC-42A3-9474-1A3956D46DE8}") = "03 Lists", "03 Lists", "{E5CA1DDA-C46E-4DDA-A9FD-643226682C0D}"
EndProject
Project("{FAE04EC0-301F-11D3-BF4B-00C04F79EFBC}") = "Lists.Android", "Lists\Lists.Android\Lists.Android.csproj", "{38F72A86-6622-467C-AC05-CEE423D87AD5}"
EndProject
Project("{FAE04EC0-301F-11D3-BF4B-00C04F79EFBC}") = "Lists.iOS", "Lists\Lists.iOS\Lists.iOS.csproj", "{CE1AFBBE-54A3-459D-BBEE-02012DE1E3BD}"
EndProject
Project("{9A19103F-16F7-4668-BE54-9A1E7A4F7556}") = "Lists", "Lists\Lists\Lists.csproj", "{051774CA-6A89-4416-9A83-82EB3C641CD0}"
EndProject
Project("{2150E333-8FDC-42A3-9474-1A3956D46DE8}") = "05 Lists", "05 Lists", "{FAB94CAA-9860-4B4B-A19B-C0A9ED8C528D}"
EndProject
Project("{FAE04EC0-301F-11D3-BF4B-00C04F79EFBC}") = "AirBnBrecentSearches.Android", "AirBnBrecentSearches\AirBnBrecentSearches.Android\AirBnBrecentSearches.Android.csproj", "{337CC17A-5445-4D0A-9F50-B7BD9CB481CF}"
EndProject
Project("{FAE04EC0-301F-11D3-BF4B-00C04F79EFBC}") = "AirBnBrecentSearches.iOS", "AirBnBrecentSearches\AirBnBrecentSearches.iOS\AirBnBrecentSearches.iOS.csproj", "{91647F9D-D101-4764-9A60-2B06CA646E96}"
EndProject
Project("{9A19103F-16F7-4668-BE54-9A1E7A4F7556}") = "AirBnBrecentSearches", "AirBnBrecentSearches\AirBnBrecentSearches\AirBnBrecentSearches.csproj", "{4C94F584-FA87-422C-93D7-E7EF5D8E0CF2}"
EndProject
Project("{9A19103F-16F7-4668-BE54-9A1E7A4F7556}") = "LayoutsEx", "LayoutsEx\LayoutsEx\LayoutsEx.csproj", "{3F6809BF-D244-4C7E-9F9D-FA57BB4BDB0F}"
EndProject
Project("{FAE04EC0-301F-11D3-BF4B-00C04F79EFBC}") = "LayoutsEx.Android", "LayoutsEx\LayoutsEx.Android\LayoutsEx.Android.csproj", "{3549154D-279B-4DA2-87B7-D3A42DE6243B}"
EndProject
Project("{FAE04EC0-301F-11D3-BF4B-00C04F79EFBC}") = "LayoutsEx.iOS", "LayoutsEx\LayoutsEx.iOS\LayoutsEx.iOS.csproj", "{B3C1B1B1-5330-487E-80A7-D902FC1A7EED}"
EndProject
Project("{2150E333-8FDC-42A3-9474-1A3956D46DE8}") = "08 Data Access", "08 Data Access", "{7E96AE1C-9B53-4125-ABBA-CF6EFC2866EC}"
EndProject
Project("{2150E333-8FDC-42A3-9474-1A3956D46DE8}") = "07 Forms Settings", "07 Forms Settings", "{EFB6DB9B-F191-4FEF-8033-184C6FEB0B22}"
EndProject
Project("{FAE04EC0-301F-11D3-BF4B-00C04F79EFBC}") = "DataAccess.Android", "DataAccess\DataAccess.Android\DataAccess.Android.csproj", "{01A81AE3-40A1-4849-9F39-9462EB75799F}"
EndProject
Project("{FAE04EC0-301F-11D3-BF4B-00C04F79EFBC}") = "DataAccess.iOS", "DataAccess\DataAccess.iOS\DataAccess.iOS.csproj", "{370A926A-1D66-4EAA-9B81-788CD5F26E8E}"
EndProject
Project("{9A19103F-16F7-4668-BE54-9A1E7A4F7556}") = "DataAccess", "DataAccess\DataAccess\DataAccess.csproj", "{0FEE46C4-DF23-4287-88FE-45D93917CA0C}"
EndProject
Project("{2150E333-8FDC-42A3-9474-1A3956D46DE8}") = "06 Navigation", "06 Navigation", "{B34A9192-CD06-4F3F-BBA4-09463F1F088B}"
EndProject
Project("{FAE04EC0-301F-11D3-BF4B-00C04F79EFBC}") = "MasterDetail.Android", "MasterDetail\MasterDetail.Android\MasterDetail.Android.csproj", "{AA71B099-5561-49A3-9A62-92ACC2E0AED3}"
EndProject
Project("{FAE04EC0-301F-11D3-BF4B-00C04F79EFBC}") = "MasterDetail.iOS", "MasterDetail\MasterDetail.iOS\MasterDetail.iOS.csproj", "{A322B8CD-6889-4633-9CB1-313A4CD289C1}"
EndProject
Project("{9A19103F-16F7-4668-BE54-9A1E7A4F7556}") = "MasterDetail", "MasterDetail\MasterDetail\MasterDetail.csproj", "{9DB3D788-2FA5-46F9-97A0-0BE512218CC9}"
EndProject
Project("{2150E333-8FDC-42A3-9474-1A3956D46DE8}") = "MasterDetailPage", "MasterDetailPage", "{84105444-8C2C-4A41-B2DE-86427B2C2EB1}"
EndProject
Project("{2150E333-8FDC-42A3-9474-1A3956D46DE8}") = "Hierarchical Navigation", "Hierarchical Navigation", "{7B3BB520-CB7D-4768-A41C-73B2AE6F92BE}"
EndProject
Project("{FAE04EC0-301F-11D3-BF4B-00C04F79EFBC}") = "HierarchicalNavigation.Android", "HierarchicalNavigation\HierarchicalNavigation.Android\HierarchicalNavigation.Android.csproj", "{F975B36A-DB8A-4371-B6E6-7BC6E01B2554}"
EndProject
Project("{FAE04EC0-301F-11D3-BF4B-00C04F79EFBC}") = "HierarchicalNavigation.iOS", "HierarchicalNavigation\HierarchicalNavigation.iOS\HierarchicalNavigation.iOS.csproj", "{44BB0981-A408-45EB-BC69-5597E77DFD32}"
EndProject
Project("{9A19103F-16F7-4668-BE54-9A1E7A4F7556}") = "HierarchicalNavigation", "HierarchicalNavigation\HierarchicalNavigation\HierarchicalNavigation.csproj", "{B3F5792D-0608-466B-A7A3-23373E738AD7}"
EndProject
Project("{2150E333-8FDC-42A3-9474-1A3956D46DE8}") = "Simple MasterDetail", "Simple MasterDetail", "{172A1CEC-D613-4EAA-96A5-CC9908FF9BFD}"
EndProject
Project("{FAE04EC0-301F-11D3-BF4B-00C04F79EFBC}") = "SimpleMasterDetail.Android", "SimpleMasterDetail\SimpleMasterDetail.Android\SimpleMasterDetail.Android.csproj", "{B4F30ADC-D5F2-4E1C-A4B4-3FA8E5E3B57C}"
EndProject
Project("{FAE04EC0-301F-11D3-BF4B-00C04F79EFBC}") = "SimpleMasterDetail.iOS", "SimpleMasterDetail\SimpleMasterDetail.iOS\SimpleMasterDetail.iOS.csproj", "{E6D6A9C4-6370-456A-8F91-EBBB743FAD12}"
EndProject
Project("{9A19103F-16F7-4668-BE54-9A1E7A4F7556}") = "SimpleMasterDetail", "SimpleMasterDetail\SimpleMasterDetail\SimpleMasterDetail.csproj", "{80BD48D3-AA93-4596-A7EB-CB25544763E9}"
EndProject
Project("{2150E333-8FDC-42A3-9474-1A3956D46DE8}") = "Tabbed Page", "Tabbed Page", "{5903D9BB-9D6A-4493-86E9-258B1206A773}"
EndProject
Project("{FAE04EC0-301F-11D3-BF4B-00C04F79EFBC}") = "TabbedPage.Android", "TabbedPage\TabbedPage.Android\TabbedPage.Android.csproj", "{492095D6-7EC2-4993-80BB-A391B3EC84D7}"
EndProject
Project("{FAE04EC0-301F-11D3-BF4B-00C04F79EFBC}") = "TabbedPage.iOS", "TabbedPage\TabbedPage.iOS\TabbedPage.iOS.csproj", "{758A4966-E72B-436C-B045-D7F247D4A0A2}"
EndProject
Project("{9A19103F-16F7-4668-BE54-9A1E7A4F7556}") = "TabbedPage", "TabbedPage\TabbedPage\TabbedPage.csproj", "{BB298AC4-DD95-4D7C-8EE3-2F3A5CE20A8D}"
EndProject
Project("{2150E333-8FDC-42A3-9474-1A3956D46DE8}") = "Carousel", "Carousel", "{4CBCD2DC-26E0-478E-BF07-F85C67F95756}"
EndProject
Project("{FAE04EC0-301F-11D3-BF4B-00C04F79EFBC}") = "CarouselDemo.Android", "CarouselDemo\CarouselDemo.Android\CarouselDemo.Android.csproj", "{4EFDBCDE-C06A-4C06-93B7-B0731B7B901C}"
EndProject
Project("{FAE04EC0-301F-11D3-BF4B-00C04F79EFBC}") = "CarouselDemo.iOS", "CarouselDemo\CarouselDemo.iOS\CarouselDemo.iOS.csproj", "{B5AF8DC0-3DA9-4619-A0DF-5235C390D05F}"
EndProject
Project("{9A19103F-16F7-4668-BE54-9A1E7A4F7556}") = "CarouselDemo", "CarouselDemo\CarouselDemo\CarouselDemo.csproj", "{B23ABB3E-2ECF-4AD2-A624-03B89E24580E}"
EndProject
Project("{2150E333-8FDC-42A3-9474-1A3956D46DE8}") = "Pop up", "Pop up", "{EED86FEF-B34E-499F-BF33-F19830177459}"
EndProject
Project("{FAE04EC0-301F-11D3-BF4B-00C04F79EFBC}") = "PopUpDemo.Android", "PopUpDemo\PopUpDemo.Android\PopUpDemo.Android.csproj", "{F25BBDFA-C133-4BD0-B453-0122225900A7}"
EndProject
Project("{FAE04EC0-301F-11D3-BF4B-00C04F79EFBC}") = "PopUpDemo.iOS", "PopUpDemo\PopUpDemo.iOS\PopUpDemo.iOS.csproj", "{E3AE01CD-2E7F-4B4F-B9E6-2D65BA67C9D6}"
EndProject
Project("{9A19103F-16F7-4668-BE54-9A1E7A4F7556}") = "PopUpDemo", "PopUpDemo\PopUpDemo\PopUpDemo.csproj", "{7E4CC0D1-2DEC-4F7F-9F48-940510871E2C}"
EndProject
Project("{2150E333-8FDC-42A3-9474-1A3956D46DE8}") = "Toolbar", "Toolbar", "{1923C9F0-989F-46EA-BCE4-472B186878EB}"
EndProject
Project("{FAE04EC0-301F-11D3-BF4B-00C04F79EFBC}") = "ToolbarDemo.Android", "ToolbarDemo\ToolbarDemo.Android\ToolbarDemo.Android.csproj", "{F6819068-8A99-459C-9086-DEF5044EE400}"
EndProject
Project("{FAE04EC0-301F-11D3-BF4B-00C04F79EFBC}") = "ToolbarDemo.iOS", "ToolbarDemo\ToolbarDemo.iOS\ToolbarDemo.iOS.csproj", "{8C505445-FF55-4D9E-95A0-6329BBEA8681}"
EndProject
Project("{9A19103F-16F7-4668-BE54-9A1E7A4F7556}") = "ToolbarDemo", "ToolbarDemo\ToolbarDemo\ToolbarDemo.csproj", "{F66B6544-2A54-4966-80BA-75491C87EEE9}"
EndProject
Project("{2150E333-8FDC-42A3-9474-1A3956D46DE8}") = "06 Navigation", "06 Navigation", "{5FCCE29D-F638-4D67-A7C0-D4D22CEC93CF}"
EndProject
Project("{FAE04EC0-301F-11D3-BF4B-00C04F79EFBC}") = "InstagramLike.Android", "InstagramLike\InstagramLike.Android\InstagramLike.Android.csproj", "{B41D0926-73A4-46BD-909B-34A40CD2B1EC}"
EndProject
Project("{FAE04EC0-301F-11D3-BF4B-00C04F79EFBC}") = "InstagramLike.iOS", "InstagramLike\InstagramLike.iOS\InstagramLike.iOS.csproj", "{72DCBE00-016D-4106-A57B-F813494584FE}"
EndProject
Project("{9A19103F-16F7-4668-BE54-9A1E7A4F7556}") = "InstagramLike", "InstagramLike\InstagramLike\InstagramLike.csproj", "{FC87BED0-2BFE-40A7-83BE-C46CAF372031}"
EndProject
Project("{2150E333-8FDC-42A3-9474-1A3956D46DE8}") = "07 Forms", "07 Forms", "{0F40E47C-2B09-40BF-BDD8-6033F9BA1F70}"
EndProject
Project("{FAE04EC0-301F-11D3-BF4B-00C04F79EFBC}") = "FormsControls.Android", "FormsControls\FormsControls.Android\FormsControls.Android.csproj", "{E452FF8E-DEE3-4496-BAEA-5FF138CEB827}"
EndProject
Project("{FAE04EC0-301F-11D3-BF4B-00C04F79EFBC}") = "FormsControls.iOS", "FormsControls\FormsControls.iOS\FormsControls.iOS.csproj", "{B846DFF1-505A-4103-928D-F8D385BDD542}"
EndProject
Project("{9A19103F-16F7-4668-BE54-9A1E7A4F7556}") = "FormsControls", "FormsControls\FormsControls\FormsControls.csproj", "{96986DF9-29FF-4E2D-97EC-5F4C937F41A3}"
EndProject
Project("{FAE04EC0-301F-11D3-BF4B-00C04F79EFBC}") = "ContactBook.Android", "ContactBook\ContactBook.Android\ContactBook.Android.csproj", "{87E0E529-8A78-4F43-BA78-8248EF87045B}"
EndProject
Project("{FAE04EC0-301F-11D3-BF4B-00C04F79EFBC}") = "ContactBook.iOS", "ContactBook\ContactBook.iOS\ContactBook.iOS.csproj", "{DD8DC872-38E8-4ADE-8CE9-BE746585CFA3}"
EndProject
Project("{9A19103F-16F7-4668-BE54-9A1E7A4F7556}") = "ContactBook", "ContactBook\ContactBook\ContactBook.csproj", "{8E305BB1-1CB1-40E8-AD57-2DB759C8B3F0}"
EndProject
Project("{2150E333-8FDC-42A3-9474-1A3956D46DE8}") = "08 Data Access", "08 Data Access", "{2C739645-F7BD-43E4-BF00-FC7FC89D9909}"
EndProject
Project("{FAE04EC0-301F-11D3-BF4B-00C04F79EFBC}") = "Contact Book with SQLite.Android", "Contact Book with SQLite\Contact Book with SQLite.Android\Contact Book with SQLite.Android.csproj", "{E15DFAF1-466D-42B2-BC22-5E7A944B4AA3}"
EndProject
Project("{FAE04EC0-301F-11D3-BF4B-00C04F79EFBC}") = "Contact Book with SQLite.iOS", "Contact Book with SQLite\Contact Book with SQLite.iOS\Contact Book with SQLite.iOS.csproj", "{863D937A-9CB2-46F9-BBEE-8573FBE749FD}"
EndProject
Project("{9A19103F-16F7-4668-BE54-9A1E7A4F7556}") = "Contact Book with SQLite", "Contact Book with SQLite\Contact Book with SQLite\Contact Book with SQLite.csproj", "{E62BC4FD-6269-4AB4-9389-9A48FECBF902}"
EndProject
Project("{2150E333-8FDC-42A3-9474-1A3956D46DE8}") = "09 MVVM", "09 MVVM", "{2FE09CF5-9431-46ED-BD34-A3113F83712B}"
EndProject
Project("{FAE04EC0-301F-11D3-BF4B-00C04F79EFBC}") = "PlaylistManager.Android", "PlaylistManager\PlaylistManager.Android\PlaylistManager.Android.csproj", "{1F63046B-32AB-4E23-9D4F-8C1F376F91DB}"
EndProject
Project("{FAE04EC0-301F-11D3-BF4B-00C04F79EFBC}") = "PlaylistManager.iOS", "PlaylistManager\PlaylistManager.iOS\PlaylistManager.iOS.csproj", "{9E680A77-FE53-4705-9B1C-EC60CD5DF900}"
EndProject
Project("{9A19103F-16F7-4668-BE54-9A1E7A4F7556}") = "PlaylistManager", "PlaylistManager\PlaylistManager\PlaylistManager.csproj", "{DA81290D-170B-4437-BC34-ACD71647EC78}"
EndProject
Project("{2150E333-8FDC-42A3-9474-1A3956D46DE8}") = "09 MVVM", "09 MVVM", "{81A4EA66-8952-4756-ACA2-1641085AE4ED}"
EndProject
Project("{FAE04EC0-301F-11D3-BF4B-00C04F79EFBC}") = "ContactBook MVVM.Android", "ContactBook MVVM\ContactBook MVVM.Android\ContactBook MVVM.Android.csproj", "{60EC12BB-EDFA-4D1D-8884-C2679B1DA6E2}"
EndProject
Project("{FAE04EC0-301F-11D3-BF4B-00C04F79EFBC}") = "ContactBook MVVM.iOS", "ContactBook MVVM\ContactBook MVVM.iOS\ContactBook MVVM.iOS.csproj", "{1717661E-808B-4CBD-A228-C76F8BB1C0FA}"
EndProject
Project("{9A19103F-16F7-4668-BE54-9A1E7A4F7556}") = "ContactBook MVVM", "ContactBook MVVM\ContactBook MVVM\ContactBook MVVM.csproj", "{D145AEB2-2196-452A-94BE-698F75DC4535}"
EndProject
Project("{2150E333-8FDC-42A3-9474-1A3956D46DE8}") = "10 Beyond the basics", "10 Beyond the basics", "{7445121C-3010-4DD4-A2A8-AB8BC0BAC1B8}"
EndProject
Project("{2150E333-8FDC-42A3-9474-1A3956D46DE8}") = "10 Beyond the basics", "10 Beyond the basics", "{5FBCAFDC-0E07-40B2-B14B-5265D20DE5BF}"
EndProject
Project("{FAE04EC0-301F-11D3-BF4B-00C04F79EFBC}") = "BeyondBasics.Android", "BeyondBasics\BeyondBasics.Android\BeyondBasics.Android.csproj", "{95C67239-1825-473F-A5CF-EA0849C57CF7}"
EndProject
Project("{FAE04EC0-301F-11D3-BF4B-00C04F79EFBC}") = "BeyondBasics.iOS", "BeyondBasics\BeyondBasics.iOS\BeyondBasics.iOS.csproj", "{40337C82-95A2-4EF4-9BC6-72DBB8F5C218}"
EndProject
Project("{9A19103F-16F7-4668-BE54-9A1E7A4F7556}") = "BeyondBasics", "BeyondBasics\BeyondBasics\BeyondBasics.csproj", "{DB9CC9AE-1DDA-4767-8DAB-AC8323A15DAE}"
EndProject
Project("{2150E333-8FDC-42A3-9474-1A3956D46DE8}") = "md", "md", "{93962E6E-D0DF-4EBF-8BEB-5174E59BAA69}"
	ProjectSection(SolutionItems) = preProject
		md\GettingStarted.md = md\GettingStarted.md
		md\Notes.md = md\Notes.md
		md\XamlEssentials.md = md\XamlEssentials.md
	EndProjectSection
EndProject
Global
	GlobalSection(SolutionConfigurationPlatforms) = preSolution
		Debug|Any CPU = Debug|Any CPU
		Debug|iPhone = Debug|iPhone
		Debug|iPhoneSimulator = Debug|iPhoneSimulator
		Release|Any CPU = Release|Any CPU
		Release|iPhone = Release|iPhone
		Release|iPhoneSimulator = Release|iPhoneSimulator
	EndGlobalSection
	GlobalSection(ProjectConfigurationPlatforms) = postSolution
		{48BE6D6D-1697-4AC8-B9A4-D9CBA12CD396}.Debug|Any CPU.ActiveCfg = Debug|Any CPU
		{48BE6D6D-1697-4AC8-B9A4-D9CBA12CD396}.Debug|Any CPU.Build.0 = Debug|Any CPU
		{48BE6D6D-1697-4AC8-B9A4-D9CBA12CD396}.Debug|Any CPU.Deploy.0 = Debug|Any CPU
		{48BE6D6D-1697-4AC8-B9A4-D9CBA12CD396}.Debug|iPhone.ActiveCfg = Debug|Any CPU
		{48BE6D6D-1697-4AC8-B9A4-D9CBA12CD396}.Debug|iPhone.Build.0 = Debug|Any CPU
		{48BE6D6D-1697-4AC8-B9A4-D9CBA12CD396}.Debug|iPhone.Deploy.0 = Debug|Any CPU
		{48BE6D6D-1697-4AC8-B9A4-D9CBA12CD396}.Debug|iPhoneSimulator.ActiveCfg = Debug|Any CPU
		{48BE6D6D-1697-4AC8-B9A4-D9CBA12CD396}.Debug|iPhoneSimulator.Build.0 = Debug|Any CPU
		{48BE6D6D-1697-4AC8-B9A4-D9CBA12CD396}.Debug|iPhoneSimulator.Deploy.0 = Debug|Any CPU
		{48BE6D6D-1697-4AC8-B9A4-D9CBA12CD396}.Release|Any CPU.ActiveCfg = Release|Any CPU
		{48BE6D6D-1697-4AC8-B9A4-D9CBA12CD396}.Release|Any CPU.Build.0 = Release|Any CPU
		{48BE6D6D-1697-4AC8-B9A4-D9CBA12CD396}.Release|Any CPU.Deploy.0 = Release|Any CPU
		{48BE6D6D-1697-4AC8-B9A4-D9CBA12CD396}.Release|iPhone.ActiveCfg = Release|Any CPU
		{48BE6D6D-1697-4AC8-B9A4-D9CBA12CD396}.Release|iPhone.Build.0 = Release|Any CPU
		{48BE6D6D-1697-4AC8-B9A4-D9CBA12CD396}.Release|iPhone.Deploy.0 = Release|Any CPU
		{48BE6D6D-1697-4AC8-B9A4-D9CBA12CD396}.Release|iPhoneSimulator.ActiveCfg = Release|Any CPU
		{48BE6D6D-1697-4AC8-B9A4-D9CBA12CD396}.Release|iPhoneSimulator.Build.0 = Release|Any CPU
		{48BE6D6D-1697-4AC8-B9A4-D9CBA12CD396}.Release|iPhoneSimulator.Deploy.0 = Release|Any CPU
		{18EECE2F-884C-479A-8E3C-65E969374DD8}.Debug|Any CPU.ActiveCfg = Debug|iPhone
		{18EECE2F-884C-479A-8E3C-65E969374DD8}.Debug|iPhone.ActiveCfg = Debug|iPhone
		{18EECE2F-884C-479A-8E3C-65E969374DD8}.Debug|iPhone.Build.0 = Debug|iPhone
		{18EECE2F-884C-479A-8E3C-65E969374DD8}.Debug|iPhoneSimulator.ActiveCfg = Debug|iPhoneSimulator
		{18EECE2F-884C-479A-8E3C-65E969374DD8}.Debug|iPhoneSimulator.Build.0 = Debug|iPhoneSimulator
		{18EECE2F-884C-479A-8E3C-65E969374DD8}.Release|Any CPU.ActiveCfg = Release|iPhone
		{18EECE2F-884C-479A-8E3C-65E969374DD8}.Release|iPhone.ActiveCfg = Release|iPhone
		{18EECE2F-884C-479A-8E3C-65E969374DD8}.Release|iPhone.Build.0 = Release|iPhone
		{18EECE2F-884C-479A-8E3C-65E969374DD8}.Release|iPhoneSimulator.ActiveCfg = Release|iPhoneSimulator
		{18EECE2F-884C-479A-8E3C-65E969374DD8}.Release|iPhoneSimulator.Build.0 = Release|iPhoneSimulator
		{D29C570B-7E6A-4C68-8B99-36A6DF1D0108}.Debug|Any CPU.ActiveCfg = Debug|Any CPU
		{D29C570B-7E6A-4C68-8B99-36A6DF1D0108}.Debug|Any CPU.Build.0 = Debug|Any CPU
		{D29C570B-7E6A-4C68-8B99-36A6DF1D0108}.Debug|iPhone.ActiveCfg = Debug|Any CPU
		{D29C570B-7E6A-4C68-8B99-36A6DF1D0108}.Debug|iPhone.Build.0 = Debug|Any CPU
		{D29C570B-7E6A-4C68-8B99-36A6DF1D0108}.Debug|iPhoneSimulator.ActiveCfg = Debug|Any CPU
		{D29C570B-7E6A-4C68-8B99-36A6DF1D0108}.Debug|iPhoneSimulator.Build.0 = Debug|Any CPU
		{D29C570B-7E6A-4C68-8B99-36A6DF1D0108}.Release|Any CPU.ActiveCfg = Release|Any CPU
		{D29C570B-7E6A-4C68-8B99-36A6DF1D0108}.Release|Any CPU.Build.0 = Release|Any CPU
		{D29C570B-7E6A-4C68-8B99-36A6DF1D0108}.Release|iPhone.ActiveCfg = Release|Any CPU
		{D29C570B-7E6A-4C68-8B99-36A6DF1D0108}.Release|iPhone.Build.0 = Release|Any CPU
		{D29C570B-7E6A-4C68-8B99-36A6DF1D0108}.Release|iPhoneSimulator.ActiveCfg = Release|Any CPU
		{D29C570B-7E6A-4C68-8B99-36A6DF1D0108}.Release|iPhoneSimulator.Build.0 = Release|Any CPU
		{2CA3B356-7D2F-4DD5-B3DC-6BD7EA3D2BFD}.Debug|Any CPU.ActiveCfg = Debug|Any CPU
		{2CA3B356-7D2F-4DD5-B3DC-6BD7EA3D2BFD}.Debug|Any CPU.Build.0 = Debug|Any CPU
		{2CA3B356-7D2F-4DD5-B3DC-6BD7EA3D2BFD}.Debug|iPhone.ActiveCfg = Debug|Any CPU
		{2CA3B356-7D2F-4DD5-B3DC-6BD7EA3D2BFD}.Debug|iPhone.Build.0 = Debug|Any CPU
		{2CA3B356-7D2F-4DD5-B3DC-6BD7EA3D2BFD}.Debug|iPhoneSimulator.ActiveCfg = Debug|Any CPU
		{2CA3B356-7D2F-4DD5-B3DC-6BD7EA3D2BFD}.Debug|iPhoneSimulator.Build.0 = Debug|Any CPU
		{2CA3B356-7D2F-4DD5-B3DC-6BD7EA3D2BFD}.Release|Any CPU.ActiveCfg = Release|Any CPU
		{2CA3B356-7D2F-4DD5-B3DC-6BD7EA3D2BFD}.Release|Any CPU.Build.0 = Release|Any CPU
		{2CA3B356-7D2F-4DD5-B3DC-6BD7EA3D2BFD}.Release|iPhone.ActiveCfg = Release|Any CPU
		{2CA3B356-7D2F-4DD5-B3DC-6BD7EA3D2BFD}.Release|iPhone.Build.0 = Release|Any CPU
		{2CA3B356-7D2F-4DD5-B3DC-6BD7EA3D2BFD}.Release|iPhoneSimulator.ActiveCfg = Release|Any CPU
		{2CA3B356-7D2F-4DD5-B3DC-6BD7EA3D2BFD}.Release|iPhoneSimulator.Build.0 = Release|Any CPU
		{6D394FAC-2CDB-439E-8C41-D7EF55262805}.Debug|Any CPU.ActiveCfg = Debug|Any CPU
		{6D394FAC-2CDB-439E-8C41-D7EF55262805}.Debug|Any CPU.Build.0 = Debug|Any CPU
		{6D394FAC-2CDB-439E-8C41-D7EF55262805}.Debug|Any CPU.Deploy.0 = Debug|Any CPU
		{6D394FAC-2CDB-439E-8C41-D7EF55262805}.Debug|iPhone.ActiveCfg = Debug|Any CPU
		{6D394FAC-2CDB-439E-8C41-D7EF55262805}.Debug|iPhone.Build.0 = Debug|Any CPU
		{6D394FAC-2CDB-439E-8C41-D7EF55262805}.Debug|iPhone.Deploy.0 = Debug|Any CPU
		{6D394FAC-2CDB-439E-8C41-D7EF55262805}.Debug|iPhoneSimulator.ActiveCfg = Debug|Any CPU
		{6D394FAC-2CDB-439E-8C41-D7EF55262805}.Debug|iPhoneSimulator.Build.0 = Debug|Any CPU
		{6D394FAC-2CDB-439E-8C41-D7EF55262805}.Debug|iPhoneSimulator.Deploy.0 = Debug|Any CPU
		{6D394FAC-2CDB-439E-8C41-D7EF55262805}.Release|Any CPU.ActiveCfg = Release|Any CPU
		{6D394FAC-2CDB-439E-8C41-D7EF55262805}.Release|Any CPU.Build.0 = Release|Any CPU
		{6D394FAC-2CDB-439E-8C41-D7EF55262805}.Release|Any CPU.Deploy.0 = Release|Any CPU
		{6D394FAC-2CDB-439E-8C41-D7EF55262805}.Release|iPhone.ActiveCfg = Release|Any CPU
		{6D394FAC-2CDB-439E-8C41-D7EF55262805}.Release|iPhone.Build.0 = Release|Any CPU
		{6D394FAC-2CDB-439E-8C41-D7EF55262805}.Release|iPhone.Deploy.0 = Release|Any CPU
		{6D394FAC-2CDB-439E-8C41-D7EF55262805}.Release|iPhoneSimulator.ActiveCfg = Release|Any CPU
		{6D394FAC-2CDB-439E-8C41-D7EF55262805}.Release|iPhoneSimulator.Build.0 = Release|Any CPU
		{6D394FAC-2CDB-439E-8C41-D7EF55262805}.Release|iPhoneSimulator.Deploy.0 = Release|Any CPU
		{EA9797C5-2F73-483B-BDF5-B48BA6CD5C7B}.Debug|Any CPU.ActiveCfg = Debug|iPhone
		{EA9797C5-2F73-483B-BDF5-B48BA6CD5C7B}.Debug|iPhone.ActiveCfg = Debug|iPhone
		{EA9797C5-2F73-483B-BDF5-B48BA6CD5C7B}.Debug|iPhone.Build.0 = Debug|iPhone
		{EA9797C5-2F73-483B-BDF5-B48BA6CD5C7B}.Debug|iPhoneSimulator.ActiveCfg = Debug|iPhoneSimulator
		{EA9797C5-2F73-483B-BDF5-B48BA6CD5C7B}.Debug|iPhoneSimulator.Build.0 = Debug|iPhoneSimulator
		{EA9797C5-2F73-483B-BDF5-B48BA6CD5C7B}.Release|Any CPU.ActiveCfg = Release|iPhone
		{EA9797C5-2F73-483B-BDF5-B48BA6CD5C7B}.Release|iPhone.ActiveCfg = Release|iPhone
		{EA9797C5-2F73-483B-BDF5-B48BA6CD5C7B}.Release|iPhone.Build.0 = Release|iPhone
		{EA9797C5-2F73-483B-BDF5-B48BA6CD5C7B}.Release|iPhoneSimulator.ActiveCfg = Release|iPhoneSimulator
		{EA9797C5-2F73-483B-BDF5-B48BA6CD5C7B}.Release|iPhoneSimulator.Build.0 = Release|iPhoneSimulator
		{0AD3E7CF-C9C7-45A1-BC3F-7CBBA7A57B63}.Debug|Any CPU.ActiveCfg = Debug|Any CPU
		{0AD3E7CF-C9C7-45A1-BC3F-7CBBA7A57B63}.Debug|Any CPU.Build.0 = Debug|Any CPU
		{0AD3E7CF-C9C7-45A1-BC3F-7CBBA7A57B63}.Debug|Any CPU.Deploy.0 = Debug|Any CPU
		{0AD3E7CF-C9C7-45A1-BC3F-7CBBA7A57B63}.Debug|iPhone.ActiveCfg = Debug|Any CPU
		{0AD3E7CF-C9C7-45A1-BC3F-7CBBA7A57B63}.Debug|iPhone.Build.0 = Debug|Any CPU
		{0AD3E7CF-C9C7-45A1-BC3F-7CBBA7A57B63}.Debug|iPhone.Deploy.0 = Debug|Any CPU
		{0AD3E7CF-C9C7-45A1-BC3F-7CBBA7A57B63}.Debug|iPhoneSimulator.ActiveCfg = Debug|Any CPU
		{0AD3E7CF-C9C7-45A1-BC3F-7CBBA7A57B63}.Debug|iPhoneSimulator.Build.0 = Debug|Any CPU
		{0AD3E7CF-C9C7-45A1-BC3F-7CBBA7A57B63}.Debug|iPhoneSimulator.Deploy.0 = Debug|Any CPU
		{0AD3E7CF-C9C7-45A1-BC3F-7CBBA7A57B63}.Release|Any CPU.ActiveCfg = Release|Any CPU
		{0AD3E7CF-C9C7-45A1-BC3F-7CBBA7A57B63}.Release|Any CPU.Build.0 = Release|Any CPU
		{0AD3E7CF-C9C7-45A1-BC3F-7CBBA7A57B63}.Release|Any CPU.Deploy.0 = Release|Any CPU
		{0AD3E7CF-C9C7-45A1-BC3F-7CBBA7A57B63}.Release|iPhone.ActiveCfg = Release|Any CPU
		{0AD3E7CF-C9C7-45A1-BC3F-7CBBA7A57B63}.Release|iPhone.Build.0 = Release|Any CPU
		{0AD3E7CF-C9C7-45A1-BC3F-7CBBA7A57B63}.Release|iPhone.Deploy.0 = Release|Any CPU
		{0AD3E7CF-C9C7-45A1-BC3F-7CBBA7A57B63}.Release|iPhoneSimulator.ActiveCfg = Release|Any CPU
		{0AD3E7CF-C9C7-45A1-BC3F-7CBBA7A57B63}.Release|iPhoneSimulator.Build.0 = Release|Any CPU
		{0AD3E7CF-C9C7-45A1-BC3F-7CBBA7A57B63}.Release|iPhoneSimulator.Deploy.0 = Release|Any CPU
		{65837E2B-1EA5-4ACA-9F11-280DE163FDAF}.Debug|Any CPU.ActiveCfg = Debug|iPhone
		{65837E2B-1EA5-4ACA-9F11-280DE163FDAF}.Debug|iPhone.ActiveCfg = Debug|iPhone
		{65837E2B-1EA5-4ACA-9F11-280DE163FDAF}.Debug|iPhone.Build.0 = Debug|iPhone
		{65837E2B-1EA5-4ACA-9F11-280DE163FDAF}.Debug|iPhoneSimulator.ActiveCfg = Debug|iPhoneSimulator
		{65837E2B-1EA5-4ACA-9F11-280DE163FDAF}.Debug|iPhoneSimulator.Build.0 = Debug|iPhoneSimulator
		{65837E2B-1EA5-4ACA-9F11-280DE163FDAF}.Release|Any CPU.ActiveCfg = Release|iPhone
		{65837E2B-1EA5-4ACA-9F11-280DE163FDAF}.Release|iPhone.ActiveCfg = Release|iPhone
		{65837E2B-1EA5-4ACA-9F11-280DE163FDAF}.Release|iPhone.Build.0 = Release|iPhone
		{65837E2B-1EA5-4ACA-9F11-280DE163FDAF}.Release|iPhoneSimulator.ActiveCfg = Release|iPhoneSimulator
		{65837E2B-1EA5-4ACA-9F11-280DE163FDAF}.Release|iPhoneSimulator.Build.0 = Release|iPhoneSimulator
		{67255704-A114-432D-BF90-17DE8B73EE03}.Debug|Any CPU.ActiveCfg = Debug|Any CPU
		{67255704-A114-432D-BF90-17DE8B73EE03}.Debug|Any CPU.Build.0 = Debug|Any CPU
		{67255704-A114-432D-BF90-17DE8B73EE03}.Debug|iPhone.ActiveCfg = Debug|Any CPU
		{67255704-A114-432D-BF90-17DE8B73EE03}.Debug|iPhone.Build.0 = Debug|Any CPU
		{67255704-A114-432D-BF90-17DE8B73EE03}.Debug|iPhoneSimulator.ActiveCfg = Debug|Any CPU
		{67255704-A114-432D-BF90-17DE8B73EE03}.Debug|iPhoneSimulator.Build.0 = Debug|Any CPU
		{67255704-A114-432D-BF90-17DE8B73EE03}.Release|Any CPU.ActiveCfg = Release|Any CPU
		{67255704-A114-432D-BF90-17DE8B73EE03}.Release|Any CPU.Build.0 = Release|Any CPU
		{67255704-A114-432D-BF90-17DE8B73EE03}.Release|iPhone.ActiveCfg = Release|Any CPU
		{67255704-A114-432D-BF90-17DE8B73EE03}.Release|iPhone.Build.0 = Release|Any CPU
		{67255704-A114-432D-BF90-17DE8B73EE03}.Release|iPhoneSimulator.ActiveCfg = Release|Any CPU
		{67255704-A114-432D-BF90-17DE8B73EE03}.Release|iPhoneSimulator.Build.0 = Release|Any CPU
		{F138F2C0-B0F8-47BD-A5DF-199F645CE663}.Debug|Any CPU.ActiveCfg = Debug|Any CPU
		{F138F2C0-B0F8-47BD-A5DF-199F645CE663}.Debug|Any CPU.Build.0 = Debug|Any CPU
		{F138F2C0-B0F8-47BD-A5DF-199F645CE663}.Debug|Any CPU.Deploy.0 = Debug|Any CPU
		{F138F2C0-B0F8-47BD-A5DF-199F645CE663}.Debug|iPhone.ActiveCfg = Debug|Any CPU
		{F138F2C0-B0F8-47BD-A5DF-199F645CE663}.Debug|iPhone.Build.0 = Debug|Any CPU
		{F138F2C0-B0F8-47BD-A5DF-199F645CE663}.Debug|iPhone.Deploy.0 = Debug|Any CPU
		{F138F2C0-B0F8-47BD-A5DF-199F645CE663}.Debug|iPhoneSimulator.ActiveCfg = Debug|Any CPU
		{F138F2C0-B0F8-47BD-A5DF-199F645CE663}.Debug|iPhoneSimulator.Build.0 = Debug|Any CPU
		{F138F2C0-B0F8-47BD-A5DF-199F645CE663}.Debug|iPhoneSimulator.Deploy.0 = Debug|Any CPU
		{F138F2C0-B0F8-47BD-A5DF-199F645CE663}.Release|Any CPU.ActiveCfg = Release|Any CPU
		{F138F2C0-B0F8-47BD-A5DF-199F645CE663}.Release|Any CPU.Build.0 = Release|Any CPU
		{F138F2C0-B0F8-47BD-A5DF-199F645CE663}.Release|Any CPU.Deploy.0 = Release|Any CPU
		{F138F2C0-B0F8-47BD-A5DF-199F645CE663}.Release|iPhone.ActiveCfg = Release|Any CPU
		{F138F2C0-B0F8-47BD-A5DF-199F645CE663}.Release|iPhone.Build.0 = Release|Any CPU
		{F138F2C0-B0F8-47BD-A5DF-199F645CE663}.Release|iPhone.Deploy.0 = Release|Any CPU
		{F138F2C0-B0F8-47BD-A5DF-199F645CE663}.Release|iPhoneSimulator.ActiveCfg = Release|Any CPU
		{F138F2C0-B0F8-47BD-A5DF-199F645CE663}.Release|iPhoneSimulator.Build.0 = Release|Any CPU
		{F138F2C0-B0F8-47BD-A5DF-199F645CE663}.Release|iPhoneSimulator.Deploy.0 = Release|Any CPU
		{590E589A-C3B8-42CF-B2FC-AD926E033B5A}.Debug|Any CPU.ActiveCfg = Debug|iPhone
		{590E589A-C3B8-42CF-B2FC-AD926E033B5A}.Debug|iPhone.ActiveCfg = Debug|iPhone
		{590E589A-C3B8-42CF-B2FC-AD926E033B5A}.Debug|iPhone.Build.0 = Debug|iPhone
		{590E589A-C3B8-42CF-B2FC-AD926E033B5A}.Debug|iPhoneSimulator.ActiveCfg = Debug|iPhoneSimulator
		{590E589A-C3B8-42CF-B2FC-AD926E033B5A}.Debug|iPhoneSimulator.Build.0 = Debug|iPhoneSimulator
		{590E589A-C3B8-42CF-B2FC-AD926E033B5A}.Release|Any CPU.ActiveCfg = Release|iPhone
		{590E589A-C3B8-42CF-B2FC-AD926E033B5A}.Release|iPhone.ActiveCfg = Release|iPhone
		{590E589A-C3B8-42CF-B2FC-AD926E033B5A}.Release|iPhone.Build.0 = Release|iPhone
		{590E589A-C3B8-42CF-B2FC-AD926E033B5A}.Release|iPhoneSimulator.ActiveCfg = Release|iPhoneSimulator
		{590E589A-C3B8-42CF-B2FC-AD926E033B5A}.Release|iPhoneSimulator.Build.0 = Release|iPhoneSimulator
		{2FD40EA7-9EF0-4C03-9274-705B16F44A6B}.Debug|Any CPU.ActiveCfg = Debug|Any CPU
		{2FD40EA7-9EF0-4C03-9274-705B16F44A6B}.Debug|Any CPU.Build.0 = Debug|Any CPU
		{2FD40EA7-9EF0-4C03-9274-705B16F44A6B}.Debug|iPhone.ActiveCfg = Debug|Any CPU
		{2FD40EA7-9EF0-4C03-9274-705B16F44A6B}.Debug|iPhone.Build.0 = Debug|Any CPU
		{2FD40EA7-9EF0-4C03-9274-705B16F44A6B}.Debug|iPhoneSimulator.ActiveCfg = Debug|Any CPU
		{2FD40EA7-9EF0-4C03-9274-705B16F44A6B}.Debug|iPhoneSimulator.Build.0 = Debug|Any CPU
		{2FD40EA7-9EF0-4C03-9274-705B16F44A6B}.Release|Any CPU.ActiveCfg = Release|Any CPU
		{2FD40EA7-9EF0-4C03-9274-705B16F44A6B}.Release|Any CPU.Build.0 = Release|Any CPU
		{2FD40EA7-9EF0-4C03-9274-705B16F44A6B}.Release|iPhone.ActiveCfg = Release|Any CPU
		{2FD40EA7-9EF0-4C03-9274-705B16F44A6B}.Release|iPhone.Build.0 = Release|Any CPU
		{2FD40EA7-9EF0-4C03-9274-705B16F44A6B}.Release|iPhoneSimulator.ActiveCfg = Release|Any CPU
		{2FD40EA7-9EF0-4C03-9274-705B16F44A6B}.Release|iPhoneSimulator.Build.0 = Release|Any CPU
		{38F72A86-6622-467C-AC05-CEE423D87AD5}.Debug|Any CPU.ActiveCfg = Debug|Any CPU
		{38F72A86-6622-467C-AC05-CEE423D87AD5}.Debug|Any CPU.Build.0 = Debug|Any CPU
		{38F72A86-6622-467C-AC05-CEE423D87AD5}.Debug|Any CPU.Deploy.0 = Debug|Any CPU
		{38F72A86-6622-467C-AC05-CEE423D87AD5}.Debug|iPhone.ActiveCfg = Debug|Any CPU
		{38F72A86-6622-467C-AC05-CEE423D87AD5}.Debug|iPhone.Build.0 = Debug|Any CPU
		{38F72A86-6622-467C-AC05-CEE423D87AD5}.Debug|iPhone.Deploy.0 = Debug|Any CPU
		{38F72A86-6622-467C-AC05-CEE423D87AD5}.Debug|iPhoneSimulator.ActiveCfg = Debug|Any CPU
		{38F72A86-6622-467C-AC05-CEE423D87AD5}.Debug|iPhoneSimulator.Build.0 = Debug|Any CPU
		{38F72A86-6622-467C-AC05-CEE423D87AD5}.Debug|iPhoneSimulator.Deploy.0 = Debug|Any CPU
		{38F72A86-6622-467C-AC05-CEE423D87AD5}.Release|Any CPU.ActiveCfg = Release|Any CPU
		{38F72A86-6622-467C-AC05-CEE423D87AD5}.Release|Any CPU.Build.0 = Release|Any CPU
		{38F72A86-6622-467C-AC05-CEE423D87AD5}.Release|Any CPU.Deploy.0 = Release|Any CPU
		{38F72A86-6622-467C-AC05-CEE423D87AD5}.Release|iPhone.ActiveCfg = Release|Any CPU
		{38F72A86-6622-467C-AC05-CEE423D87AD5}.Release|iPhone.Build.0 = Release|Any CPU
		{38F72A86-6622-467C-AC05-CEE423D87AD5}.Release|iPhone.Deploy.0 = Release|Any CPU
		{38F72A86-6622-467C-AC05-CEE423D87AD5}.Release|iPhoneSimulator.ActiveCfg = Release|Any CPU
		{38F72A86-6622-467C-AC05-CEE423D87AD5}.Release|iPhoneSimulator.Build.0 = Release|Any CPU
		{38F72A86-6622-467C-AC05-CEE423D87AD5}.Release|iPhoneSimulator.Deploy.0 = Release|Any CPU
		{CE1AFBBE-54A3-459D-BBEE-02012DE1E3BD}.Debug|Any CPU.ActiveCfg = Debug|iPhone
		{CE1AFBBE-54A3-459D-BBEE-02012DE1E3BD}.Debug|iPhone.ActiveCfg = Debug|iPhone
		{CE1AFBBE-54A3-459D-BBEE-02012DE1E3BD}.Debug|iPhone.Build.0 = Debug|iPhone
		{CE1AFBBE-54A3-459D-BBEE-02012DE1E3BD}.Debug|iPhoneSimulator.ActiveCfg = Debug|iPhoneSimulator
		{CE1AFBBE-54A3-459D-BBEE-02012DE1E3BD}.Debug|iPhoneSimulator.Build.0 = Debug|iPhoneSimulator
		{CE1AFBBE-54A3-459D-BBEE-02012DE1E3BD}.Release|Any CPU.ActiveCfg = Release|iPhone
		{CE1AFBBE-54A3-459D-BBEE-02012DE1E3BD}.Release|iPhone.ActiveCfg = Release|iPhone
		{CE1AFBBE-54A3-459D-BBEE-02012DE1E3BD}.Release|iPhone.Build.0 = Release|iPhone
		{CE1AFBBE-54A3-459D-BBEE-02012DE1E3BD}.Release|iPhoneSimulator.ActiveCfg = Release|iPhoneSimulator
		{CE1AFBBE-54A3-459D-BBEE-02012DE1E3BD}.Release|iPhoneSimulator.Build.0 = Release|iPhoneSimulator
		{051774CA-6A89-4416-9A83-82EB3C641CD0}.Debug|Any CPU.ActiveCfg = Debug|Any CPU
		{051774CA-6A89-4416-9A83-82EB3C641CD0}.Debug|Any CPU.Build.0 = Debug|Any CPU
		{051774CA-6A89-4416-9A83-82EB3C641CD0}.Debug|iPhone.ActiveCfg = Debug|Any CPU
		{051774CA-6A89-4416-9A83-82EB3C641CD0}.Debug|iPhone.Build.0 = Debug|Any CPU
		{051774CA-6A89-4416-9A83-82EB3C641CD0}.Debug|iPhoneSimulator.ActiveCfg = Debug|Any CPU
		{051774CA-6A89-4416-9A83-82EB3C641CD0}.Debug|iPhoneSimulator.Build.0 = Debug|Any CPU
		{051774CA-6A89-4416-9A83-82EB3C641CD0}.Release|Any CPU.ActiveCfg = Release|Any CPU
		{051774CA-6A89-4416-9A83-82EB3C641CD0}.Release|Any CPU.Build.0 = Release|Any CPU
		{051774CA-6A89-4416-9A83-82EB3C641CD0}.Release|iPhone.ActiveCfg = Release|Any CPU
		{051774CA-6A89-4416-9A83-82EB3C641CD0}.Release|iPhone.Build.0 = Release|Any CPU
		{051774CA-6A89-4416-9A83-82EB3C641CD0}.Release|iPhoneSimulator.ActiveCfg = Release|Any CPU
		{051774CA-6A89-4416-9A83-82EB3C641CD0}.Release|iPhoneSimulator.Build.0 = Release|Any CPU
		{337CC17A-5445-4D0A-9F50-B7BD9CB481CF}.Debug|Any CPU.ActiveCfg = Debug|Any CPU
		{337CC17A-5445-4D0A-9F50-B7BD9CB481CF}.Debug|Any CPU.Build.0 = Debug|Any CPU
		{337CC17A-5445-4D0A-9F50-B7BD9CB481CF}.Debug|Any CPU.Deploy.0 = Debug|Any CPU
		{337CC17A-5445-4D0A-9F50-B7BD9CB481CF}.Debug|iPhone.ActiveCfg = Debug|Any CPU
		{337CC17A-5445-4D0A-9F50-B7BD9CB481CF}.Debug|iPhone.Build.0 = Debug|Any CPU
		{337CC17A-5445-4D0A-9F50-B7BD9CB481CF}.Debug|iPhone.Deploy.0 = Debug|Any CPU
		{337CC17A-5445-4D0A-9F50-B7BD9CB481CF}.Debug|iPhoneSimulator.ActiveCfg = Debug|Any CPU
		{337CC17A-5445-4D0A-9F50-B7BD9CB481CF}.Debug|iPhoneSimulator.Build.0 = Debug|Any CPU
		{337CC17A-5445-4D0A-9F50-B7BD9CB481CF}.Debug|iPhoneSimulator.Deploy.0 = Debug|Any CPU
		{337CC17A-5445-4D0A-9F50-B7BD9CB481CF}.Release|Any CPU.ActiveCfg = Release|Any CPU
		{337CC17A-5445-4D0A-9F50-B7BD9CB481CF}.Release|Any CPU.Build.0 = Release|Any CPU
		{337CC17A-5445-4D0A-9F50-B7BD9CB481CF}.Release|Any CPU.Deploy.0 = Release|Any CPU
		{337CC17A-5445-4D0A-9F50-B7BD9CB481CF}.Release|iPhone.ActiveCfg = Release|Any CPU
		{337CC17A-5445-4D0A-9F50-B7BD9CB481CF}.Release|iPhone.Build.0 = Release|Any CPU
		{337CC17A-5445-4D0A-9F50-B7BD9CB481CF}.Release|iPhone.Deploy.0 = Release|Any CPU
		{337CC17A-5445-4D0A-9F50-B7BD9CB481CF}.Release|iPhoneSimulator.ActiveCfg = Release|Any CPU
		{337CC17A-5445-4D0A-9F50-B7BD9CB481CF}.Release|iPhoneSimulator.Build.0 = Release|Any CPU
		{337CC17A-5445-4D0A-9F50-B7BD9CB481CF}.Release|iPhoneSimulator.Deploy.0 = Release|Any CPU
		{91647F9D-D101-4764-9A60-2B06CA646E96}.Debug|Any CPU.ActiveCfg = Debug|iPhone
		{91647F9D-D101-4764-9A60-2B06CA646E96}.Debug|iPhone.ActiveCfg = Debug|iPhone
		{91647F9D-D101-4764-9A60-2B06CA646E96}.Debug|iPhone.Build.0 = Debug|iPhone
		{91647F9D-D101-4764-9A60-2B06CA646E96}.Debug|iPhoneSimulator.ActiveCfg = Debug|iPhoneSimulator
		{91647F9D-D101-4764-9A60-2B06CA646E96}.Debug|iPhoneSimulator.Build.0 = Debug|iPhoneSimulator
		{91647F9D-D101-4764-9A60-2B06CA646E96}.Release|Any CPU.ActiveCfg = Release|iPhone
		{91647F9D-D101-4764-9A60-2B06CA646E96}.Release|iPhone.ActiveCfg = Release|iPhone
		{91647F9D-D101-4764-9A60-2B06CA646E96}.Release|iPhone.Build.0 = Release|iPhone
		{91647F9D-D101-4764-9A60-2B06CA646E96}.Release|iPhoneSimulator.ActiveCfg = Release|iPhoneSimulator
		{91647F9D-D101-4764-9A60-2B06CA646E96}.Release|iPhoneSimulator.Build.0 = Release|iPhoneSimulator
		{4C94F584-FA87-422C-93D7-E7EF5D8E0CF2}.Debug|Any CPU.ActiveCfg = Debug|Any CPU
		{4C94F584-FA87-422C-93D7-E7EF5D8E0CF2}.Debug|Any CPU.Build.0 = Debug|Any CPU
		{4C94F584-FA87-422C-93D7-E7EF5D8E0CF2}.Debug|iPhone.ActiveCfg = Debug|Any CPU
		{4C94F584-FA87-422C-93D7-E7EF5D8E0CF2}.Debug|iPhone.Build.0 = Debug|Any CPU
		{4C94F584-FA87-422C-93D7-E7EF5D8E0CF2}.Debug|iPhoneSimulator.ActiveCfg = Debug|Any CPU
		{4C94F584-FA87-422C-93D7-E7EF5D8E0CF2}.Debug|iPhoneSimulator.Build.0 = Debug|Any CPU
		{4C94F584-FA87-422C-93D7-E7EF5D8E0CF2}.Release|Any CPU.ActiveCfg = Release|Any CPU
		{4C94F584-FA87-422C-93D7-E7EF5D8E0CF2}.Release|Any CPU.Build.0 = Release|Any CPU
		{4C94F584-FA87-422C-93D7-E7EF5D8E0CF2}.Release|iPhone.ActiveCfg = Release|Any CPU
		{4C94F584-FA87-422C-93D7-E7EF5D8E0CF2}.Release|iPhone.Build.0 = Release|Any CPU
		{4C94F584-FA87-422C-93D7-E7EF5D8E0CF2}.Release|iPhoneSimulator.ActiveCfg = Release|Any CPU
		{4C94F584-FA87-422C-93D7-E7EF5D8E0CF2}.Release|iPhoneSimulator.Build.0 = Release|Any CPU
		{3F6809BF-D244-4C7E-9F9D-FA57BB4BDB0F}.Debug|Any CPU.ActiveCfg = Debug|Any CPU
		{3F6809BF-D244-4C7E-9F9D-FA57BB4BDB0F}.Debug|Any CPU.Build.0 = Debug|Any CPU
		{3F6809BF-D244-4C7E-9F9D-FA57BB4BDB0F}.Debug|iPhone.ActiveCfg = Debug|Any CPU
		{3F6809BF-D244-4C7E-9F9D-FA57BB4BDB0F}.Debug|iPhone.Build.0 = Debug|Any CPU
		{3F6809BF-D244-4C7E-9F9D-FA57BB4BDB0F}.Debug|iPhoneSimulator.ActiveCfg = Debug|Any CPU
		{3F6809BF-D244-4C7E-9F9D-FA57BB4BDB0F}.Debug|iPhoneSimulator.Build.0 = Debug|Any CPU
		{3F6809BF-D244-4C7E-9F9D-FA57BB4BDB0F}.Release|Any CPU.ActiveCfg = Release|Any CPU
		{3F6809BF-D244-4C7E-9F9D-FA57BB4BDB0F}.Release|Any CPU.Build.0 = Release|Any CPU
		{3F6809BF-D244-4C7E-9F9D-FA57BB4BDB0F}.Release|iPhone.ActiveCfg = Release|Any CPU
		{3F6809BF-D244-4C7E-9F9D-FA57BB4BDB0F}.Release|iPhone.Build.0 = Release|Any CPU
		{3F6809BF-D244-4C7E-9F9D-FA57BB4BDB0F}.Release|iPhoneSimulator.ActiveCfg = Release|Any CPU
		{3F6809BF-D244-4C7E-9F9D-FA57BB4BDB0F}.Release|iPhoneSimulator.Build.0 = Release|Any CPU
		{3549154D-279B-4DA2-87B7-D3A42DE6243B}.Debug|Any CPU.ActiveCfg = Debug|Any CPU
		{3549154D-279B-4DA2-87B7-D3A42DE6243B}.Debug|Any CPU.Build.0 = Debug|Any CPU
		{3549154D-279B-4DA2-87B7-D3A42DE6243B}.Debug|Any CPU.Deploy.0 = Debug|Any CPU
		{3549154D-279B-4DA2-87B7-D3A42DE6243B}.Debug|iPhone.ActiveCfg = Debug|Any CPU
		{3549154D-279B-4DA2-87B7-D3A42DE6243B}.Debug|iPhone.Build.0 = Debug|Any CPU
		{3549154D-279B-4DA2-87B7-D3A42DE6243B}.Debug|iPhone.Deploy.0 = Debug|Any CPU
		{3549154D-279B-4DA2-87B7-D3A42DE6243B}.Debug|iPhoneSimulator.ActiveCfg = Debug|Any CPU
		{3549154D-279B-4DA2-87B7-D3A42DE6243B}.Debug|iPhoneSimulator.Build.0 = Debug|Any CPU
		{3549154D-279B-4DA2-87B7-D3A42DE6243B}.Debug|iPhoneSimulator.Deploy.0 = Debug|Any CPU
		{3549154D-279B-4DA2-87B7-D3A42DE6243B}.Release|Any CPU.ActiveCfg = Release|Any CPU
		{3549154D-279B-4DA2-87B7-D3A42DE6243B}.Release|Any CPU.Build.0 = Release|Any CPU
		{3549154D-279B-4DA2-87B7-D3A42DE6243B}.Release|Any CPU.Deploy.0 = Release|Any CPU
		{3549154D-279B-4DA2-87B7-D3A42DE6243B}.Release|iPhone.ActiveCfg = Release|Any CPU
		{3549154D-279B-4DA2-87B7-D3A42DE6243B}.Release|iPhone.Build.0 = Release|Any CPU
		{3549154D-279B-4DA2-87B7-D3A42DE6243B}.Release|iPhone.Deploy.0 = Release|Any CPU
		{3549154D-279B-4DA2-87B7-D3A42DE6243B}.Release|iPhoneSimulator.ActiveCfg = Release|Any CPU
		{3549154D-279B-4DA2-87B7-D3A42DE6243B}.Release|iPhoneSimulator.Build.0 = Release|Any CPU
		{3549154D-279B-4DA2-87B7-D3A42DE6243B}.Release|iPhoneSimulator.Deploy.0 = Release|Any CPU
		{B3C1B1B1-5330-487E-80A7-D902FC1A7EED}.Debug|Any CPU.ActiveCfg = Debug|iPhone
		{B3C1B1B1-5330-487E-80A7-D902FC1A7EED}.Debug|iPhone.ActiveCfg = Debug|iPhone
		{B3C1B1B1-5330-487E-80A7-D902FC1A7EED}.Debug|iPhone.Build.0 = Debug|iPhone
		{B3C1B1B1-5330-487E-80A7-D902FC1A7EED}.Debug|iPhoneSimulator.ActiveCfg = Debug|iPhoneSimulator
		{B3C1B1B1-5330-487E-80A7-D902FC1A7EED}.Debug|iPhoneSimulator.Build.0 = Debug|iPhoneSimulator
		{B3C1B1B1-5330-487E-80A7-D902FC1A7EED}.Release|Any CPU.ActiveCfg = Release|iPhone
		{B3C1B1B1-5330-487E-80A7-D902FC1A7EED}.Release|iPhone.ActiveCfg = Release|iPhone
		{B3C1B1B1-5330-487E-80A7-D902FC1A7EED}.Release|iPhone.Build.0 = Release|iPhone
		{B3C1B1B1-5330-487E-80A7-D902FC1A7EED}.Release|iPhoneSimulator.ActiveCfg = Release|iPhoneSimulator
		{B3C1B1B1-5330-487E-80A7-D902FC1A7EED}.Release|iPhoneSimulator.Build.0 = Release|iPhoneSimulator
		{01A81AE3-40A1-4849-9F39-9462EB75799F}.Debug|Any CPU.ActiveCfg = Debug|Any CPU
		{01A81AE3-40A1-4849-9F39-9462EB75799F}.Debug|Any CPU.Build.0 = Debug|Any CPU
		{01A81AE3-40A1-4849-9F39-9462EB75799F}.Debug|Any CPU.Deploy.0 = Debug|Any CPU
		{01A81AE3-40A1-4849-9F39-9462EB75799F}.Debug|iPhone.ActiveCfg = Debug|Any CPU
		{01A81AE3-40A1-4849-9F39-9462EB75799F}.Debug|iPhone.Build.0 = Debug|Any CPU
		{01A81AE3-40A1-4849-9F39-9462EB75799F}.Debug|iPhone.Deploy.0 = Debug|Any CPU
		{01A81AE3-40A1-4849-9F39-9462EB75799F}.Debug|iPhoneSimulator.ActiveCfg = Debug|Any CPU
		{01A81AE3-40A1-4849-9F39-9462EB75799F}.Debug|iPhoneSimulator.Build.0 = Debug|Any CPU
		{01A81AE3-40A1-4849-9F39-9462EB75799F}.Debug|iPhoneSimulator.Deploy.0 = Debug|Any CPU
		{01A81AE3-40A1-4849-9F39-9462EB75799F}.Release|Any CPU.ActiveCfg = Release|Any CPU
		{01A81AE3-40A1-4849-9F39-9462EB75799F}.Release|Any CPU.Build.0 = Release|Any CPU
		{01A81AE3-40A1-4849-9F39-9462EB75799F}.Release|Any CPU.Deploy.0 = Release|Any CPU
		{01A81AE3-40A1-4849-9F39-9462EB75799F}.Release|iPhone.ActiveCfg = Release|Any CPU
		{01A81AE3-40A1-4849-9F39-9462EB75799F}.Release|iPhone.Build.0 = Release|Any CPU
		{01A81AE3-40A1-4849-9F39-9462EB75799F}.Release|iPhone.Deploy.0 = Release|Any CPU
		{01A81AE3-40A1-4849-9F39-9462EB75799F}.Release|iPhoneSimulator.ActiveCfg = Release|Any CPU
		{01A81AE3-40A1-4849-9F39-9462EB75799F}.Release|iPhoneSimulator.Build.0 = Release|Any CPU
		{01A81AE3-40A1-4849-9F39-9462EB75799F}.Release|iPhoneSimulator.Deploy.0 = Release|Any CPU
		{370A926A-1D66-4EAA-9B81-788CD5F26E8E}.Debug|Any CPU.ActiveCfg = Debug|iPhone
		{370A926A-1D66-4EAA-9B81-788CD5F26E8E}.Debug|iPhone.ActiveCfg = Debug|iPhone
		{370A926A-1D66-4EAA-9B81-788CD5F26E8E}.Debug|iPhone.Build.0 = Debug|iPhone
		{370A926A-1D66-4EAA-9B81-788CD5F26E8E}.Debug|iPhoneSimulator.ActiveCfg = Debug|iPhoneSimulator
		{370A926A-1D66-4EAA-9B81-788CD5F26E8E}.Debug|iPhoneSimulator.Build.0 = Debug|iPhoneSimulator
		{370A926A-1D66-4EAA-9B81-788CD5F26E8E}.Release|Any CPU.ActiveCfg = Release|iPhone
		{370A926A-1D66-4EAA-9B81-788CD5F26E8E}.Release|iPhone.ActiveCfg = Release|iPhone
		{370A926A-1D66-4EAA-9B81-788CD5F26E8E}.Release|iPhone.Build.0 = Release|iPhone
		{370A926A-1D66-4EAA-9B81-788CD5F26E8E}.Release|iPhoneSimulator.ActiveCfg = Release|iPhoneSimulator
		{370A926A-1D66-4EAA-9B81-788CD5F26E8E}.Release|iPhoneSimulator.Build.0 = Release|iPhoneSimulator
		{0FEE46C4-DF23-4287-88FE-45D93917CA0C}.Debug|Any CPU.ActiveCfg = Debug|Any CPU
		{0FEE46C4-DF23-4287-88FE-45D93917CA0C}.Debug|Any CPU.Build.0 = Debug|Any CPU
		{0FEE46C4-DF23-4287-88FE-45D93917CA0C}.Debug|iPhone.ActiveCfg = Debug|Any CPU
		{0FEE46C4-DF23-4287-88FE-45D93917CA0C}.Debug|iPhone.Build.0 = Debug|Any CPU
		{0FEE46C4-DF23-4287-88FE-45D93917CA0C}.Debug|iPhoneSimulator.ActiveCfg = Debug|Any CPU
		{0FEE46C4-DF23-4287-88FE-45D93917CA0C}.Debug|iPhoneSimulator.Build.0 = Debug|Any CPU
		{0FEE46C4-DF23-4287-88FE-45D93917CA0C}.Release|Any CPU.ActiveCfg = Release|Any CPU
		{0FEE46C4-DF23-4287-88FE-45D93917CA0C}.Release|Any CPU.Build.0 = Release|Any CPU
		{0FEE46C4-DF23-4287-88FE-45D93917CA0C}.Release|iPhone.ActiveCfg = Release|Any CPU
		{0FEE46C4-DF23-4287-88FE-45D93917CA0C}.Release|iPhone.Build.0 = Release|Any CPU
		{0FEE46C4-DF23-4287-88FE-45D93917CA0C}.Release|iPhoneSimulator.ActiveCfg = Release|Any CPU
		{0FEE46C4-DF23-4287-88FE-45D93917CA0C}.Release|iPhoneSimulator.Build.0 = Release|Any CPU
		{AA71B099-5561-49A3-9A62-92ACC2E0AED3}.Debug|Any CPU.ActiveCfg = Debug|Any CPU
		{AA71B099-5561-49A3-9A62-92ACC2E0AED3}.Debug|Any CPU.Build.0 = Debug|Any CPU
		{AA71B099-5561-49A3-9A62-92ACC2E0AED3}.Debug|Any CPU.Deploy.0 = Debug|Any CPU
		{AA71B099-5561-49A3-9A62-92ACC2E0AED3}.Debug|iPhone.ActiveCfg = Debug|Any CPU
		{AA71B099-5561-49A3-9A62-92ACC2E0AED3}.Debug|iPhone.Build.0 = Debug|Any CPU
		{AA71B099-5561-49A3-9A62-92ACC2E0AED3}.Debug|iPhone.Deploy.0 = Debug|Any CPU
		{AA71B099-5561-49A3-9A62-92ACC2E0AED3}.Debug|iPhoneSimulator.ActiveCfg = Debug|Any CPU
		{AA71B099-5561-49A3-9A62-92ACC2E0AED3}.Debug|iPhoneSimulator.Build.0 = Debug|Any CPU
		{AA71B099-5561-49A3-9A62-92ACC2E0AED3}.Debug|iPhoneSimulator.Deploy.0 = Debug|Any CPU
		{AA71B099-5561-49A3-9A62-92ACC2E0AED3}.Release|Any CPU.ActiveCfg = Release|Any CPU
		{AA71B099-5561-49A3-9A62-92ACC2E0AED3}.Release|Any CPU.Build.0 = Release|Any CPU
		{AA71B099-5561-49A3-9A62-92ACC2E0AED3}.Release|Any CPU.Deploy.0 = Release|Any CPU
		{AA71B099-5561-49A3-9A62-92ACC2E0AED3}.Release|iPhone.ActiveCfg = Release|Any CPU
		{AA71B099-5561-49A3-9A62-92ACC2E0AED3}.Release|iPhone.Build.0 = Release|Any CPU
		{AA71B099-5561-49A3-9A62-92ACC2E0AED3}.Release|iPhone.Deploy.0 = Release|Any CPU
		{AA71B099-5561-49A3-9A62-92ACC2E0AED3}.Release|iPhoneSimulator.ActiveCfg = Release|Any CPU
		{AA71B099-5561-49A3-9A62-92ACC2E0AED3}.Release|iPhoneSimulator.Build.0 = Release|Any CPU
		{AA71B099-5561-49A3-9A62-92ACC2E0AED3}.Release|iPhoneSimulator.Deploy.0 = Release|Any CPU
		{A322B8CD-6889-4633-9CB1-313A4CD289C1}.Debug|Any CPU.ActiveCfg = Debug|iPhoneSimulator
		{A322B8CD-6889-4633-9CB1-313A4CD289C1}.Debug|iPhone.ActiveCfg = Debug|iPhone
		{A322B8CD-6889-4633-9CB1-313A4CD289C1}.Debug|iPhone.Build.0 = Debug|iPhone
		{A322B8CD-6889-4633-9CB1-313A4CD289C1}.Debug|iPhoneSimulator.ActiveCfg = Debug|iPhoneSimulator
		{A322B8CD-6889-4633-9CB1-313A4CD289C1}.Debug|iPhoneSimulator.Build.0 = Debug|iPhoneSimulator
		{A322B8CD-6889-4633-9CB1-313A4CD289C1}.Release|Any CPU.ActiveCfg = Release|iPhoneSimulator
		{A322B8CD-6889-4633-9CB1-313A4CD289C1}.Release|iPhone.ActiveCfg = Release|iPhone
		{A322B8CD-6889-4633-9CB1-313A4CD289C1}.Release|iPhone.Build.0 = Release|iPhone
		{A322B8CD-6889-4633-9CB1-313A4CD289C1}.Release|iPhoneSimulator.ActiveCfg = Release|iPhoneSimulator
		{A322B8CD-6889-4633-9CB1-313A4CD289C1}.Release|iPhoneSimulator.Build.0 = Release|iPhoneSimulator
		{9DB3D788-2FA5-46F9-97A0-0BE512218CC9}.Debug|Any CPU.ActiveCfg = Debug|Any CPU
		{9DB3D788-2FA5-46F9-97A0-0BE512218CC9}.Debug|Any CPU.Build.0 = Debug|Any CPU
		{9DB3D788-2FA5-46F9-97A0-0BE512218CC9}.Debug|iPhone.ActiveCfg = Debug|Any CPU
		{9DB3D788-2FA5-46F9-97A0-0BE512218CC9}.Debug|iPhone.Build.0 = Debug|Any CPU
		{9DB3D788-2FA5-46F9-97A0-0BE512218CC9}.Debug|iPhoneSimulator.ActiveCfg = Debug|Any CPU
		{9DB3D788-2FA5-46F9-97A0-0BE512218CC9}.Debug|iPhoneSimulator.Build.0 = Debug|Any CPU
		{9DB3D788-2FA5-46F9-97A0-0BE512218CC9}.Release|Any CPU.ActiveCfg = Release|Any CPU
		{9DB3D788-2FA5-46F9-97A0-0BE512218CC9}.Release|Any CPU.Build.0 = Release|Any CPU
		{9DB3D788-2FA5-46F9-97A0-0BE512218CC9}.Release|iPhone.ActiveCfg = Release|Any CPU
		{9DB3D788-2FA5-46F9-97A0-0BE512218CC9}.Release|iPhone.Build.0 = Release|Any CPU
		{9DB3D788-2FA5-46F9-97A0-0BE512218CC9}.Release|iPhoneSimulator.ActiveCfg = Release|Any CPU
		{9DB3D788-2FA5-46F9-97A0-0BE512218CC9}.Release|iPhoneSimulator.Build.0 = Release|Any CPU
		{F975B36A-DB8A-4371-B6E6-7BC6E01B2554}.Debug|Any CPU.ActiveCfg = Debug|Any CPU
		{F975B36A-DB8A-4371-B6E6-7BC6E01B2554}.Debug|Any CPU.Build.0 = Debug|Any CPU
		{F975B36A-DB8A-4371-B6E6-7BC6E01B2554}.Debug|Any CPU.Deploy.0 = Debug|Any CPU
		{F975B36A-DB8A-4371-B6E6-7BC6E01B2554}.Debug|iPhone.ActiveCfg = Debug|Any CPU
		{F975B36A-DB8A-4371-B6E6-7BC6E01B2554}.Debug|iPhone.Build.0 = Debug|Any CPU
		{F975B36A-DB8A-4371-B6E6-7BC6E01B2554}.Debug|iPhone.Deploy.0 = Debug|Any CPU
		{F975B36A-DB8A-4371-B6E6-7BC6E01B2554}.Debug|iPhoneSimulator.ActiveCfg = Debug|Any CPU
		{F975B36A-DB8A-4371-B6E6-7BC6E01B2554}.Debug|iPhoneSimulator.Build.0 = Debug|Any CPU
		{F975B36A-DB8A-4371-B6E6-7BC6E01B2554}.Debug|iPhoneSimulator.Deploy.0 = Debug|Any CPU
		{F975B36A-DB8A-4371-B6E6-7BC6E01B2554}.Release|Any CPU.ActiveCfg = Release|Any CPU
		{F975B36A-DB8A-4371-B6E6-7BC6E01B2554}.Release|Any CPU.Build.0 = Release|Any CPU
		{F975B36A-DB8A-4371-B6E6-7BC6E01B2554}.Release|Any CPU.Deploy.0 = Release|Any CPU
		{F975B36A-DB8A-4371-B6E6-7BC6E01B2554}.Release|iPhone.ActiveCfg = Release|Any CPU
		{F975B36A-DB8A-4371-B6E6-7BC6E01B2554}.Release|iPhone.Build.0 = Release|Any CPU
		{F975B36A-DB8A-4371-B6E6-7BC6E01B2554}.Release|iPhone.Deploy.0 = Release|Any CPU
		{F975B36A-DB8A-4371-B6E6-7BC6E01B2554}.Release|iPhoneSimulator.ActiveCfg = Release|Any CPU
		{F975B36A-DB8A-4371-B6E6-7BC6E01B2554}.Release|iPhoneSimulator.Build.0 = Release|Any CPU
		{F975B36A-DB8A-4371-B6E6-7BC6E01B2554}.Release|iPhoneSimulator.Deploy.0 = Release|Any CPU
		{44BB0981-A408-45EB-BC69-5597E77DFD32}.Debug|Any CPU.ActiveCfg = Debug|iPhoneSimulator
		{44BB0981-A408-45EB-BC69-5597E77DFD32}.Debug|iPhone.ActiveCfg = Debug|iPhone
		{44BB0981-A408-45EB-BC69-5597E77DFD32}.Debug|iPhone.Build.0 = Debug|iPhone
		{44BB0981-A408-45EB-BC69-5597E77DFD32}.Debug|iPhoneSimulator.ActiveCfg = Debug|iPhoneSimulator
		{44BB0981-A408-45EB-BC69-5597E77DFD32}.Debug|iPhoneSimulator.Build.0 = Debug|iPhoneSimulator
		{44BB0981-A408-45EB-BC69-5597E77DFD32}.Release|Any CPU.ActiveCfg = Release|iPhoneSimulator
		{44BB0981-A408-45EB-BC69-5597E77DFD32}.Release|iPhone.ActiveCfg = Release|iPhone
		{44BB0981-A408-45EB-BC69-5597E77DFD32}.Release|iPhone.Build.0 = Release|iPhone
		{44BB0981-A408-45EB-BC69-5597E77DFD32}.Release|iPhoneSimulator.ActiveCfg = Release|iPhoneSimulator
		{44BB0981-A408-45EB-BC69-5597E77DFD32}.Release|iPhoneSimulator.Build.0 = Release|iPhoneSimulator
		{B3F5792D-0608-466B-A7A3-23373E738AD7}.Debug|Any CPU.ActiveCfg = Debug|Any CPU
		{B3F5792D-0608-466B-A7A3-23373E738AD7}.Debug|Any CPU.Build.0 = Debug|Any CPU
		{B3F5792D-0608-466B-A7A3-23373E738AD7}.Debug|iPhone.ActiveCfg = Debug|Any CPU
		{B3F5792D-0608-466B-A7A3-23373E738AD7}.Debug|iPhone.Build.0 = Debug|Any CPU
		{B3F5792D-0608-466B-A7A3-23373E738AD7}.Debug|iPhoneSimulator.ActiveCfg = Debug|Any CPU
		{B3F5792D-0608-466B-A7A3-23373E738AD7}.Debug|iPhoneSimulator.Build.0 = Debug|Any CPU
		{B3F5792D-0608-466B-A7A3-23373E738AD7}.Release|Any CPU.ActiveCfg = Release|Any CPU
		{B3F5792D-0608-466B-A7A3-23373E738AD7}.Release|Any CPU.Build.0 = Release|Any CPU
		{B3F5792D-0608-466B-A7A3-23373E738AD7}.Release|iPhone.ActiveCfg = Release|Any CPU
		{B3F5792D-0608-466B-A7A3-23373E738AD7}.Release|iPhone.Build.0 = Release|Any CPU
		{B3F5792D-0608-466B-A7A3-23373E738AD7}.Release|iPhoneSimulator.ActiveCfg = Release|Any CPU
		{B3F5792D-0608-466B-A7A3-23373E738AD7}.Release|iPhoneSimulator.Build.0 = Release|Any CPU
		{B4F30ADC-D5F2-4E1C-A4B4-3FA8E5E3B57C}.Debug|Any CPU.ActiveCfg = Debug|Any CPU
		{B4F30ADC-D5F2-4E1C-A4B4-3FA8E5E3B57C}.Debug|Any CPU.Build.0 = Debug|Any CPU
		{B4F30ADC-D5F2-4E1C-A4B4-3FA8E5E3B57C}.Debug|Any CPU.Deploy.0 = Debug|Any CPU
		{B4F30ADC-D5F2-4E1C-A4B4-3FA8E5E3B57C}.Debug|iPhone.ActiveCfg = Debug|Any CPU
		{B4F30ADC-D5F2-4E1C-A4B4-3FA8E5E3B57C}.Debug|iPhone.Build.0 = Debug|Any CPU
		{B4F30ADC-D5F2-4E1C-A4B4-3FA8E5E3B57C}.Debug|iPhone.Deploy.0 = Debug|Any CPU
		{B4F30ADC-D5F2-4E1C-A4B4-3FA8E5E3B57C}.Debug|iPhoneSimulator.ActiveCfg = Debug|Any CPU
		{B4F30ADC-D5F2-4E1C-A4B4-3FA8E5E3B57C}.Debug|iPhoneSimulator.Build.0 = Debug|Any CPU
		{B4F30ADC-D5F2-4E1C-A4B4-3FA8E5E3B57C}.Debug|iPhoneSimulator.Deploy.0 = Debug|Any CPU
		{B4F30ADC-D5F2-4E1C-A4B4-3FA8E5E3B57C}.Release|Any CPU.ActiveCfg = Release|Any CPU
		{B4F30ADC-D5F2-4E1C-A4B4-3FA8E5E3B57C}.Release|Any CPU.Build.0 = Release|Any CPU
		{B4F30ADC-D5F2-4E1C-A4B4-3FA8E5E3B57C}.Release|Any CPU.Deploy.0 = Release|Any CPU
		{B4F30ADC-D5F2-4E1C-A4B4-3FA8E5E3B57C}.Release|iPhone.ActiveCfg = Release|Any CPU
		{B4F30ADC-D5F2-4E1C-A4B4-3FA8E5E3B57C}.Release|iPhone.Build.0 = Release|Any CPU
		{B4F30ADC-D5F2-4E1C-A4B4-3FA8E5E3B57C}.Release|iPhone.Deploy.0 = Release|Any CPU
		{B4F30ADC-D5F2-4E1C-A4B4-3FA8E5E3B57C}.Release|iPhoneSimulator.ActiveCfg = Release|Any CPU
		{B4F30ADC-D5F2-4E1C-A4B4-3FA8E5E3B57C}.Release|iPhoneSimulator.Build.0 = Release|Any CPU
		{B4F30ADC-D5F2-4E1C-A4B4-3FA8E5E3B57C}.Release|iPhoneSimulator.Deploy.0 = Release|Any CPU
		{E6D6A9C4-6370-456A-8F91-EBBB743FAD12}.Debug|Any CPU.ActiveCfg = Debug|iPhoneSimulator
		{E6D6A9C4-6370-456A-8F91-EBBB743FAD12}.Debug|iPhone.ActiveCfg = Debug|iPhone
		{E6D6A9C4-6370-456A-8F91-EBBB743FAD12}.Debug|iPhone.Build.0 = Debug|iPhone
		{E6D6A9C4-6370-456A-8F91-EBBB743FAD12}.Debug|iPhoneSimulator.ActiveCfg = Debug|iPhoneSimulator
		{E6D6A9C4-6370-456A-8F91-EBBB743FAD12}.Debug|iPhoneSimulator.Build.0 = Debug|iPhoneSimulator
		{E6D6A9C4-6370-456A-8F91-EBBB743FAD12}.Release|Any CPU.ActiveCfg = Release|iPhoneSimulator
		{E6D6A9C4-6370-456A-8F91-EBBB743FAD12}.Release|iPhone.ActiveCfg = Release|iPhone
		{E6D6A9C4-6370-456A-8F91-EBBB743FAD12}.Release|iPhone.Build.0 = Release|iPhone
		{E6D6A9C4-6370-456A-8F91-EBBB743FAD12}.Release|iPhoneSimulator.ActiveCfg = Release|iPhoneSimulator
		{E6D6A9C4-6370-456A-8F91-EBBB743FAD12}.Release|iPhoneSimulator.Build.0 = Release|iPhoneSimulator
		{80BD48D3-AA93-4596-A7EB-CB25544763E9}.Debug|Any CPU.ActiveCfg = Debug|Any CPU
		{80BD48D3-AA93-4596-A7EB-CB25544763E9}.Debug|Any CPU.Build.0 = Debug|Any CPU
		{80BD48D3-AA93-4596-A7EB-CB25544763E9}.Debug|iPhone.ActiveCfg = Debug|Any CPU
		{80BD48D3-AA93-4596-A7EB-CB25544763E9}.Debug|iPhone.Build.0 = Debug|Any CPU
		{80BD48D3-AA93-4596-A7EB-CB25544763E9}.Debug|iPhoneSimulator.ActiveCfg = Debug|Any CPU
		{80BD48D3-AA93-4596-A7EB-CB25544763E9}.Debug|iPhoneSimulator.Build.0 = Debug|Any CPU
		{80BD48D3-AA93-4596-A7EB-CB25544763E9}.Release|Any CPU.ActiveCfg = Release|Any CPU
		{80BD48D3-AA93-4596-A7EB-CB25544763E9}.Release|Any CPU.Build.0 = Release|Any CPU
		{80BD48D3-AA93-4596-A7EB-CB25544763E9}.Release|iPhone.ActiveCfg = Release|Any CPU
		{80BD48D3-AA93-4596-A7EB-CB25544763E9}.Release|iPhone.Build.0 = Release|Any CPU
		{80BD48D3-AA93-4596-A7EB-CB25544763E9}.Release|iPhoneSimulator.ActiveCfg = Release|Any CPU
		{80BD48D3-AA93-4596-A7EB-CB25544763E9}.Release|iPhoneSimulator.Build.0 = Release|Any CPU
		{492095D6-7EC2-4993-80BB-A391B3EC84D7}.Debug|Any CPU.ActiveCfg = Debug|Any CPU
		{492095D6-7EC2-4993-80BB-A391B3EC84D7}.Debug|Any CPU.Build.0 = Debug|Any CPU
		{492095D6-7EC2-4993-80BB-A391B3EC84D7}.Debug|Any CPU.Deploy.0 = Debug|Any CPU
		{492095D6-7EC2-4993-80BB-A391B3EC84D7}.Debug|iPhone.ActiveCfg = Debug|Any CPU
		{492095D6-7EC2-4993-80BB-A391B3EC84D7}.Debug|iPhone.Build.0 = Debug|Any CPU
		{492095D6-7EC2-4993-80BB-A391B3EC84D7}.Debug|iPhone.Deploy.0 = Debug|Any CPU
		{492095D6-7EC2-4993-80BB-A391B3EC84D7}.Debug|iPhoneSimulator.ActiveCfg = Debug|Any CPU
		{492095D6-7EC2-4993-80BB-A391B3EC84D7}.Debug|iPhoneSimulator.Build.0 = Debug|Any CPU
		{492095D6-7EC2-4993-80BB-A391B3EC84D7}.Debug|iPhoneSimulator.Deploy.0 = Debug|Any CPU
		{492095D6-7EC2-4993-80BB-A391B3EC84D7}.Release|Any CPU.ActiveCfg = Release|Any CPU
		{492095D6-7EC2-4993-80BB-A391B3EC84D7}.Release|Any CPU.Build.0 = Release|Any CPU
		{492095D6-7EC2-4993-80BB-A391B3EC84D7}.Release|Any CPU.Deploy.0 = Release|Any CPU
		{492095D6-7EC2-4993-80BB-A391B3EC84D7}.Release|iPhone.ActiveCfg = Release|Any CPU
		{492095D6-7EC2-4993-80BB-A391B3EC84D7}.Release|iPhone.Build.0 = Release|Any CPU
		{492095D6-7EC2-4993-80BB-A391B3EC84D7}.Release|iPhone.Deploy.0 = Release|Any CPU
		{492095D6-7EC2-4993-80BB-A391B3EC84D7}.Release|iPhoneSimulator.ActiveCfg = Release|Any CPU
		{492095D6-7EC2-4993-80BB-A391B3EC84D7}.Release|iPhoneSimulator.Build.0 = Release|Any CPU
		{492095D6-7EC2-4993-80BB-A391B3EC84D7}.Release|iPhoneSimulator.Deploy.0 = Release|Any CPU
		{758A4966-E72B-436C-B045-D7F247D4A0A2}.Debug|Any CPU.ActiveCfg = Debug|iPhoneSimulator
		{758A4966-E72B-436C-B045-D7F247D4A0A2}.Debug|iPhone.ActiveCfg = Debug|iPhone
		{758A4966-E72B-436C-B045-D7F247D4A0A2}.Debug|iPhone.Build.0 = Debug|iPhone
		{758A4966-E72B-436C-B045-D7F247D4A0A2}.Debug|iPhoneSimulator.ActiveCfg = Debug|iPhoneSimulator
		{758A4966-E72B-436C-B045-D7F247D4A0A2}.Debug|iPhoneSimulator.Build.0 = Debug|iPhoneSimulator
		{758A4966-E72B-436C-B045-D7F247D4A0A2}.Release|Any CPU.ActiveCfg = Release|iPhoneSimulator
		{758A4966-E72B-436C-B045-D7F247D4A0A2}.Release|iPhone.ActiveCfg = Release|iPhone
		{758A4966-E72B-436C-B045-D7F247D4A0A2}.Release|iPhone.Build.0 = Release|iPhone
		{758A4966-E72B-436C-B045-D7F247D4A0A2}.Release|iPhoneSimulator.ActiveCfg = Release|iPhoneSimulator
		{758A4966-E72B-436C-B045-D7F247D4A0A2}.Release|iPhoneSimulator.Build.0 = Release|iPhoneSimulator
		{BB298AC4-DD95-4D7C-8EE3-2F3A5CE20A8D}.Debug|Any CPU.ActiveCfg = Debug|Any CPU
		{BB298AC4-DD95-4D7C-8EE3-2F3A5CE20A8D}.Debug|Any CPU.Build.0 = Debug|Any CPU
		{BB298AC4-DD95-4D7C-8EE3-2F3A5CE20A8D}.Debug|iPhone.ActiveCfg = Debug|Any CPU
		{BB298AC4-DD95-4D7C-8EE3-2F3A5CE20A8D}.Debug|iPhone.Build.0 = Debug|Any CPU
		{BB298AC4-DD95-4D7C-8EE3-2F3A5CE20A8D}.Debug|iPhoneSimulator.ActiveCfg = Debug|Any CPU
		{BB298AC4-DD95-4D7C-8EE3-2F3A5CE20A8D}.Debug|iPhoneSimulator.Build.0 = Debug|Any CPU
		{BB298AC4-DD95-4D7C-8EE3-2F3A5CE20A8D}.Release|Any CPU.ActiveCfg = Release|Any CPU
		{BB298AC4-DD95-4D7C-8EE3-2F3A5CE20A8D}.Release|Any CPU.Build.0 = Release|Any CPU
		{BB298AC4-DD95-4D7C-8EE3-2F3A5CE20A8D}.Release|iPhone.ActiveCfg = Release|Any CPU
		{BB298AC4-DD95-4D7C-8EE3-2F3A5CE20A8D}.Release|iPhone.Build.0 = Release|Any CPU
		{BB298AC4-DD95-4D7C-8EE3-2F3A5CE20A8D}.Release|iPhoneSimulator.ActiveCfg = Release|Any CPU
		{BB298AC4-DD95-4D7C-8EE3-2F3A5CE20A8D}.Release|iPhoneSimulator.Build.0 = Release|Any CPU
		{4EFDBCDE-C06A-4C06-93B7-B0731B7B901C}.Debug|Any CPU.ActiveCfg = Debug|Any CPU
		{4EFDBCDE-C06A-4C06-93B7-B0731B7B901C}.Debug|Any CPU.Build.0 = Debug|Any CPU
		{4EFDBCDE-C06A-4C06-93B7-B0731B7B901C}.Debug|Any CPU.Deploy.0 = Debug|Any CPU
		{4EFDBCDE-C06A-4C06-93B7-B0731B7B901C}.Debug|iPhone.ActiveCfg = Debug|Any CPU
		{4EFDBCDE-C06A-4C06-93B7-B0731B7B901C}.Debug|iPhone.Build.0 = Debug|Any CPU
		{4EFDBCDE-C06A-4C06-93B7-B0731B7B901C}.Debug|iPhone.Deploy.0 = Debug|Any CPU
		{4EFDBCDE-C06A-4C06-93B7-B0731B7B901C}.Debug|iPhoneSimulator.ActiveCfg = Debug|Any CPU
		{4EFDBCDE-C06A-4C06-93B7-B0731B7B901C}.Debug|iPhoneSimulator.Build.0 = Debug|Any CPU
		{4EFDBCDE-C06A-4C06-93B7-B0731B7B901C}.Debug|iPhoneSimulator.Deploy.0 = Debug|Any CPU
		{4EFDBCDE-C06A-4C06-93B7-B0731B7B901C}.Release|Any CPU.ActiveCfg = Release|Any CPU
		{4EFDBCDE-C06A-4C06-93B7-B0731B7B901C}.Release|Any CPU.Build.0 = Release|Any CPU
		{4EFDBCDE-C06A-4C06-93B7-B0731B7B901C}.Release|Any CPU.Deploy.0 = Release|Any CPU
		{4EFDBCDE-C06A-4C06-93B7-B0731B7B901C}.Release|iPhone.ActiveCfg = Release|Any CPU
		{4EFDBCDE-C06A-4C06-93B7-B0731B7B901C}.Release|iPhone.Build.0 = Release|Any CPU
		{4EFDBCDE-C06A-4C06-93B7-B0731B7B901C}.Release|iPhone.Deploy.0 = Release|Any CPU
		{4EFDBCDE-C06A-4C06-93B7-B0731B7B901C}.Release|iPhoneSimulator.ActiveCfg = Release|Any CPU
		{4EFDBCDE-C06A-4C06-93B7-B0731B7B901C}.Release|iPhoneSimulator.Build.0 = Release|Any CPU
		{4EFDBCDE-C06A-4C06-93B7-B0731B7B901C}.Release|iPhoneSimulator.Deploy.0 = Release|Any CPU
		{B5AF8DC0-3DA9-4619-A0DF-5235C390D05F}.Debug|Any CPU.ActiveCfg = Debug|iPhoneSimulator
		{B5AF8DC0-3DA9-4619-A0DF-5235C390D05F}.Debug|iPhone.ActiveCfg = Debug|iPhone
		{B5AF8DC0-3DA9-4619-A0DF-5235C390D05F}.Debug|iPhone.Build.0 = Debug|iPhone
		{B5AF8DC0-3DA9-4619-A0DF-5235C390D05F}.Debug|iPhoneSimulator.ActiveCfg = Debug|iPhoneSimulator
		{B5AF8DC0-3DA9-4619-A0DF-5235C390D05F}.Debug|iPhoneSimulator.Build.0 = Debug|iPhoneSimulator
		{B5AF8DC0-3DA9-4619-A0DF-5235C390D05F}.Release|Any CPU.ActiveCfg = Release|iPhoneSimulator
		{B5AF8DC0-3DA9-4619-A0DF-5235C390D05F}.Release|iPhone.ActiveCfg = Release|iPhone
		{B5AF8DC0-3DA9-4619-A0DF-5235C390D05F}.Release|iPhone.Build.0 = Release|iPhone
		{B5AF8DC0-3DA9-4619-A0DF-5235C390D05F}.Release|iPhoneSimulator.ActiveCfg = Release|iPhoneSimulator
		{B5AF8DC0-3DA9-4619-A0DF-5235C390D05F}.Release|iPhoneSimulator.Build.0 = Release|iPhoneSimulator
		{B23ABB3E-2ECF-4AD2-A624-03B89E24580E}.Debug|Any CPU.ActiveCfg = Debug|Any CPU
		{B23ABB3E-2ECF-4AD2-A624-03B89E24580E}.Debug|Any CPU.Build.0 = Debug|Any CPU
		{B23ABB3E-2ECF-4AD2-A624-03B89E24580E}.Debug|iPhone.ActiveCfg = Debug|Any CPU
		{B23ABB3E-2ECF-4AD2-A624-03B89E24580E}.Debug|iPhone.Build.0 = Debug|Any CPU
		{B23ABB3E-2ECF-4AD2-A624-03B89E24580E}.Debug|iPhoneSimulator.ActiveCfg = Debug|Any CPU
		{B23ABB3E-2ECF-4AD2-A624-03B89E24580E}.Debug|iPhoneSimulator.Build.0 = Debug|Any CPU
		{B23ABB3E-2ECF-4AD2-A624-03B89E24580E}.Release|Any CPU.ActiveCfg = Release|Any CPU
		{B23ABB3E-2ECF-4AD2-A624-03B89E24580E}.Release|Any CPU.Build.0 = Release|Any CPU
		{B23ABB3E-2ECF-4AD2-A624-03B89E24580E}.Release|iPhone.ActiveCfg = Release|Any CPU
		{B23ABB3E-2ECF-4AD2-A624-03B89E24580E}.Release|iPhone.Build.0 = Release|Any CPU
		{B23ABB3E-2ECF-4AD2-A624-03B89E24580E}.Release|iPhoneSimulator.ActiveCfg = Release|Any CPU
		{B23ABB3E-2ECF-4AD2-A624-03B89E24580E}.Release|iPhoneSimulator.Build.0 = Release|Any CPU
		{F25BBDFA-C133-4BD0-B453-0122225900A7}.Debug|Any CPU.ActiveCfg = Debug|Any CPU
		{F25BBDFA-C133-4BD0-B453-0122225900A7}.Debug|Any CPU.Build.0 = Debug|Any CPU
		{F25BBDFA-C133-4BD0-B453-0122225900A7}.Debug|Any CPU.Deploy.0 = Debug|Any CPU
		{F25BBDFA-C133-4BD0-B453-0122225900A7}.Debug|iPhone.ActiveCfg = Debug|Any CPU
		{F25BBDFA-C133-4BD0-B453-0122225900A7}.Debug|iPhone.Build.0 = Debug|Any CPU
		{F25BBDFA-C133-4BD0-B453-0122225900A7}.Debug|iPhone.Deploy.0 = Debug|Any CPU
		{F25BBDFA-C133-4BD0-B453-0122225900A7}.Debug|iPhoneSimulator.ActiveCfg = Debug|Any CPU
		{F25BBDFA-C133-4BD0-B453-0122225900A7}.Debug|iPhoneSimulator.Build.0 = Debug|Any CPU
		{F25BBDFA-C133-4BD0-B453-0122225900A7}.Debug|iPhoneSimulator.Deploy.0 = Debug|Any CPU
		{F25BBDFA-C133-4BD0-B453-0122225900A7}.Release|Any CPU.ActiveCfg = Release|Any CPU
		{F25BBDFA-C133-4BD0-B453-0122225900A7}.Release|Any CPU.Build.0 = Release|Any CPU
		{F25BBDFA-C133-4BD0-B453-0122225900A7}.Release|Any CPU.Deploy.0 = Release|Any CPU
		{F25BBDFA-C133-4BD0-B453-0122225900A7}.Release|iPhone.ActiveCfg = Release|Any CPU
		{F25BBDFA-C133-4BD0-B453-0122225900A7}.Release|iPhone.Build.0 = Release|Any CPU
		{F25BBDFA-C133-4BD0-B453-0122225900A7}.Release|iPhone.Deploy.0 = Release|Any CPU
		{F25BBDFA-C133-4BD0-B453-0122225900A7}.Release|iPhoneSimulator.ActiveCfg = Release|Any CPU
		{F25BBDFA-C133-4BD0-B453-0122225900A7}.Release|iPhoneSimulator.Build.0 = Release|Any CPU
		{F25BBDFA-C133-4BD0-B453-0122225900A7}.Release|iPhoneSimulator.Deploy.0 = Release|Any CPU
		{E3AE01CD-2E7F-4B4F-B9E6-2D65BA67C9D6}.Debug|Any CPU.ActiveCfg = Debug|iPhoneSimulator
		{E3AE01CD-2E7F-4B4F-B9E6-2D65BA67C9D6}.Debug|iPhone.ActiveCfg = Debug|iPhone
		{E3AE01CD-2E7F-4B4F-B9E6-2D65BA67C9D6}.Debug|iPhone.Build.0 = Debug|iPhone
		{E3AE01CD-2E7F-4B4F-B9E6-2D65BA67C9D6}.Debug|iPhoneSimulator.ActiveCfg = Debug|iPhoneSimulator
		{E3AE01CD-2E7F-4B4F-B9E6-2D65BA67C9D6}.Debug|iPhoneSimulator.Build.0 = Debug|iPhoneSimulator
		{E3AE01CD-2E7F-4B4F-B9E6-2D65BA67C9D6}.Release|Any CPU.ActiveCfg = Release|iPhoneSimulator
		{E3AE01CD-2E7F-4B4F-B9E6-2D65BA67C9D6}.Release|iPhone.ActiveCfg = Release|iPhone
		{E3AE01CD-2E7F-4B4F-B9E6-2D65BA67C9D6}.Release|iPhone.Build.0 = Release|iPhone
		{E3AE01CD-2E7F-4B4F-B9E6-2D65BA67C9D6}.Release|iPhoneSimulator.ActiveCfg = Release|iPhoneSimulator
		{E3AE01CD-2E7F-4B4F-B9E6-2D65BA67C9D6}.Release|iPhoneSimulator.Build.0 = Release|iPhoneSimulator
		{7E4CC0D1-2DEC-4F7F-9F48-940510871E2C}.Debug|Any CPU.ActiveCfg = Debug|Any CPU
		{7E4CC0D1-2DEC-4F7F-9F48-940510871E2C}.Debug|Any CPU.Build.0 = Debug|Any CPU
		{7E4CC0D1-2DEC-4F7F-9F48-940510871E2C}.Debug|iPhone.ActiveCfg = Debug|Any CPU
		{7E4CC0D1-2DEC-4F7F-9F48-940510871E2C}.Debug|iPhone.Build.0 = Debug|Any CPU
		{7E4CC0D1-2DEC-4F7F-9F48-940510871E2C}.Debug|iPhoneSimulator.ActiveCfg = Debug|Any CPU
		{7E4CC0D1-2DEC-4F7F-9F48-940510871E2C}.Debug|iPhoneSimulator.Build.0 = Debug|Any CPU
		{7E4CC0D1-2DEC-4F7F-9F48-940510871E2C}.Release|Any CPU.ActiveCfg = Release|Any CPU
		{7E4CC0D1-2DEC-4F7F-9F48-940510871E2C}.Release|Any CPU.Build.0 = Release|Any CPU
		{7E4CC0D1-2DEC-4F7F-9F48-940510871E2C}.Release|iPhone.ActiveCfg = Release|Any CPU
		{7E4CC0D1-2DEC-4F7F-9F48-940510871E2C}.Release|iPhone.Build.0 = Release|Any CPU
		{7E4CC0D1-2DEC-4F7F-9F48-940510871E2C}.Release|iPhoneSimulator.ActiveCfg = Release|Any CPU
		{7E4CC0D1-2DEC-4F7F-9F48-940510871E2C}.Release|iPhoneSimulator.Build.0 = Release|Any CPU
		{F6819068-8A99-459C-9086-DEF5044EE400}.Debug|Any CPU.ActiveCfg = Debug|Any CPU
		{F6819068-8A99-459C-9086-DEF5044EE400}.Debug|Any CPU.Build.0 = Debug|Any CPU
		{F6819068-8A99-459C-9086-DEF5044EE400}.Debug|Any CPU.Deploy.0 = Debug|Any CPU
		{F6819068-8A99-459C-9086-DEF5044EE400}.Debug|iPhone.ActiveCfg = Debug|Any CPU
		{F6819068-8A99-459C-9086-DEF5044EE400}.Debug|iPhone.Build.0 = Debug|Any CPU
		{F6819068-8A99-459C-9086-DEF5044EE400}.Debug|iPhone.Deploy.0 = Debug|Any CPU
		{F6819068-8A99-459C-9086-DEF5044EE400}.Debug|iPhoneSimulator.ActiveCfg = Debug|Any CPU
		{F6819068-8A99-459C-9086-DEF5044EE400}.Debug|iPhoneSimulator.Build.0 = Debug|Any CPU
		{F6819068-8A99-459C-9086-DEF5044EE400}.Debug|iPhoneSimulator.Deploy.0 = Debug|Any CPU
		{F6819068-8A99-459C-9086-DEF5044EE400}.Release|Any CPU.ActiveCfg = Release|Any CPU
		{F6819068-8A99-459C-9086-DEF5044EE400}.Release|Any CPU.Build.0 = Release|Any CPU
		{F6819068-8A99-459C-9086-DEF5044EE400}.Release|Any CPU.Deploy.0 = Release|Any CPU
		{F6819068-8A99-459C-9086-DEF5044EE400}.Release|iPhone.ActiveCfg = Release|Any CPU
		{F6819068-8A99-459C-9086-DEF5044EE400}.Release|iPhone.Build.0 = Release|Any CPU
		{F6819068-8A99-459C-9086-DEF5044EE400}.Release|iPhone.Deploy.0 = Release|Any CPU
		{F6819068-8A99-459C-9086-DEF5044EE400}.Release|iPhoneSimulator.ActiveCfg = Release|Any CPU
		{F6819068-8A99-459C-9086-DEF5044EE400}.Release|iPhoneSimulator.Build.0 = Release|Any CPU
		{F6819068-8A99-459C-9086-DEF5044EE400}.Release|iPhoneSimulator.Deploy.0 = Release|Any CPU
		{8C505445-FF55-4D9E-95A0-6329BBEA8681}.Debug|Any CPU.ActiveCfg = Debug|iPhoneSimulator
		{8C505445-FF55-4D9E-95A0-6329BBEA8681}.Debug|iPhone.ActiveCfg = Debug|iPhone
		{8C505445-FF55-4D9E-95A0-6329BBEA8681}.Debug|iPhone.Build.0 = Debug|iPhone
		{8C505445-FF55-4D9E-95A0-6329BBEA8681}.Debug|iPhoneSimulator.ActiveCfg = Debug|iPhoneSimulator
		{8C505445-FF55-4D9E-95A0-6329BBEA8681}.Debug|iPhoneSimulator.Build.0 = Debug|iPhoneSimulator
		{8C505445-FF55-4D9E-95A0-6329BBEA8681}.Release|Any CPU.ActiveCfg = Release|iPhoneSimulator
		{8C505445-FF55-4D9E-95A0-6329BBEA8681}.Release|iPhone.ActiveCfg = Release|iPhone
		{8C505445-FF55-4D9E-95A0-6329BBEA8681}.Release|iPhone.Build.0 = Release|iPhone
		{8C505445-FF55-4D9E-95A0-6329BBEA8681}.Release|iPhoneSimulator.ActiveCfg = Release|iPhoneSimulator
		{8C505445-FF55-4D9E-95A0-6329BBEA8681}.Release|iPhoneSimulator.Build.0 = Release|iPhoneSimulator
		{F66B6544-2A54-4966-80BA-75491C87EEE9}.Debug|Any CPU.ActiveCfg = Debug|Any CPU
		{F66B6544-2A54-4966-80BA-75491C87EEE9}.Debug|Any CPU.Build.0 = Debug|Any CPU
		{F66B6544-2A54-4966-80BA-75491C87EEE9}.Debug|iPhone.ActiveCfg = Debug|Any CPU
		{F66B6544-2A54-4966-80BA-75491C87EEE9}.Debug|iPhone.Build.0 = Debug|Any CPU
		{F66B6544-2A54-4966-80BA-75491C87EEE9}.Debug|iPhoneSimulator.ActiveCfg = Debug|Any CPU
		{F66B6544-2A54-4966-80BA-75491C87EEE9}.Debug|iPhoneSimulator.Build.0 = Debug|Any CPU
		{F66B6544-2A54-4966-80BA-75491C87EEE9}.Release|Any CPU.ActiveCfg = Release|Any CPU
		{F66B6544-2A54-4966-80BA-75491C87EEE9}.Release|Any CPU.Build.0 = Release|Any CPU
		{F66B6544-2A54-4966-80BA-75491C87EEE9}.Release|iPhone.ActiveCfg = Release|Any CPU
		{F66B6544-2A54-4966-80BA-75491C87EEE9}.Release|iPhone.Build.0 = Release|Any CPU
		{F66B6544-2A54-4966-80BA-75491C87EEE9}.Release|iPhoneSimulator.ActiveCfg = Release|Any CPU
		{F66B6544-2A54-4966-80BA-75491C87EEE9}.Release|iPhoneSimulator.Build.0 = Release|Any CPU
		{B41D0926-73A4-46BD-909B-34A40CD2B1EC}.Debug|Any CPU.ActiveCfg = Debug|Any CPU
		{B41D0926-73A4-46BD-909B-34A40CD2B1EC}.Debug|Any CPU.Build.0 = Debug|Any CPU
		{B41D0926-73A4-46BD-909B-34A40CD2B1EC}.Debug|Any CPU.Deploy.0 = Debug|Any CPU
		{B41D0926-73A4-46BD-909B-34A40CD2B1EC}.Debug|iPhone.ActiveCfg = Debug|Any CPU
		{B41D0926-73A4-46BD-909B-34A40CD2B1EC}.Debug|iPhone.Build.0 = Debug|Any CPU
		{B41D0926-73A4-46BD-909B-34A40CD2B1EC}.Debug|iPhone.Deploy.0 = Debug|Any CPU
		{B41D0926-73A4-46BD-909B-34A40CD2B1EC}.Debug|iPhoneSimulator.ActiveCfg = Debug|Any CPU
		{B41D0926-73A4-46BD-909B-34A40CD2B1EC}.Debug|iPhoneSimulator.Build.0 = Debug|Any CPU
		{B41D0926-73A4-46BD-909B-34A40CD2B1EC}.Debug|iPhoneSimulator.Deploy.0 = Debug|Any CPU
		{B41D0926-73A4-46BD-909B-34A40CD2B1EC}.Release|Any CPU.ActiveCfg = Release|Any CPU
		{B41D0926-73A4-46BD-909B-34A40CD2B1EC}.Release|Any CPU.Build.0 = Release|Any CPU
		{B41D0926-73A4-46BD-909B-34A40CD2B1EC}.Release|Any CPU.Deploy.0 = Release|Any CPU
		{B41D0926-73A4-46BD-909B-34A40CD2B1EC}.Release|iPhone.ActiveCfg = Release|Any CPU
		{B41D0926-73A4-46BD-909B-34A40CD2B1EC}.Release|iPhone.Build.0 = Release|Any CPU
		{B41D0926-73A4-46BD-909B-34A40CD2B1EC}.Release|iPhone.Deploy.0 = Release|Any CPU
		{B41D0926-73A4-46BD-909B-34A40CD2B1EC}.Release|iPhoneSimulator.ActiveCfg = Release|Any CPU
		{B41D0926-73A4-46BD-909B-34A40CD2B1EC}.Release|iPhoneSimulator.Build.0 = Release|Any CPU
		{B41D0926-73A4-46BD-909B-34A40CD2B1EC}.Release|iPhoneSimulator.Deploy.0 = Release|Any CPU
		{72DCBE00-016D-4106-A57B-F813494584FE}.Debug|Any CPU.ActiveCfg = Debug|iPhoneSimulator
		{72DCBE00-016D-4106-A57B-F813494584FE}.Debug|iPhone.ActiveCfg = Debug|iPhone
		{72DCBE00-016D-4106-A57B-F813494584FE}.Debug|iPhone.Build.0 = Debug|iPhone
		{72DCBE00-016D-4106-A57B-F813494584FE}.Debug|iPhoneSimulator.ActiveCfg = Debug|iPhoneSimulator
		{72DCBE00-016D-4106-A57B-F813494584FE}.Debug|iPhoneSimulator.Build.0 = Debug|iPhoneSimulator
		{72DCBE00-016D-4106-A57B-F813494584FE}.Release|Any CPU.ActiveCfg = Release|iPhoneSimulator
		{72DCBE00-016D-4106-A57B-F813494584FE}.Release|iPhone.ActiveCfg = Release|iPhone
		{72DCBE00-016D-4106-A57B-F813494584FE}.Release|iPhone.Build.0 = Release|iPhone
		{72DCBE00-016D-4106-A57B-F813494584FE}.Release|iPhoneSimulator.ActiveCfg = Release|iPhoneSimulator
		{72DCBE00-016D-4106-A57B-F813494584FE}.Release|iPhoneSimulator.Build.0 = Release|iPhoneSimulator
		{FC87BED0-2BFE-40A7-83BE-C46CAF372031}.Debug|Any CPU.ActiveCfg = Debug|Any CPU
		{FC87BED0-2BFE-40A7-83BE-C46CAF372031}.Debug|Any CPU.Build.0 = Debug|Any CPU
		{FC87BED0-2BFE-40A7-83BE-C46CAF372031}.Debug|iPhone.ActiveCfg = Debug|Any CPU
		{FC87BED0-2BFE-40A7-83BE-C46CAF372031}.Debug|iPhone.Build.0 = Debug|Any CPU
		{FC87BED0-2BFE-40A7-83BE-C46CAF372031}.Debug|iPhoneSimulator.ActiveCfg = Debug|Any CPU
		{FC87BED0-2BFE-40A7-83BE-C46CAF372031}.Debug|iPhoneSimulator.Build.0 = Debug|Any CPU
		{FC87BED0-2BFE-40A7-83BE-C46CAF372031}.Release|Any CPU.ActiveCfg = Release|Any CPU
		{FC87BED0-2BFE-40A7-83BE-C46CAF372031}.Release|Any CPU.Build.0 = Release|Any CPU
		{FC87BED0-2BFE-40A7-83BE-C46CAF372031}.Release|iPhone.ActiveCfg = Release|Any CPU
		{FC87BED0-2BFE-40A7-83BE-C46CAF372031}.Release|iPhone.Build.0 = Release|Any CPU
		{FC87BED0-2BFE-40A7-83BE-C46CAF372031}.Release|iPhoneSimulator.ActiveCfg = Release|Any CPU
		{FC87BED0-2BFE-40A7-83BE-C46CAF372031}.Release|iPhoneSimulator.Build.0 = Release|Any CPU
		{E452FF8E-DEE3-4496-BAEA-5FF138CEB827}.Debug|Any CPU.ActiveCfg = Debug|Any CPU
		{E452FF8E-DEE3-4496-BAEA-5FF138CEB827}.Debug|Any CPU.Build.0 = Debug|Any CPU
		{E452FF8E-DEE3-4496-BAEA-5FF138CEB827}.Debug|Any CPU.Deploy.0 = Debug|Any CPU
		{E452FF8E-DEE3-4496-BAEA-5FF138CEB827}.Debug|iPhone.ActiveCfg = Debug|Any CPU
		{E452FF8E-DEE3-4496-BAEA-5FF138CEB827}.Debug|iPhone.Build.0 = Debug|Any CPU
		{E452FF8E-DEE3-4496-BAEA-5FF138CEB827}.Debug|iPhone.Deploy.0 = Debug|Any CPU
		{E452FF8E-DEE3-4496-BAEA-5FF138CEB827}.Debug|iPhoneSimulator.ActiveCfg = Debug|Any CPU
		{E452FF8E-DEE3-4496-BAEA-5FF138CEB827}.Debug|iPhoneSimulator.Build.0 = Debug|Any CPU
		{E452FF8E-DEE3-4496-BAEA-5FF138CEB827}.Debug|iPhoneSimulator.Deploy.0 = Debug|Any CPU
		{E452FF8E-DEE3-4496-BAEA-5FF138CEB827}.Release|Any CPU.ActiveCfg = Release|Any CPU
		{E452FF8E-DEE3-4496-BAEA-5FF138CEB827}.Release|Any CPU.Build.0 = Release|Any CPU
		{E452FF8E-DEE3-4496-BAEA-5FF138CEB827}.Release|Any CPU.Deploy.0 = Release|Any CPU
		{E452FF8E-DEE3-4496-BAEA-5FF138CEB827}.Release|iPhone.ActiveCfg = Release|Any CPU
		{E452FF8E-DEE3-4496-BAEA-5FF138CEB827}.Release|iPhone.Build.0 = Release|Any CPU
		{E452FF8E-DEE3-4496-BAEA-5FF138CEB827}.Release|iPhone.Deploy.0 = Release|Any CPU
		{E452FF8E-DEE3-4496-BAEA-5FF138CEB827}.Release|iPhoneSimulator.ActiveCfg = Release|Any CPU
		{E452FF8E-DEE3-4496-BAEA-5FF138CEB827}.Release|iPhoneSimulator.Build.0 = Release|Any CPU
		{E452FF8E-DEE3-4496-BAEA-5FF138CEB827}.Release|iPhoneSimulator.Deploy.0 = Release|Any CPU
		{B846DFF1-505A-4103-928D-F8D385BDD542}.Debug|Any CPU.ActiveCfg = Debug|iPhoneSimulator
		{B846DFF1-505A-4103-928D-F8D385BDD542}.Debug|iPhone.ActiveCfg = Debug|iPhone
		{B846DFF1-505A-4103-928D-F8D385BDD542}.Debug|iPhone.Build.0 = Debug|iPhone
		{B846DFF1-505A-4103-928D-F8D385BDD542}.Debug|iPhoneSimulator.ActiveCfg = Debug|iPhoneSimulator
		{B846DFF1-505A-4103-928D-F8D385BDD542}.Debug|iPhoneSimulator.Build.0 = Debug|iPhoneSimulator
		{B846DFF1-505A-4103-928D-F8D385BDD542}.Release|Any CPU.ActiveCfg = Release|iPhoneSimulator
		{B846DFF1-505A-4103-928D-F8D385BDD542}.Release|iPhone.ActiveCfg = Release|iPhone
		{B846DFF1-505A-4103-928D-F8D385BDD542}.Release|iPhone.Build.0 = Release|iPhone
		{B846DFF1-505A-4103-928D-F8D385BDD542}.Release|iPhoneSimulator.ActiveCfg = Release|iPhoneSimulator
		{B846DFF1-505A-4103-928D-F8D385BDD542}.Release|iPhoneSimulator.Build.0 = Release|iPhoneSimulator
		{96986DF9-29FF-4E2D-97EC-5F4C937F41A3}.Debug|Any CPU.ActiveCfg = Debug|Any CPU
		{96986DF9-29FF-4E2D-97EC-5F4C937F41A3}.Debug|Any CPU.Build.0 = Debug|Any CPU
		{96986DF9-29FF-4E2D-97EC-5F4C937F41A3}.Debug|iPhone.ActiveCfg = Debug|Any CPU
		{96986DF9-29FF-4E2D-97EC-5F4C937F41A3}.Debug|iPhone.Build.0 = Debug|Any CPU
		{96986DF9-29FF-4E2D-97EC-5F4C937F41A3}.Debug|iPhoneSimulator.ActiveCfg = Debug|Any CPU
		{96986DF9-29FF-4E2D-97EC-5F4C937F41A3}.Debug|iPhoneSimulator.Build.0 = Debug|Any CPU
		{96986DF9-29FF-4E2D-97EC-5F4C937F41A3}.Release|Any CPU.ActiveCfg = Release|Any CPU
		{96986DF9-29FF-4E2D-97EC-5F4C937F41A3}.Release|Any CPU.Build.0 = Release|Any CPU
		{96986DF9-29FF-4E2D-97EC-5F4C937F41A3}.Release|iPhone.ActiveCfg = Release|Any CPU
		{96986DF9-29FF-4E2D-97EC-5F4C937F41A3}.Release|iPhone.Build.0 = Release|Any CPU
		{96986DF9-29FF-4E2D-97EC-5F4C937F41A3}.Release|iPhoneSimulator.ActiveCfg = Release|Any CPU
		{96986DF9-29FF-4E2D-97EC-5F4C937F41A3}.Release|iPhoneSimulator.Build.0 = Release|Any CPU
		{87E0E529-8A78-4F43-BA78-8248EF87045B}.Debug|Any CPU.ActiveCfg = Debug|Any CPU
		{87E0E529-8A78-4F43-BA78-8248EF87045B}.Debug|Any CPU.Build.0 = Debug|Any CPU
		{87E0E529-8A78-4F43-BA78-8248EF87045B}.Debug|Any CPU.Deploy.0 = Debug|Any CPU
		{87E0E529-8A78-4F43-BA78-8248EF87045B}.Debug|iPhone.ActiveCfg = Debug|Any CPU
		{87E0E529-8A78-4F43-BA78-8248EF87045B}.Debug|iPhone.Build.0 = Debug|Any CPU
		{87E0E529-8A78-4F43-BA78-8248EF87045B}.Debug|iPhone.Deploy.0 = Debug|Any CPU
		{87E0E529-8A78-4F43-BA78-8248EF87045B}.Debug|iPhoneSimulator.ActiveCfg = Debug|Any CPU
		{87E0E529-8A78-4F43-BA78-8248EF87045B}.Debug|iPhoneSimulator.Build.0 = Debug|Any CPU
		{87E0E529-8A78-4F43-BA78-8248EF87045B}.Debug|iPhoneSimulator.Deploy.0 = Debug|Any CPU
		{87E0E529-8A78-4F43-BA78-8248EF87045B}.Release|Any CPU.ActiveCfg = Release|Any CPU
		{87E0E529-8A78-4F43-BA78-8248EF87045B}.Release|Any CPU.Build.0 = Release|Any CPU
		{87E0E529-8A78-4F43-BA78-8248EF87045B}.Release|Any CPU.Deploy.0 = Release|Any CPU
		{87E0E529-8A78-4F43-BA78-8248EF87045B}.Release|iPhone.ActiveCfg = Release|Any CPU
		{87E0E529-8A78-4F43-BA78-8248EF87045B}.Release|iPhone.Build.0 = Release|Any CPU
		{87E0E529-8A78-4F43-BA78-8248EF87045B}.Release|iPhone.Deploy.0 = Release|Any CPU
		{87E0E529-8A78-4F43-BA78-8248EF87045B}.Release|iPhoneSimulator.ActiveCfg = Release|Any CPU
		{87E0E529-8A78-4F43-BA78-8248EF87045B}.Release|iPhoneSimulator.Build.0 = Release|Any CPU
		{87E0E529-8A78-4F43-BA78-8248EF87045B}.Release|iPhoneSimulator.Deploy.0 = Release|Any CPU
		{DD8DC872-38E8-4ADE-8CE9-BE746585CFA3}.Debug|Any CPU.ActiveCfg = Debug|iPhoneSimulator
		{DD8DC872-38E8-4ADE-8CE9-BE746585CFA3}.Debug|iPhone.ActiveCfg = Debug|iPhone
		{DD8DC872-38E8-4ADE-8CE9-BE746585CFA3}.Debug|iPhone.Build.0 = Debug|iPhone
		{DD8DC872-38E8-4ADE-8CE9-BE746585CFA3}.Debug|iPhoneSimulator.ActiveCfg = Debug|iPhoneSimulator
		{DD8DC872-38E8-4ADE-8CE9-BE746585CFA3}.Debug|iPhoneSimulator.Build.0 = Debug|iPhoneSimulator
		{DD8DC872-38E8-4ADE-8CE9-BE746585CFA3}.Release|Any CPU.ActiveCfg = Release|iPhoneSimulator
		{DD8DC872-38E8-4ADE-8CE9-BE746585CFA3}.Release|iPhone.ActiveCfg = Release|iPhone
		{DD8DC872-38E8-4ADE-8CE9-BE746585CFA3}.Release|iPhone.Build.0 = Release|iPhone
		{DD8DC872-38E8-4ADE-8CE9-BE746585CFA3}.Release|iPhoneSimulator.ActiveCfg = Release|iPhoneSimulator
		{DD8DC872-38E8-4ADE-8CE9-BE746585CFA3}.Release|iPhoneSimulator.Build.0 = Release|iPhoneSimulator
		{8E305BB1-1CB1-40E8-AD57-2DB759C8B3F0}.Debug|Any CPU.ActiveCfg = Debug|Any CPU
		{8E305BB1-1CB1-40E8-AD57-2DB759C8B3F0}.Debug|Any CPU.Build.0 = Debug|Any CPU
		{8E305BB1-1CB1-40E8-AD57-2DB759C8B3F0}.Debug|iPhone.ActiveCfg = Debug|Any CPU
		{8E305BB1-1CB1-40E8-AD57-2DB759C8B3F0}.Debug|iPhone.Build.0 = Debug|Any CPU
		{8E305BB1-1CB1-40E8-AD57-2DB759C8B3F0}.Debug|iPhoneSimulator.ActiveCfg = Debug|Any CPU
		{8E305BB1-1CB1-40E8-AD57-2DB759C8B3F0}.Debug|iPhoneSimulator.Build.0 = Debug|Any CPU
		{8E305BB1-1CB1-40E8-AD57-2DB759C8B3F0}.Release|Any CPU.ActiveCfg = Release|Any CPU
		{8E305BB1-1CB1-40E8-AD57-2DB759C8B3F0}.Release|Any CPU.Build.0 = Release|Any CPU
		{8E305BB1-1CB1-40E8-AD57-2DB759C8B3F0}.Release|iPhone.ActiveCfg = Release|Any CPU
		{8E305BB1-1CB1-40E8-AD57-2DB759C8B3F0}.Release|iPhone.Build.0 = Release|Any CPU
		{8E305BB1-1CB1-40E8-AD57-2DB759C8B3F0}.Release|iPhoneSimulator.ActiveCfg = Release|Any CPU
		{8E305BB1-1CB1-40E8-AD57-2DB759C8B3F0}.Release|iPhoneSimulator.Build.0 = Release|Any CPU
		{E15DFAF1-466D-42B2-BC22-5E7A944B4AA3}.Debug|Any CPU.ActiveCfg = Debug|Any CPU
		{E15DFAF1-466D-42B2-BC22-5E7A944B4AA3}.Debug|Any CPU.Build.0 = Debug|Any CPU
		{E15DFAF1-466D-42B2-BC22-5E7A944B4AA3}.Debug|Any CPU.Deploy.0 = Debug|Any CPU
		{E15DFAF1-466D-42B2-BC22-5E7A944B4AA3}.Debug|iPhone.ActiveCfg = Debug|Any CPU
		{E15DFAF1-466D-42B2-BC22-5E7A944B4AA3}.Debug|iPhone.Build.0 = Debug|Any CPU
		{E15DFAF1-466D-42B2-BC22-5E7A944B4AA3}.Debug|iPhone.Deploy.0 = Debug|Any CPU
		{E15DFAF1-466D-42B2-BC22-5E7A944B4AA3}.Debug|iPhoneSimulator.ActiveCfg = Debug|Any CPU
		{E15DFAF1-466D-42B2-BC22-5E7A944B4AA3}.Debug|iPhoneSimulator.Build.0 = Debug|Any CPU
		{E15DFAF1-466D-42B2-BC22-5E7A944B4AA3}.Debug|iPhoneSimulator.Deploy.0 = Debug|Any CPU
		{E15DFAF1-466D-42B2-BC22-5E7A944B4AA3}.Release|Any CPU.ActiveCfg = Release|Any CPU
		{E15DFAF1-466D-42B2-BC22-5E7A944B4AA3}.Release|Any CPU.Build.0 = Release|Any CPU
		{E15DFAF1-466D-42B2-BC22-5E7A944B4AA3}.Release|Any CPU.Deploy.0 = Release|Any CPU
		{E15DFAF1-466D-42B2-BC22-5E7A944B4AA3}.Release|iPhone.ActiveCfg = Release|Any CPU
		{E15DFAF1-466D-42B2-BC22-5E7A944B4AA3}.Release|iPhone.Build.0 = Release|Any CPU
		{E15DFAF1-466D-42B2-BC22-5E7A944B4AA3}.Release|iPhone.Deploy.0 = Release|Any CPU
		{E15DFAF1-466D-42B2-BC22-5E7A944B4AA3}.Release|iPhoneSimulator.ActiveCfg = Release|Any CPU
		{E15DFAF1-466D-42B2-BC22-5E7A944B4AA3}.Release|iPhoneSimulator.Build.0 = Release|Any CPU
		{E15DFAF1-466D-42B2-BC22-5E7A944B4AA3}.Release|iPhoneSimulator.Deploy.0 = Release|Any CPU
		{863D937A-9CB2-46F9-BBEE-8573FBE749FD}.Debug|Any CPU.ActiveCfg = Debug|iPhoneSimulator
		{863D937A-9CB2-46F9-BBEE-8573FBE749FD}.Debug|iPhone.ActiveCfg = Debug|iPhone
		{863D937A-9CB2-46F9-BBEE-8573FBE749FD}.Debug|iPhone.Build.0 = Debug|iPhone
		{863D937A-9CB2-46F9-BBEE-8573FBE749FD}.Debug|iPhoneSimulator.ActiveCfg = Debug|iPhoneSimulator
		{863D937A-9CB2-46F9-BBEE-8573FBE749FD}.Debug|iPhoneSimulator.Build.0 = Debug|iPhoneSimulator
		{863D937A-9CB2-46F9-BBEE-8573FBE749FD}.Release|Any CPU.ActiveCfg = Release|iPhoneSimulator
		{863D937A-9CB2-46F9-BBEE-8573FBE749FD}.Release|iPhone.ActiveCfg = Release|iPhone
		{863D937A-9CB2-46F9-BBEE-8573FBE749FD}.Release|iPhone.Build.0 = Release|iPhone
		{863D937A-9CB2-46F9-BBEE-8573FBE749FD}.Release|iPhoneSimulator.ActiveCfg = Release|iPhoneSimulator
		{863D937A-9CB2-46F9-BBEE-8573FBE749FD}.Release|iPhoneSimulator.Build.0 = Release|iPhoneSimulator
		{E62BC4FD-6269-4AB4-9389-9A48FECBF902}.Debug|Any CPU.ActiveCfg = Debug|Any CPU
		{E62BC4FD-6269-4AB4-9389-9A48FECBF902}.Debug|Any CPU.Build.0 = Debug|Any CPU
		{E62BC4FD-6269-4AB4-9389-9A48FECBF902}.Debug|iPhone.ActiveCfg = Debug|Any CPU
		{E62BC4FD-6269-4AB4-9389-9A48FECBF902}.Debug|iPhone.Build.0 = Debug|Any CPU
		{E62BC4FD-6269-4AB4-9389-9A48FECBF902}.Debug|iPhoneSimulator.ActiveCfg = Debug|Any CPU
		{E62BC4FD-6269-4AB4-9389-9A48FECBF902}.Debug|iPhoneSimulator.Build.0 = Debug|Any CPU
		{E62BC4FD-6269-4AB4-9389-9A48FECBF902}.Release|Any CPU.ActiveCfg = Release|Any CPU
		{E62BC4FD-6269-4AB4-9389-9A48FECBF902}.Release|Any CPU.Build.0 = Release|Any CPU
		{E62BC4FD-6269-4AB4-9389-9A48FECBF902}.Release|iPhone.ActiveCfg = Release|Any CPU
		{E62BC4FD-6269-4AB4-9389-9A48FECBF902}.Release|iPhone.Build.0 = Release|Any CPU
		{E62BC4FD-6269-4AB4-9389-9A48FECBF902}.Release|iPhoneSimulator.ActiveCfg = Release|Any CPU
		{E62BC4FD-6269-4AB4-9389-9A48FECBF902}.Release|iPhoneSimulator.Build.0 = Release|Any CPU
		{1F63046B-32AB-4E23-9D4F-8C1F376F91DB}.Debug|Any CPU.ActiveCfg = Debug|Any CPU
		{1F63046B-32AB-4E23-9D4F-8C1F376F91DB}.Debug|Any CPU.Build.0 = Debug|Any CPU
		{1F63046B-32AB-4E23-9D4F-8C1F376F91DB}.Debug|Any CPU.Deploy.0 = Debug|Any CPU
		{1F63046B-32AB-4E23-9D4F-8C1F376F91DB}.Debug|iPhone.ActiveCfg = Debug|Any CPU
		{1F63046B-32AB-4E23-9D4F-8C1F376F91DB}.Debug|iPhone.Build.0 = Debug|Any CPU
		{1F63046B-32AB-4E23-9D4F-8C1F376F91DB}.Debug|iPhone.Deploy.0 = Debug|Any CPU
		{1F63046B-32AB-4E23-9D4F-8C1F376F91DB}.Debug|iPhoneSimulator.ActiveCfg = Debug|Any CPU
		{1F63046B-32AB-4E23-9D4F-8C1F376F91DB}.Debug|iPhoneSimulator.Build.0 = Debug|Any CPU
		{1F63046B-32AB-4E23-9D4F-8C1F376F91DB}.Debug|iPhoneSimulator.Deploy.0 = Debug|Any CPU
		{1F63046B-32AB-4E23-9D4F-8C1F376F91DB}.Release|Any CPU.ActiveCfg = Release|Any CPU
		{1F63046B-32AB-4E23-9D4F-8C1F376F91DB}.Release|Any CPU.Build.0 = Release|Any CPU
		{1F63046B-32AB-4E23-9D4F-8C1F376F91DB}.Release|Any CPU.Deploy.0 = Release|Any CPU
		{1F63046B-32AB-4E23-9D4F-8C1F376F91DB}.Release|iPhone.ActiveCfg = Release|Any CPU
		{1F63046B-32AB-4E23-9D4F-8C1F376F91DB}.Release|iPhone.Build.0 = Release|Any CPU
		{1F63046B-32AB-4E23-9D4F-8C1F376F91DB}.Release|iPhone.Deploy.0 = Release|Any CPU
		{1F63046B-32AB-4E23-9D4F-8C1F376F91DB}.Release|iPhoneSimulator.ActiveCfg = Release|Any CPU
		{1F63046B-32AB-4E23-9D4F-8C1F376F91DB}.Release|iPhoneSimulator.Build.0 = Release|Any CPU
		{1F63046B-32AB-4E23-9D4F-8C1F376F91DB}.Release|iPhoneSimulator.Deploy.0 = Release|Any CPU
		{9E680A77-FE53-4705-9B1C-EC60CD5DF900}.Debug|Any CPU.ActiveCfg = Debug|iPhoneSimulator
		{9E680A77-FE53-4705-9B1C-EC60CD5DF900}.Debug|iPhone.ActiveCfg = Debug|iPhone
		{9E680A77-FE53-4705-9B1C-EC60CD5DF900}.Debug|iPhone.Build.0 = Debug|iPhone
		{9E680A77-FE53-4705-9B1C-EC60CD5DF900}.Debug|iPhoneSimulator.ActiveCfg = Debug|iPhoneSimulator
		{9E680A77-FE53-4705-9B1C-EC60CD5DF900}.Debug|iPhoneSimulator.Build.0 = Debug|iPhoneSimulator
		{9E680A77-FE53-4705-9B1C-EC60CD5DF900}.Release|Any CPU.ActiveCfg = Release|iPhoneSimulator
		{9E680A77-FE53-4705-9B1C-EC60CD5DF900}.Release|iPhone.ActiveCfg = Release|iPhone
		{9E680A77-FE53-4705-9B1C-EC60CD5DF900}.Release|iPhone.Build.0 = Release|iPhone
		{9E680A77-FE53-4705-9B1C-EC60CD5DF900}.Release|iPhoneSimulator.ActiveCfg = Release|iPhoneSimulator
		{9E680A77-FE53-4705-9B1C-EC60CD5DF900}.Release|iPhoneSimulator.Build.0 = Release|iPhoneSimulator
		{DA81290D-170B-4437-BC34-ACD71647EC78}.Debug|Any CPU.ActiveCfg = Debug|Any CPU
		{DA81290D-170B-4437-BC34-ACD71647EC78}.Debug|Any CPU.Build.0 = Debug|Any CPU
		{DA81290D-170B-4437-BC34-ACD71647EC78}.Debug|iPhone.ActiveCfg = Debug|Any CPU
		{DA81290D-170B-4437-BC34-ACD71647EC78}.Debug|iPhone.Build.0 = Debug|Any CPU
		{DA81290D-170B-4437-BC34-ACD71647EC78}.Debug|iPhoneSimulator.ActiveCfg = Debug|Any CPU
		{DA81290D-170B-4437-BC34-ACD71647EC78}.Debug|iPhoneSimulator.Build.0 = Debug|Any CPU
		{DA81290D-170B-4437-BC34-ACD71647EC78}.Release|Any CPU.ActiveCfg = Release|Any CPU
		{DA81290D-170B-4437-BC34-ACD71647EC78}.Release|Any CPU.Build.0 = Release|Any CPU
		{DA81290D-170B-4437-BC34-ACD71647EC78}.Release|iPhone.ActiveCfg = Release|Any CPU
		{DA81290D-170B-4437-BC34-ACD71647EC78}.Release|iPhone.Build.0 = Release|Any CPU
		{DA81290D-170B-4437-BC34-ACD71647EC78}.Release|iPhoneSimulator.ActiveCfg = Release|Any CPU
		{DA81290D-170B-4437-BC34-ACD71647EC78}.Release|iPhoneSimulator.Build.0 = Release|Any CPU
		{60EC12BB-EDFA-4D1D-8884-C2679B1DA6E2}.Debug|Any CPU.ActiveCfg = Debug|Any CPU
		{60EC12BB-EDFA-4D1D-8884-C2679B1DA6E2}.Debug|Any CPU.Build.0 = Debug|Any CPU
		{60EC12BB-EDFA-4D1D-8884-C2679B1DA6E2}.Debug|Any CPU.Deploy.0 = Debug|Any CPU
		{60EC12BB-EDFA-4D1D-8884-C2679B1DA6E2}.Debug|iPhone.ActiveCfg = Debug|Any CPU
		{60EC12BB-EDFA-4D1D-8884-C2679B1DA6E2}.Debug|iPhone.Build.0 = Debug|Any CPU
		{60EC12BB-EDFA-4D1D-8884-C2679B1DA6E2}.Debug|iPhone.Deploy.0 = Debug|Any CPU
		{60EC12BB-EDFA-4D1D-8884-C2679B1DA6E2}.Debug|iPhoneSimulator.ActiveCfg = Debug|Any CPU
		{60EC12BB-EDFA-4D1D-8884-C2679B1DA6E2}.Debug|iPhoneSimulator.Build.0 = Debug|Any CPU
		{60EC12BB-EDFA-4D1D-8884-C2679B1DA6E2}.Debug|iPhoneSimulator.Deploy.0 = Debug|Any CPU
		{60EC12BB-EDFA-4D1D-8884-C2679B1DA6E2}.Release|Any CPU.ActiveCfg = Release|Any CPU
		{60EC12BB-EDFA-4D1D-8884-C2679B1DA6E2}.Release|Any CPU.Build.0 = Release|Any CPU
		{60EC12BB-EDFA-4D1D-8884-C2679B1DA6E2}.Release|Any CPU.Deploy.0 = Release|Any CPU
		{60EC12BB-EDFA-4D1D-8884-C2679B1DA6E2}.Release|iPhone.ActiveCfg = Release|Any CPU
		{60EC12BB-EDFA-4D1D-8884-C2679B1DA6E2}.Release|iPhone.Build.0 = Release|Any CPU
		{60EC12BB-EDFA-4D1D-8884-C2679B1DA6E2}.Release|iPhone.Deploy.0 = Release|Any CPU
		{60EC12BB-EDFA-4D1D-8884-C2679B1DA6E2}.Release|iPhoneSimulator.ActiveCfg = Release|Any CPU
		{60EC12BB-EDFA-4D1D-8884-C2679B1DA6E2}.Release|iPhoneSimulator.Build.0 = Release|Any CPU
		{60EC12BB-EDFA-4D1D-8884-C2679B1DA6E2}.Release|iPhoneSimulator.Deploy.0 = Release|Any CPU
		{1717661E-808B-4CBD-A228-C76F8BB1C0FA}.Debug|Any CPU.ActiveCfg = Debug|iPhoneSimulator
		{1717661E-808B-4CBD-A228-C76F8BB1C0FA}.Debug|iPhone.ActiveCfg = Debug|iPhone
		{1717661E-808B-4CBD-A228-C76F8BB1C0FA}.Debug|iPhone.Build.0 = Debug|iPhone
		{1717661E-808B-4CBD-A228-C76F8BB1C0FA}.Debug|iPhoneSimulator.ActiveCfg = Debug|iPhoneSimulator
		{1717661E-808B-4CBD-A228-C76F8BB1C0FA}.Debug|iPhoneSimulator.Build.0 = Debug|iPhoneSimulator
		{1717661E-808B-4CBD-A228-C76F8BB1C0FA}.Release|Any CPU.ActiveCfg = Release|iPhoneSimulator
		{1717661E-808B-4CBD-A228-C76F8BB1C0FA}.Release|iPhone.ActiveCfg = Release|iPhone
		{1717661E-808B-4CBD-A228-C76F8BB1C0FA}.Release|iPhone.Build.0 = Release|iPhone
		{1717661E-808B-4CBD-A228-C76F8BB1C0FA}.Release|iPhoneSimulator.ActiveCfg = Release|iPhoneSimulator
		{1717661E-808B-4CBD-A228-C76F8BB1C0FA}.Release|iPhoneSimulator.Build.0 = Release|iPhoneSimulator
		{D145AEB2-2196-452A-94BE-698F75DC4535}.Debug|Any CPU.ActiveCfg = Debug|Any CPU
		{D145AEB2-2196-452A-94BE-698F75DC4535}.Debug|Any CPU.Build.0 = Debug|Any CPU
		{D145AEB2-2196-452A-94BE-698F75DC4535}.Debug|iPhone.ActiveCfg = Debug|Any CPU
		{D145AEB2-2196-452A-94BE-698F75DC4535}.Debug|iPhone.Build.0 = Debug|Any CPU
		{D145AEB2-2196-452A-94BE-698F75DC4535}.Debug|iPhoneSimulator.ActiveCfg = Debug|Any CPU
		{D145AEB2-2196-452A-94BE-698F75DC4535}.Debug|iPhoneSimulator.Build.0 = Debug|Any CPU
		{D145AEB2-2196-452A-94BE-698F75DC4535}.Release|Any CPU.ActiveCfg = Release|Any CPU
		{D145AEB2-2196-452A-94BE-698F75DC4535}.Release|Any CPU.Build.0 = Release|Any CPU
		{D145AEB2-2196-452A-94BE-698F75DC4535}.Release|iPhone.ActiveCfg = Release|Any CPU
		{D145AEB2-2196-452A-94BE-698F75DC4535}.Release|iPhone.Build.0 = Release|Any CPU
		{D145AEB2-2196-452A-94BE-698F75DC4535}.Release|iPhoneSimulator.ActiveCfg = Release|Any CPU
		{D145AEB2-2196-452A-94BE-698F75DC4535}.Release|iPhoneSimulator.Build.0 = Release|Any CPU
		{95C67239-1825-473F-A5CF-EA0849C57CF7}.Debug|Any CPU.ActiveCfg = Debug|Any CPU
		{95C67239-1825-473F-A5CF-EA0849C57CF7}.Debug|Any CPU.Build.0 = Debug|Any CPU
		{95C67239-1825-473F-A5CF-EA0849C57CF7}.Debug|Any CPU.Deploy.0 = Debug|Any CPU
		{95C67239-1825-473F-A5CF-EA0849C57CF7}.Debug|iPhone.ActiveCfg = Debug|Any CPU
		{95C67239-1825-473F-A5CF-EA0849C57CF7}.Debug|iPhone.Build.0 = Debug|Any CPU
		{95C67239-1825-473F-A5CF-EA0849C57CF7}.Debug|iPhone.Deploy.0 = Debug|Any CPU
		{95C67239-1825-473F-A5CF-EA0849C57CF7}.Debug|iPhoneSimulator.ActiveCfg = Debug|Any CPU
		{95C67239-1825-473F-A5CF-EA0849C57CF7}.Debug|iPhoneSimulator.Build.0 = Debug|Any CPU
		{95C67239-1825-473F-A5CF-EA0849C57CF7}.Debug|iPhoneSimulator.Deploy.0 = Debug|Any CPU
		{95C67239-1825-473F-A5CF-EA0849C57CF7}.Release|Any CPU.ActiveCfg = Release|Any CPU
		{95C67239-1825-473F-A5CF-EA0849C57CF7}.Release|Any CPU.Build.0 = Release|Any CPU
		{95C67239-1825-473F-A5CF-EA0849C57CF7}.Release|Any CPU.Deploy.0 = Release|Any CPU
		{95C67239-1825-473F-A5CF-EA0849C57CF7}.Release|iPhone.ActiveCfg = Release|Any CPU
		{95C67239-1825-473F-A5CF-EA0849C57CF7}.Release|iPhone.Build.0 = Release|Any CPU
		{95C67239-1825-473F-A5CF-EA0849C57CF7}.Release|iPhone.Deploy.0 = Release|Any CPU
		{95C67239-1825-473F-A5CF-EA0849C57CF7}.Release|iPhoneSimulator.ActiveCfg = Release|Any CPU
		{95C67239-1825-473F-A5CF-EA0849C57CF7}.Release|iPhoneSimulator.Build.0 = Release|Any CPU
		{95C67239-1825-473F-A5CF-EA0849C57CF7}.Release|iPhoneSimulator.Deploy.0 = Release|Any CPU
		{40337C82-95A2-4EF4-9BC6-72DBB8F5C218}.Debug|Any CPU.ActiveCfg = Debug|iPhoneSimulator
		{40337C82-95A2-4EF4-9BC6-72DBB8F5C218}.Debug|iPhone.ActiveCfg = Debug|iPhone
		{40337C82-95A2-4EF4-9BC6-72DBB8F5C218}.Debug|iPhone.Build.0 = Debug|iPhone
		{40337C82-95A2-4EF4-9BC6-72DBB8F5C218}.Debug|iPhoneSimulator.ActiveCfg = Debug|iPhoneSimulator
		{40337C82-95A2-4EF4-9BC6-72DBB8F5C218}.Debug|iPhoneSimulator.Build.0 = Debug|iPhoneSimulator
		{40337C82-95A2-4EF4-9BC6-72DBB8F5C218}.Release|Any CPU.ActiveCfg = Release|iPhoneSimulator
		{40337C82-95A2-4EF4-9BC6-72DBB8F5C218}.Release|iPhone.ActiveCfg = Release|iPhone
		{40337C82-95A2-4EF4-9BC6-72DBB8F5C218}.Release|iPhone.Build.0 = Release|iPhone
		{40337C82-95A2-4EF4-9BC6-72DBB8F5C218}.Release|iPhoneSimulator.ActiveCfg = Release|iPhoneSimulator
		{40337C82-95A2-4EF4-9BC6-72DBB8F5C218}.Release|iPhoneSimulator.Build.0 = Release|iPhoneSimulator
		{DB9CC9AE-1DDA-4767-8DAB-AC8323A15DAE}.Debug|Any CPU.ActiveCfg = Debug|Any CPU
		{DB9CC9AE-1DDA-4767-8DAB-AC8323A15DAE}.Debug|Any CPU.Build.0 = Debug|Any CPU
		{DB9CC9AE-1DDA-4767-8DAB-AC8323A15DAE}.Debug|iPhone.ActiveCfg = Debug|Any CPU
		{DB9CC9AE-1DDA-4767-8DAB-AC8323A15DAE}.Debug|iPhone.Build.0 = Debug|Any CPU
		{DB9CC9AE-1DDA-4767-8DAB-AC8323A15DAE}.Debug|iPhoneSimulator.ActiveCfg = Debug|Any CPU
		{DB9CC9AE-1DDA-4767-8DAB-AC8323A15DAE}.Debug|iPhoneSimulator.Build.0 = Debug|Any CPU
		{DB9CC9AE-1DDA-4767-8DAB-AC8323A15DAE}.Release|Any CPU.ActiveCfg = Release|Any CPU
		{DB9CC9AE-1DDA-4767-8DAB-AC8323A15DAE}.Release|Any CPU.Build.0 = Release|Any CPU
		{DB9CC9AE-1DDA-4767-8DAB-AC8323A15DAE}.Release|iPhone.ActiveCfg = Release|Any CPU
		{DB9CC9AE-1DDA-4767-8DAB-AC8323A15DAE}.Release|iPhone.Build.0 = Release|Any CPU
		{DB9CC9AE-1DDA-4767-8DAB-AC8323A15DAE}.Release|iPhoneSimulator.ActiveCfg = Release|Any CPU
		{DB9CC9AE-1DDA-4767-8DAB-AC8323A15DAE}.Release|iPhoneSimulator.Build.0 = Release|Any CPU
	EndGlobalSection
	GlobalSection(SolutionProperties) = preSolution
		HideSolutionNode = FALSE
	EndGlobalSection
	GlobalSection(NestedProjects) = preSolution
		{48BE6D6D-1697-4AC8-B9A4-D9CBA12CD396} = {7386F6CF-9986-46E2-848F-B897C25DF478}
		{18EECE2F-884C-479A-8E3C-65E969374DD8} = {7386F6CF-9986-46E2-848F-B897C25DF478}
		{D29C570B-7E6A-4C68-8B99-36A6DF1D0108} = {7386F6CF-9986-46E2-848F-B897C25DF478}
		{2CA3B356-7D2F-4DD5-B3DC-6BD7EA3D2BFD} = {7EDE41A1-943A-4C6D-A2E7-8E3271B2FD94}
		{7386F6CF-9986-46E2-848F-B897C25DF478} = {E3DA4727-0E77-475B-8E58-EF7C4FEC3817}
		{7EDE41A1-943A-4C6D-A2E7-8E3271B2FD94} = {F489FBD8-11AE-408F-A0FA-865AE63EC54D}
		{6D394FAC-2CDB-439E-8C41-D7EF55262805} = {7EDE41A1-943A-4C6D-A2E7-8E3271B2FD94}
		{EA9797C5-2F73-483B-BDF5-B48BA6CD5C7B} = {7EDE41A1-943A-4C6D-A2E7-8E3271B2FD94}
		{6596D60E-4AD5-4D6B-A209-304E4E6780E0} = {E3DA4727-0E77-475B-8E58-EF7C4FEC3817}
		{F9E50C93-37B9-42CA-B38C-04E389E141B5} = {F489FBD8-11AE-408F-A0FA-865AE63EC54D}
		{0AD3E7CF-C9C7-45A1-BC3F-7CBBA7A57B63} = {F9E50C93-37B9-42CA-B38C-04E389E141B5}
		{65837E2B-1EA5-4ACA-9F11-280DE163FDAF} = {F9E50C93-37B9-42CA-B38C-04E389E141B5}
		{67255704-A114-432D-BF90-17DE8B73EE03} = {F9E50C93-37B9-42CA-B38C-04E389E141B5}
		{5395DBD1-54C7-4EB1-8691-A0E0789A02F4} = {E3DA4727-0E77-475B-8E58-EF7C4FEC3817}
		{F138F2C0-B0F8-47BD-A5DF-199F645CE663} = {5395DBD1-54C7-4EB1-8691-A0E0789A02F4}
		{590E589A-C3B8-42CF-B2FC-AD926E033B5A} = {5395DBD1-54C7-4EB1-8691-A0E0789A02F4}
		{2FD40EA7-9EF0-4C03-9274-705B16F44A6B} = {5395DBD1-54C7-4EB1-8691-A0E0789A02F4}
		{E5CA1DDA-C46E-4DDA-A9FD-643226682C0D} = {F489FBD8-11AE-408F-A0FA-865AE63EC54D}
		{38F72A86-6622-467C-AC05-CEE423D87AD5} = {E5CA1DDA-C46E-4DDA-A9FD-643226682C0D}
		{CE1AFBBE-54A3-459D-BBEE-02012DE1E3BD} = {E5CA1DDA-C46E-4DDA-A9FD-643226682C0D}
		{051774CA-6A89-4416-9A83-82EB3C641CD0} = {E5CA1DDA-C46E-4DDA-A9FD-643226682C0D}
		{FAB94CAA-9860-4B4B-A19B-C0A9ED8C528D} = {E3DA4727-0E77-475B-8E58-EF7C4FEC3817}
		{337CC17A-5445-4D0A-9F50-B7BD9CB481CF} = {FAB94CAA-9860-4B4B-A19B-C0A9ED8C528D}
		{91647F9D-D101-4764-9A60-2B06CA646E96} = {FAB94CAA-9860-4B4B-A19B-C0A9ED8C528D}
		{4C94F584-FA87-422C-93D7-E7EF5D8E0CF2} = {FAB94CAA-9860-4B4B-A19B-C0A9ED8C528D}
		{3F6809BF-D244-4C7E-9F9D-FA57BB4BDB0F} = {6596D60E-4AD5-4D6B-A209-304E4E6780E0}
		{3549154D-279B-4DA2-87B7-D3A42DE6243B} = {6596D60E-4AD5-4D6B-A209-304E4E6780E0}
		{B3C1B1B1-5330-487E-80A7-D902FC1A7EED} = {6596D60E-4AD5-4D6B-A209-304E4E6780E0}
		{7E96AE1C-9B53-4125-ABBA-CF6EFC2866EC} = {F489FBD8-11AE-408F-A0FA-865AE63EC54D}
		{EFB6DB9B-F191-4FEF-8033-184C6FEB0B22} = {E3DA4727-0E77-475B-8E58-EF7C4FEC3817}
		{01A81AE3-40A1-4849-9F39-9462EB75799F} = {7E96AE1C-9B53-4125-ABBA-CF6EFC2866EC}
		{370A926A-1D66-4EAA-9B81-788CD5F26E8E} = {7E96AE1C-9B53-4125-ABBA-CF6EFC2866EC}
		{0FEE46C4-DF23-4287-88FE-45D93917CA0C} = {7E96AE1C-9B53-4125-ABBA-CF6EFC2866EC}
		{B34A9192-CD06-4F3F-BBA4-09463F1F088B} = {F489FBD8-11AE-408F-A0FA-865AE63EC54D}
		{AA71B099-5561-49A3-9A62-92ACC2E0AED3} = {84105444-8C2C-4A41-B2DE-86427B2C2EB1}
		{A322B8CD-6889-4633-9CB1-313A4CD289C1} = {84105444-8C2C-4A41-B2DE-86427B2C2EB1}
		{9DB3D788-2FA5-46F9-97A0-0BE512218CC9} = {84105444-8C2C-4A41-B2DE-86427B2C2EB1}
		{84105444-8C2C-4A41-B2DE-86427B2C2EB1} = {B34A9192-CD06-4F3F-BBA4-09463F1F088B}
		{7B3BB520-CB7D-4768-A41C-73B2AE6F92BE} = {B34A9192-CD06-4F3F-BBA4-09463F1F088B}
		{F975B36A-DB8A-4371-B6E6-7BC6E01B2554} = {7B3BB520-CB7D-4768-A41C-73B2AE6F92BE}
		{44BB0981-A408-45EB-BC69-5597E77DFD32} = {7B3BB520-CB7D-4768-A41C-73B2AE6F92BE}
		{B3F5792D-0608-466B-A7A3-23373E738AD7} = {7B3BB520-CB7D-4768-A41C-73B2AE6F92BE}
		{172A1CEC-D613-4EAA-96A5-CC9908FF9BFD} = {B34A9192-CD06-4F3F-BBA4-09463F1F088B}
		{B4F30ADC-D5F2-4E1C-A4B4-3FA8E5E3B57C} = {172A1CEC-D613-4EAA-96A5-CC9908FF9BFD}
		{E6D6A9C4-6370-456A-8F91-EBBB743FAD12} = {172A1CEC-D613-4EAA-96A5-CC9908FF9BFD}
		{80BD48D3-AA93-4596-A7EB-CB25544763E9} = {172A1CEC-D613-4EAA-96A5-CC9908FF9BFD}
		{5903D9BB-9D6A-4493-86E9-258B1206A773} = {B34A9192-CD06-4F3F-BBA4-09463F1F088B}
		{492095D6-7EC2-4993-80BB-A391B3EC84D7} = {5903D9BB-9D6A-4493-86E9-258B1206A773}
		{758A4966-E72B-436C-B045-D7F247D4A0A2} = {5903D9BB-9D6A-4493-86E9-258B1206A773}
		{BB298AC4-DD95-4D7C-8EE3-2F3A5CE20A8D} = {5903D9BB-9D6A-4493-86E9-258B1206A773}
		{4CBCD2DC-26E0-478E-BF07-F85C67F95756} = {B34A9192-CD06-4F3F-BBA4-09463F1F088B}
		{4EFDBCDE-C06A-4C06-93B7-B0731B7B901C} = {4CBCD2DC-26E0-478E-BF07-F85C67F95756}
		{B5AF8DC0-3DA9-4619-A0DF-5235C390D05F} = {4CBCD2DC-26E0-478E-BF07-F85C67F95756}
		{B23ABB3E-2ECF-4AD2-A624-03B89E24580E} = {4CBCD2DC-26E0-478E-BF07-F85C67F95756}
		{EED86FEF-B34E-499F-BF33-F19830177459} = {B34A9192-CD06-4F3F-BBA4-09463F1F088B}
		{F25BBDFA-C133-4BD0-B453-0122225900A7} = {EED86FEF-B34E-499F-BF33-F19830177459}
		{E3AE01CD-2E7F-4B4F-B9E6-2D65BA67C9D6} = {EED86FEF-B34E-499F-BF33-F19830177459}
		{7E4CC0D1-2DEC-4F7F-9F48-940510871E2C} = {EED86FEF-B34E-499F-BF33-F19830177459}
		{1923C9F0-989F-46EA-BCE4-472B186878EB} = {B34A9192-CD06-4F3F-BBA4-09463F1F088B}
		{F6819068-8A99-459C-9086-DEF5044EE400} = {1923C9F0-989F-46EA-BCE4-472B186878EB}
		{8C505445-FF55-4D9E-95A0-6329BBEA8681} = {1923C9F0-989F-46EA-BCE4-472B186878EB}
		{F66B6544-2A54-4966-80BA-75491C87EEE9} = {1923C9F0-989F-46EA-BCE4-472B186878EB}
		{5FCCE29D-F638-4D67-A7C0-D4D22CEC93CF} = {E3DA4727-0E77-475B-8E58-EF7C4FEC3817}
		{B41D0926-73A4-46BD-909B-34A40CD2B1EC} = {5FCCE29D-F638-4D67-A7C0-D4D22CEC93CF}
		{72DCBE00-016D-4106-A57B-F813494584FE} = {5FCCE29D-F638-4D67-A7C0-D4D22CEC93CF}
		{FC87BED0-2BFE-40A7-83BE-C46CAF372031} = {5FCCE29D-F638-4D67-A7C0-D4D22CEC93CF}
		{0F40E47C-2B09-40BF-BDD8-6033F9BA1F70} = {F489FBD8-11AE-408F-A0FA-865AE63EC54D}
		{E452FF8E-DEE3-4496-BAEA-5FF138CEB827} = {0F40E47C-2B09-40BF-BDD8-6033F9BA1F70}
		{B846DFF1-505A-4103-928D-F8D385BDD542} = {0F40E47C-2B09-40BF-BDD8-6033F9BA1F70}
		{96986DF9-29FF-4E2D-97EC-5F4C937F41A3} = {0F40E47C-2B09-40BF-BDD8-6033F9BA1F70}
		{87E0E529-8A78-4F43-BA78-8248EF87045B} = {EFB6DB9B-F191-4FEF-8033-184C6FEB0B22}
		{DD8DC872-38E8-4ADE-8CE9-BE746585CFA3} = {EFB6DB9B-F191-4FEF-8033-184C6FEB0B22}
		{8E305BB1-1CB1-40E8-AD57-2DB759C8B3F0} = {EFB6DB9B-F191-4FEF-8033-184C6FEB0B22}
		{2C739645-F7BD-43E4-BF00-FC7FC89D9909} = {E3DA4727-0E77-475B-8E58-EF7C4FEC3817}
		{E15DFAF1-466D-42B2-BC22-5E7A944B4AA3} = {2C739645-F7BD-43E4-BF00-FC7FC89D9909}
		{863D937A-9CB2-46F9-BBEE-8573FBE749FD} = {2C739645-F7BD-43E4-BF00-FC7FC89D9909}
		{E62BC4FD-6269-4AB4-9389-9A48FECBF902} = {2C739645-F7BD-43E4-BF00-FC7FC89D9909}
		{2FE09CF5-9431-46ED-BD34-A3113F83712B} = {F489FBD8-11AE-408F-A0FA-865AE63EC54D}
		{1F63046B-32AB-4E23-9D4F-8C1F376F91DB} = {2FE09CF5-9431-46ED-BD34-A3113F83712B}
		{9E680A77-FE53-4705-9B1C-EC60CD5DF900} = {2FE09CF5-9431-46ED-BD34-A3113F83712B}
		{DA81290D-170B-4437-BC34-ACD71647EC78} = {2FE09CF5-9431-46ED-BD34-A3113F83712B}
		{81A4EA66-8952-4756-ACA2-1641085AE4ED} = {E3DA4727-0E77-475B-8E58-EF7C4FEC3817}
		{60EC12BB-EDFA-4D1D-8884-C2679B1DA6E2} = {81A4EA66-8952-4756-ACA2-1641085AE4ED}
		{1717661E-808B-4CBD-A228-C76F8BB1C0FA} = {81A4EA66-8952-4756-ACA2-1641085AE4ED}
		{D145AEB2-2196-452A-94BE-698F75DC4535} = {81A4EA66-8952-4756-ACA2-1641085AE4ED}
		{7445121C-3010-4DD4-A2A8-AB8BC0BAC1B8} = {F489FBD8-11AE-408F-A0FA-865AE63EC54D}
		{5FBCAFDC-0E07-40B2-B14B-5265D20DE5BF} = {E3DA4727-0E77-475B-8E58-EF7C4FEC3817}
		{95C67239-1825-473F-A5CF-EA0849C57CF7} = {7445121C-3010-4DD4-A2A8-AB8BC0BAC1B8}
		{40337C82-95A2-4EF4-9BC6-72DBB8F5C218} = {7445121C-3010-4DD4-A2A8-AB8BC0BAC1B8}
		{DB9CC9AE-1DDA-4767-8DAB-AC8323A15DAE} = {7445121C-3010-4DD4-A2A8-AB8BC0BAC1B8}
	EndGlobalSection
	GlobalSection(ExtensibilityGlobals) = postSolution
		SolutionGuid = {D2EA9D3A-F058-42BC-993D-DCECCC36DFF5}
	EndGlobalSection
EndGlobal
