
Microsoft Visual Studio Solution File, Format Version 12.00
# Visual Studio Version 16
VisualStudioVersion = 16.0.30204.135
MinimumVisualStudioVersion = 10.0.40219.1
Project("{FAE04EC0-301F-11D3-BF4B-00C04F79EFBC}") = "Exercice1.Android", "Exercice1\Exercice1.Android\Exercice1.Android.csproj", "{48BE6D6D-1697-4AC8-B9A4-D9CBA12CD396}"
EndProject
Project("{FAE04EC0-301F-11D3-BF4B-00C04F79EFBC}") = "Exercice1.iOS", "Exercice1\Exercice1.iOS\Exercice1.iOS.csproj", "{18EECE2F-884C-479A-8E3C-65E969374DD8}"
EndProject
Project("{9A19103F-16F7-4668-BE54-9A1E7A4F7556}") = "Exercice1", "Exercice1\Exercice1\Exercice1.csproj", "{D29C570B-7E6A-4C68-8B99-36A6DF1D0108}"
EndProject
Project("{2150E333-8FDC-42A3-9474-1A3956D46DE8}") = "Exercices", "Exercices", "{E3DA4727-0E77-475B-8E58-EF7C4FEC3817}"
EndProject
Project("{2150E333-8FDC-42A3-9474-1A3956D46DE8}") = "Course codes", "Course codes", "{F489FBD8-11AE-408F-A0FA-865AE63EC54D}"
EndProject
Project("{9A19103F-16F7-4668-BE54-9A1E7A4F7556}") = "LuckyNumber", "LuckyNumber\LuckyNumber\LuckyNumber.csproj", "{2CA3B356-7D2F-4DD5-B3DC-6BD7EA3D2BFD}"
EndProject
Project("{2150E333-8FDC-42A3-9474-1A3956D46DE8}") = "1 Quotes", "1 Quotes", "{7386F6CF-9986-46E2-848F-B897C25DF478}"
EndProject
Project("{2150E333-8FDC-42A3-9474-1A3956D46DE8}") = "1 Lucky Number", "1 Lucky Number", "{7EDE41A1-943A-4C6D-A2E7-8E3271B2FD94}"
EndProject
Project("{FAE04EC0-301F-11D3-BF4B-00C04F79EFBC}") = "LuckyNumber.Android", "LuckyNumber\LuckyNumber.Android\LuckyNumber.Android.csproj", "{6D394FAC-2CDB-439E-8C41-D7EF55262805}"
EndProject
Project("{FAE04EC0-301F-11D3-BF4B-00C04F79EFBC}") = "LuckyNumber.iOS", "LuckyNumber\LuckyNumber.iOS\LuckyNumber.iOS.csproj", "{EA9797C5-2F73-483B-BDF5-B48BA6CD5C7B}"
EndProject
Project("{2150E333-8FDC-42A3-9474-1A3956D46DE8}") = "2 Layouts", "2 Layouts", "{6596D60E-4AD5-4D6B-A209-304E4E6780E0}"
EndProject
Project("{2150E333-8FDC-42A3-9474-1A3956D46DE8}") = "3 Grid", "3 Grid", "{31816888-17D9-4750-8FD6-E95C89E67990}"
EndProject
Project("{2150E333-8FDC-42A3-9474-1A3956D46DE8}") = "Solution Items", "Solution Items", "{C2FEAE67-8801-407B-8A49-A00DE12BFE8B}"
	ProjectSection(SolutionItems) = preProject
		CHANGELOG.md = CHANGELOG.md
		README.md = README.md
	EndProjectSection
EndProject
Project("{9A19103F-16F7-4668-BE54-9A1E7A4F7556}") = "StackLayoutEx1", "StackLayoutEx1\StackLayoutEx1\StackLayoutEx1.csproj", "{5B54EA15-2C45-4735-AC27-46ABDAAC9A98}"
EndProject
Project("{FAE04EC0-301F-11D3-BF4B-00C04F79EFBC}") = "StackLayoutEx1.Android", "StackLayoutEx1\StackLayoutEx1.Android\StackLayoutEx1.Android.csproj", "{3549154D-279B-4DA2-87B7-D3A42DE6243B}"
EndProject
Project("{FAE04EC0-301F-11D3-BF4B-00C04F79EFBC}") = "StackLayoutEx1.iOS", "StackLayoutEx1\StackLayoutEx1.iOS\StackLayoutEx1.iOS.csproj", "{B3C1B1B1-5330-487E-80A7-D902FC1A7EED}"
EndProject
Project("{9A19103F-16F7-4668-BE54-9A1E7A4F7556}") = "StackLayoutEx2", "StackLayoutEx2\StackLayoutEx2\StackLayoutEx2.csproj", "{2570D00F-A4F1-440A-A408-AEC272E2C099}"
EndProject
Project("{FAE04EC0-301F-11D3-BF4B-00C04F79EFBC}") = "StackLayoutEx2.Android", "StackLayoutEx2\StackLayoutEx2.Android\StackLayoutEx2.Android.csproj", "{B0B406BD-6739-41DF-B64B-B7B97191428A}"
EndProject
Project("{FAE04EC0-301F-11D3-BF4B-00C04F79EFBC}") = "StackLayoutEx2.iOS", "StackLayoutEx2\StackLayoutEx2.iOS\StackLayoutEx2.iOS.csproj", "{1B4A81E3-471A-48E4-824F-4A955F51830D}"
EndProject
Project("{2150E333-8FDC-42A3-9474-1A3956D46DE8}") = "2 Images", "2 Images", "{F9E50C93-37B9-42CA-B38C-04E389E141B5}"
EndProject
Project("{FAE04EC0-301F-11D3-BF4B-00C04F79EFBC}") = "Images.Android", "Images\Images.Android\Images.Android.csproj", "{0AD3E7CF-C9C7-45A1-BC3F-7CBBA7A57B63}"
EndProject
Project("{FAE04EC0-301F-11D3-BF4B-00C04F79EFBC}") = "Images.iOS", "Images\Images.iOS\Images.iOS.csproj", "{65837E2B-1EA5-4ACA-9F11-280DE163FDAF}"
EndProject
Project("{9A19103F-16F7-4668-BE54-9A1E7A4F7556}") = "Images", "Images\Images\Images.csproj", "{67255704-A114-432D-BF90-17DE8B73EE03}"
EndProject
Project("{2150E333-8FDC-42A3-9474-1A3956D46DE8}") = "4 Images", "4 Images", "{5395DBD1-54C7-4EB1-8691-A0E0789A02F4}"
EndProject
Project("{FAE04EC0-301F-11D3-BF4B-00C04F79EFBC}") = "ImageGallery.Android", "ImageGallery\ImageGallery.Android\ImageGallery.Android.csproj", "{F138F2C0-B0F8-47BD-A5DF-199F645CE663}"
EndProject
Project("{FAE04EC0-301F-11D3-BF4B-00C04F79EFBC}") = "ImageGallery.iOS", "ImageGallery\ImageGallery.iOS\ImageGallery.iOS.csproj", "{590E589A-C3B8-42CF-B2FC-AD926E033B5A}"
EndProject
Project("{9A19103F-16F7-4668-BE54-9A1E7A4F7556}") = "ImageGallery", "ImageGallery\ImageGallery\ImageGallery.csproj", "{2FD40EA7-9EF0-4C03-9274-705B16F44A6B}"
EndProject
Project("{2150E333-8FDC-42A3-9474-1A3956D46DE8}") = "3 Lists", "3 Lists", "{E5CA1DDA-C46E-4DDA-A9FD-643226682C0D}"
EndProject
Project("{FAE04EC0-301F-11D3-BF4B-00C04F79EFBC}") = "Lists.Android", "Lists\Lists.Android\Lists.Android.csproj", "{38F72A86-6622-467C-AC05-CEE423D87AD5}"
EndProject
Project("{FAE04EC0-301F-11D3-BF4B-00C04F79EFBC}") = "Lists.iOS", "Lists\Lists.iOS\Lists.iOS.csproj", "{CE1AFBBE-54A3-459D-BBEE-02012DE1E3BD}"
EndProject
Project("{9A19103F-16F7-4668-BE54-9A1E7A4F7556}") = "Lists", "Lists\Lists\Lists.csproj", "{051774CA-6A89-4416-9A83-82EB3C641CD0}"
EndProject
Project("{2150E333-8FDC-42A3-9474-1A3956D46DE8}") = "5 Lists", "5 Lists", "{FAB94CAA-9860-4B4B-A19B-C0A9ED8C528D}"
EndProject
Project("{FAE04EC0-301F-11D3-BF4B-00C04F79EFBC}") = "AirBnBrecentSearches.Android", "AirBnBrecentSearches\AirBnBrecentSearches.Android\AirBnBrecentSearches.Android.csproj", "{337CC17A-5445-4D0A-9F50-B7BD9CB481CF}"
EndProject
Project("{FAE04EC0-301F-11D3-BF4B-00C04F79EFBC}") = "AirBnBrecentSearches.iOS", "AirBnBrecentSearches\AirBnBrecentSearches.iOS\AirBnBrecentSearches.iOS.csproj", "{91647F9D-D101-4764-9A60-2B06CA646E96}"
EndProject
Project("{FAE04EC0-301F-11D3-BF4B-00C04F79EFBC}") = "AirBnBrecentSearches", "AirBnBrecentSearches\AirBnBrecentSearches\AirBnBrecentSearches.csproj", "{4C94F584-FA87-422C-93D7-E7EF5D8E0CF2}"
EndProject
Global
	GlobalSection(SolutionConfigurationPlatforms) = preSolution
		Debug|Any CPU = Debug|Any CPU
		Debug|iPhone = Debug|iPhone
		Debug|iPhoneSimulator = Debug|iPhoneSimulator
		Release|Any CPU = Release|Any CPU
		Release|iPhone = Release|iPhone
		Release|iPhoneSimulator = Release|iPhoneSimulator
	EndGlobalSection
	GlobalSection(ProjectConfigurationPlatforms) = postSolution
		{48BE6D6D-1697-4AC8-B9A4-D9CBA12CD396}.Debug|Any CPU.ActiveCfg = Debug|Any CPU
		{48BE6D6D-1697-4AC8-B9A4-D9CBA12CD396}.Debug|iPhone.ActiveCfg = Debug|Any CPU
		{48BE6D6D-1697-4AC8-B9A4-D9CBA12CD396}.Debug|iPhone.Build.0 = Debug|Any CPU
		{48BE6D6D-1697-4AC8-B9A4-D9CBA12CD396}.Debug|iPhone.Deploy.0 = Debug|Any CPU
		{48BE6D6D-1697-4AC8-B9A4-D9CBA12CD396}.Debug|iPhoneSimulator.ActiveCfg = Debug|Any CPU
		{48BE6D6D-1697-4AC8-B9A4-D9CBA12CD396}.Debug|iPhoneSimulator.Build.0 = Debug|Any CPU
		{48BE6D6D-1697-4AC8-B9A4-D9CBA12CD396}.Debug|iPhoneSimulator.Deploy.0 = Debug|Any CPU
		{48BE6D6D-1697-4AC8-B9A4-D9CBA12CD396}.Release|Any CPU.ActiveCfg = Release|Any CPU
		{48BE6D6D-1697-4AC8-B9A4-D9CBA12CD396}.Release|Any CPU.Build.0 = Release|Any CPU
		{48BE6D6D-1697-4AC8-B9A4-D9CBA12CD396}.Release|Any CPU.Deploy.0 = Release|Any CPU
		{48BE6D6D-1697-4AC8-B9A4-D9CBA12CD396}.Release|iPhone.ActiveCfg = Release|Any CPU
		{48BE6D6D-1697-4AC8-B9A4-D9CBA12CD396}.Release|iPhone.Build.0 = Release|Any CPU
		{48BE6D6D-1697-4AC8-B9A4-D9CBA12CD396}.Release|iPhone.Deploy.0 = Release|Any CPU
		{48BE6D6D-1697-4AC8-B9A4-D9CBA12CD396}.Release|iPhoneSimulator.ActiveCfg = Release|Any CPU
		{48BE6D6D-1697-4AC8-B9A4-D9CBA12CD396}.Release|iPhoneSimulator.Build.0 = Release|Any CPU
		{48BE6D6D-1697-4AC8-B9A4-D9CBA12CD396}.Release|iPhoneSimulator.Deploy.0 = Release|Any CPU
		{18EECE2F-884C-479A-8E3C-65E969374DD8}.Debug|Any CPU.ActiveCfg = Debug|iPhone
		{18EECE2F-884C-479A-8E3C-65E969374DD8}.Debug|iPhone.ActiveCfg = Debug|iPhone
		{18EECE2F-884C-479A-8E3C-65E969374DD8}.Debug|iPhone.Build.0 = Debug|iPhone
		{18EECE2F-884C-479A-8E3C-65E969374DD8}.Debug|iPhoneSimulator.ActiveCfg = Debug|iPhoneSimulator
		{18EECE2F-884C-479A-8E3C-65E969374DD8}.Debug|iPhoneSimulator.Build.0 = Debug|iPhoneSimulator
		{18EECE2F-884C-479A-8E3C-65E969374DD8}.Release|Any CPU.ActiveCfg = Release|iPhone
		{18EECE2F-884C-479A-8E3C-65E969374DD8}.Release|iPhone.ActiveCfg = Release|iPhone
		{18EECE2F-884C-479A-8E3C-65E969374DD8}.Release|iPhone.Build.0 = Release|iPhone
		{18EECE2F-884C-479A-8E3C-65E969374DD8}.Release|iPhoneSimulator.ActiveCfg = Release|iPhoneSimulator
		{18EECE2F-884C-479A-8E3C-65E969374DD8}.Release|iPhoneSimulator.Build.0 = Release|iPhoneSimulator
		{D29C570B-7E6A-4C68-8B99-36A6DF1D0108}.Debug|Any CPU.ActiveCfg = Debug|Any CPU
		{D29C570B-7E6A-4C68-8B99-36A6DF1D0108}.Debug|iPhone.ActiveCfg = Debug|Any CPU
		{D29C570B-7E6A-4C68-8B99-36A6DF1D0108}.Debug|iPhone.Build.0 = Debug|Any CPU
		{D29C570B-7E6A-4C68-8B99-36A6DF1D0108}.Debug|iPhoneSimulator.ActiveCfg = Debug|Any CPU
		{D29C570B-7E6A-4C68-8B99-36A6DF1D0108}.Debug|iPhoneSimulator.Build.0 = Debug|Any CPU
		{D29C570B-7E6A-4C68-8B99-36A6DF1D0108}.Release|Any CPU.ActiveCfg = Release|Any CPU
		{D29C570B-7E6A-4C68-8B99-36A6DF1D0108}.Release|Any CPU.Build.0 = Release|Any CPU
		{D29C570B-7E6A-4C68-8B99-36A6DF1D0108}.Release|iPhone.ActiveCfg = Release|Any CPU
		{D29C570B-7E6A-4C68-8B99-36A6DF1D0108}.Release|iPhone.Build.0 = Release|Any CPU
		{D29C570B-7E6A-4C68-8B99-36A6DF1D0108}.Release|iPhoneSimulator.ActiveCfg = Release|Any CPU
		{D29C570B-7E6A-4C68-8B99-36A6DF1D0108}.Release|iPhoneSimulator.Build.0 = Release|Any CPU
		{2CA3B356-7D2F-4DD5-B3DC-6BD7EA3D2BFD}.Debug|Any CPU.ActiveCfg = Debug|Any CPU
		{2CA3B356-7D2F-4DD5-B3DC-6BD7EA3D2BFD}.Debug|iPhone.ActiveCfg = Debug|Any CPU
		{2CA3B356-7D2F-4DD5-B3DC-6BD7EA3D2BFD}.Debug|iPhone.Build.0 = Debug|Any CPU
		{2CA3B356-7D2F-4DD5-B3DC-6BD7EA3D2BFD}.Debug|iPhoneSimulator.ActiveCfg = Debug|Any CPU
		{2CA3B356-7D2F-4DD5-B3DC-6BD7EA3D2BFD}.Debug|iPhoneSimulator.Build.0 = Debug|Any CPU
		{2CA3B356-7D2F-4DD5-B3DC-6BD7EA3D2BFD}.Release|Any CPU.ActiveCfg = Release|Any CPU
		{2CA3B356-7D2F-4DD5-B3DC-6BD7EA3D2BFD}.Release|Any CPU.Build.0 = Release|Any CPU
		{2CA3B356-7D2F-4DD5-B3DC-6BD7EA3D2BFD}.Release|iPhone.ActiveCfg = Release|Any CPU
		{2CA3B356-7D2F-4DD5-B3DC-6BD7EA3D2BFD}.Release|iPhone.Build.0 = Release|Any CPU
		{2CA3B356-7D2F-4DD5-B3DC-6BD7EA3D2BFD}.Release|iPhoneSimulator.ActiveCfg = Release|Any CPU
		{2CA3B356-7D2F-4DD5-B3DC-6BD7EA3D2BFD}.Release|iPhoneSimulator.Build.0 = Release|Any CPU
		{6D394FAC-2CDB-439E-8C41-D7EF55262805}.Debug|Any CPU.ActiveCfg = Debug|Any CPU
		{6D394FAC-2CDB-439E-8C41-D7EF55262805}.Debug|iPhone.ActiveCfg = Debug|Any CPU
		{6D394FAC-2CDB-439E-8C41-D7EF55262805}.Debug|iPhone.Build.0 = Debug|Any CPU
		{6D394FAC-2CDB-439E-8C41-D7EF55262805}.Debug|iPhone.Deploy.0 = Debug|Any CPU
		{6D394FAC-2CDB-439E-8C41-D7EF55262805}.Debug|iPhoneSimulator.ActiveCfg = Debug|Any CPU
		{6D394FAC-2CDB-439E-8C41-D7EF55262805}.Debug|iPhoneSimulator.Build.0 = Debug|Any CPU
		{6D394FAC-2CDB-439E-8C41-D7EF55262805}.Debug|iPhoneSimulator.Deploy.0 = Debug|Any CPU
		{6D394FAC-2CDB-439E-8C41-D7EF55262805}.Release|Any CPU.ActiveCfg = Release|Any CPU
		{6D394FAC-2CDB-439E-8C41-D7EF55262805}.Release|Any CPU.Build.0 = Release|Any CPU
		{6D394FAC-2CDB-439E-8C41-D7EF55262805}.Release|Any CPU.Deploy.0 = Release|Any CPU
		{6D394FAC-2CDB-439E-8C41-D7EF55262805}.Release|iPhone.ActiveCfg = Release|Any CPU
		{6D394FAC-2CDB-439E-8C41-D7EF55262805}.Release|iPhone.Build.0 = Release|Any CPU
		{6D394FAC-2CDB-439E-8C41-D7EF55262805}.Release|iPhone.Deploy.0 = Release|Any CPU
		{6D394FAC-2CDB-439E-8C41-D7EF55262805}.Release|iPhoneSimulator.ActiveCfg = Release|Any CPU
		{6D394FAC-2CDB-439E-8C41-D7EF55262805}.Release|iPhoneSimulator.Build.0 = Release|Any CPU
		{6D394FAC-2CDB-439E-8C41-D7EF55262805}.Release|iPhoneSimulator.Deploy.0 = Release|Any CPU
		{EA9797C5-2F73-483B-BDF5-B48BA6CD5C7B}.Debug|Any CPU.ActiveCfg = Debug|iPhone
		{EA9797C5-2F73-483B-BDF5-B48BA6CD5C7B}.Debug|iPhone.ActiveCfg = Debug|iPhone
		{EA9797C5-2F73-483B-BDF5-B48BA6CD5C7B}.Debug|iPhone.Build.0 = Debug|iPhone
		{EA9797C5-2F73-483B-BDF5-B48BA6CD5C7B}.Debug|iPhoneSimulator.ActiveCfg = Debug|iPhoneSimulator
		{EA9797C5-2F73-483B-BDF5-B48BA6CD5C7B}.Debug|iPhoneSimulator.Build.0 = Debug|iPhoneSimulator
		{EA9797C5-2F73-483B-BDF5-B48BA6CD5C7B}.Release|Any CPU.ActiveCfg = Release|iPhone
		{EA9797C5-2F73-483B-BDF5-B48BA6CD5C7B}.Release|iPhone.ActiveCfg = Release|iPhone
		{EA9797C5-2F73-483B-BDF5-B48BA6CD5C7B}.Release|iPhone.Build.0 = Release|iPhone
		{EA9797C5-2F73-483B-BDF5-B48BA6CD5C7B}.Release|iPhoneSimulator.ActiveCfg = Release|iPhoneSimulator
		{EA9797C5-2F73-483B-BDF5-B48BA6CD5C7B}.Release|iPhoneSimulator.Build.0 = Release|iPhoneSimulator
		{5B54EA15-2C45-4735-AC27-46ABDAAC9A98}.Debug|Any CPU.ActiveCfg = Debug|Any CPU
		{5B54EA15-2C45-4735-AC27-46ABDAAC9A98}.Debug|Any CPU.Build.0 = Debug|Any CPU
		{5B54EA15-2C45-4735-AC27-46ABDAAC9A98}.Debug|iPhone.ActiveCfg = Debug|Any CPU
		{5B54EA15-2C45-4735-AC27-46ABDAAC9A98}.Debug|iPhone.Build.0 = Debug|Any CPU
		{5B54EA15-2C45-4735-AC27-46ABDAAC9A98}.Debug|iPhoneSimulator.ActiveCfg = Debug|Any CPU
		{5B54EA15-2C45-4735-AC27-46ABDAAC9A98}.Debug|iPhoneSimulator.Build.0 = Debug|Any CPU
		{5B54EA15-2C45-4735-AC27-46ABDAAC9A98}.Release|Any CPU.ActiveCfg = Release|Any CPU
		{5B54EA15-2C45-4735-AC27-46ABDAAC9A98}.Release|Any CPU.Build.0 = Release|Any CPU
		{5B54EA15-2C45-4735-AC27-46ABDAAC9A98}.Release|iPhone.ActiveCfg = Release|Any CPU
		{5B54EA15-2C45-4735-AC27-46ABDAAC9A98}.Release|iPhone.Build.0 = Release|Any CPU
		{5B54EA15-2C45-4735-AC27-46ABDAAC9A98}.Release|iPhoneSimulator.ActiveCfg = Release|Any CPU
		{5B54EA15-2C45-4735-AC27-46ABDAAC9A98}.Release|iPhoneSimulator.Build.0 = Release|Any CPU
		{3549154D-279B-4DA2-87B7-D3A42DE6243B}.Debug|Any CPU.ActiveCfg = Debug|Any CPU
		{3549154D-279B-4DA2-87B7-D3A42DE6243B}.Debug|Any CPU.Build.0 = Debug|Any CPU
		{3549154D-279B-4DA2-87B7-D3A42DE6243B}.Debug|Any CPU.Deploy.0 = Debug|Any CPU
		{3549154D-279B-4DA2-87B7-D3A42DE6243B}.Debug|iPhone.ActiveCfg = Debug|Any CPU
		{3549154D-279B-4DA2-87B7-D3A42DE6243B}.Debug|iPhone.Build.0 = Debug|Any CPU
		{3549154D-279B-4DA2-87B7-D3A42DE6243B}.Debug|iPhone.Deploy.0 = Debug|Any CPU
		{3549154D-279B-4DA2-87B7-D3A42DE6243B}.Debug|iPhoneSimulator.ActiveCfg = Debug|Any CPU
		{3549154D-279B-4DA2-87B7-D3A42DE6243B}.Debug|iPhoneSimulator.Build.0 = Debug|Any CPU
		{3549154D-279B-4DA2-87B7-D3A42DE6243B}.Debug|iPhoneSimulator.Deploy.0 = Debug|Any CPU
		{3549154D-279B-4DA2-87B7-D3A42DE6243B}.Release|Any CPU.ActiveCfg = Release|Any CPU
		{3549154D-279B-4DA2-87B7-D3A42DE6243B}.Release|Any CPU.Build.0 = Release|Any CPU
		{3549154D-279B-4DA2-87B7-D3A42DE6243B}.Release|Any CPU.Deploy.0 = Release|Any CPU
		{3549154D-279B-4DA2-87B7-D3A42DE6243B}.Release|iPhone.ActiveCfg = Release|Any CPU
		{3549154D-279B-4DA2-87B7-D3A42DE6243B}.Release|iPhone.Build.0 = Release|Any CPU
		{3549154D-279B-4DA2-87B7-D3A42DE6243B}.Release|iPhone.Deploy.0 = Release|Any CPU
		{3549154D-279B-4DA2-87B7-D3A42DE6243B}.Release|iPhoneSimulator.ActiveCfg = Release|Any CPU
		{3549154D-279B-4DA2-87B7-D3A42DE6243B}.Release|iPhoneSimulator.Build.0 = Release|Any CPU
		{3549154D-279B-4DA2-87B7-D3A42DE6243B}.Release|iPhoneSimulator.Deploy.0 = Release|Any CPU
		{B3C1B1B1-5330-487E-80A7-D902FC1A7EED}.Debug|Any CPU.ActiveCfg = Debug|iPhone
		{B3C1B1B1-5330-487E-80A7-D902FC1A7EED}.Debug|iPhone.ActiveCfg = Debug|iPhone
		{B3C1B1B1-5330-487E-80A7-D902FC1A7EED}.Debug|iPhone.Build.0 = Debug|iPhone
		{B3C1B1B1-5330-487E-80A7-D902FC1A7EED}.Debug|iPhoneSimulator.ActiveCfg = Debug|iPhoneSimulator
		{B3C1B1B1-5330-487E-80A7-D902FC1A7EED}.Debug|iPhoneSimulator.Build.0 = Debug|iPhoneSimulator
		{B3C1B1B1-5330-487E-80A7-D902FC1A7EED}.Release|Any CPU.ActiveCfg = Release|iPhone
		{B3C1B1B1-5330-487E-80A7-D902FC1A7EED}.Release|iPhone.ActiveCfg = Release|iPhone
		{B3C1B1B1-5330-487E-80A7-D902FC1A7EED}.Release|iPhone.Build.0 = Release|iPhone
		{B3C1B1B1-5330-487E-80A7-D902FC1A7EED}.Release|iPhoneSimulator.ActiveCfg = Release|iPhoneSimulator
		{B3C1B1B1-5330-487E-80A7-D902FC1A7EED}.Release|iPhoneSimulator.Build.0 = Release|iPhoneSimulator
		{2570D00F-A4F1-440A-A408-AEC272E2C099}.Debug|Any CPU.ActiveCfg = Debug|Any CPU
		{2570D00F-A4F1-440A-A408-AEC272E2C099}.Debug|Any CPU.Build.0 = Debug|Any CPU
		{2570D00F-A4F1-440A-A408-AEC272E2C099}.Debug|iPhone.ActiveCfg = Debug|Any CPU
		{2570D00F-A4F1-440A-A408-AEC272E2C099}.Debug|iPhone.Build.0 = Debug|Any CPU
		{2570D00F-A4F1-440A-A408-AEC272E2C099}.Debug|iPhoneSimulator.ActiveCfg = Debug|Any CPU
		{2570D00F-A4F1-440A-A408-AEC272E2C099}.Debug|iPhoneSimulator.Build.0 = Debug|Any CPU
		{2570D00F-A4F1-440A-A408-AEC272E2C099}.Release|Any CPU.ActiveCfg = Release|Any CPU
		{2570D00F-A4F1-440A-A408-AEC272E2C099}.Release|Any CPU.Build.0 = Release|Any CPU
		{2570D00F-A4F1-440A-A408-AEC272E2C099}.Release|iPhone.ActiveCfg = Release|Any CPU
		{2570D00F-A4F1-440A-A408-AEC272E2C099}.Release|iPhone.Build.0 = Release|Any CPU
		{2570D00F-A4F1-440A-A408-AEC272E2C099}.Release|iPhoneSimulator.ActiveCfg = Release|Any CPU
		{2570D00F-A4F1-440A-A408-AEC272E2C099}.Release|iPhoneSimulator.Build.0 = Release|Any CPU
		{B0B406BD-6739-41DF-B64B-B7B97191428A}.Debug|Any CPU.ActiveCfg = Debug|Any CPU
		{B0B406BD-6739-41DF-B64B-B7B97191428A}.Debug|Any CPU.Build.0 = Debug|Any CPU
		{B0B406BD-6739-41DF-B64B-B7B97191428A}.Debug|Any CPU.Deploy.0 = Debug|Any CPU
		{B0B406BD-6739-41DF-B64B-B7B97191428A}.Debug|iPhone.ActiveCfg = Debug|Any CPU
		{B0B406BD-6739-41DF-B64B-B7B97191428A}.Debug|iPhone.Build.0 = Debug|Any CPU
		{B0B406BD-6739-41DF-B64B-B7B97191428A}.Debug|iPhone.Deploy.0 = Debug|Any CPU
		{B0B406BD-6739-41DF-B64B-B7B97191428A}.Debug|iPhoneSimulator.ActiveCfg = Debug|Any CPU
		{B0B406BD-6739-41DF-B64B-B7B97191428A}.Debug|iPhoneSimulator.Build.0 = Debug|Any CPU
		{B0B406BD-6739-41DF-B64B-B7B97191428A}.Debug|iPhoneSimulator.Deploy.0 = Debug|Any CPU
		{B0B406BD-6739-41DF-B64B-B7B97191428A}.Release|Any CPU.ActiveCfg = Release|Any CPU
		{B0B406BD-6739-41DF-B64B-B7B97191428A}.Release|Any CPU.Build.0 = Release|Any CPU
		{B0B406BD-6739-41DF-B64B-B7B97191428A}.Release|Any CPU.Deploy.0 = Release|Any CPU
		{B0B406BD-6739-41DF-B64B-B7B97191428A}.Release|iPhone.ActiveCfg = Release|Any CPU
		{B0B406BD-6739-41DF-B64B-B7B97191428A}.Release|iPhone.Build.0 = Release|Any CPU
		{B0B406BD-6739-41DF-B64B-B7B97191428A}.Release|iPhone.Deploy.0 = Release|Any CPU
		{B0B406BD-6739-41DF-B64B-B7B97191428A}.Release|iPhoneSimulator.ActiveCfg = Release|Any CPU
		{B0B406BD-6739-41DF-B64B-B7B97191428A}.Release|iPhoneSimulator.Build.0 = Release|Any CPU
		{B0B406BD-6739-41DF-B64B-B7B97191428A}.Release|iPhoneSimulator.Deploy.0 = Release|Any CPU
		{1B4A81E3-471A-48E4-824F-4A955F51830D}.Debug|Any CPU.ActiveCfg = Debug|iPhone
		{1B4A81E3-471A-48E4-824F-4A955F51830D}.Debug|iPhone.ActiveCfg = Debug|iPhone
		{1B4A81E3-471A-48E4-824F-4A955F51830D}.Debug|iPhone.Build.0 = Debug|iPhone
		{1B4A81E3-471A-48E4-824F-4A955F51830D}.Debug|iPhoneSimulator.ActiveCfg = Debug|iPhoneSimulator
		{1B4A81E3-471A-48E4-824F-4A955F51830D}.Debug|iPhoneSimulator.Build.0 = Debug|iPhoneSimulator
		{1B4A81E3-471A-48E4-824F-4A955F51830D}.Release|Any CPU.ActiveCfg = Release|iPhone
		{1B4A81E3-471A-48E4-824F-4A955F51830D}.Release|iPhone.ActiveCfg = Release|iPhone
		{1B4A81E3-471A-48E4-824F-4A955F51830D}.Release|iPhone.Build.0 = Release|iPhone
		{1B4A81E3-471A-48E4-824F-4A955F51830D}.Release|iPhoneSimulator.ActiveCfg = Release|iPhoneSimulator
		{1B4A81E3-471A-48E4-824F-4A955F51830D}.Release|iPhoneSimulator.Build.0 = Release|iPhoneSimulator
		{0AD3E7CF-C9C7-45A1-BC3F-7CBBA7A57B63}.Debug|Any CPU.ActiveCfg = Debug|Any CPU
		{0AD3E7CF-C9C7-45A1-BC3F-7CBBA7A57B63}.Debug|Any CPU.Build.0 = Debug|Any CPU
		{0AD3E7CF-C9C7-45A1-BC3F-7CBBA7A57B63}.Debug|Any CPU.Deploy.0 = Debug|Any CPU
		{0AD3E7CF-C9C7-45A1-BC3F-7CBBA7A57B63}.Debug|iPhone.ActiveCfg = Debug|Any CPU
		{0AD3E7CF-C9C7-45A1-BC3F-7CBBA7A57B63}.Debug|iPhone.Build.0 = Debug|Any CPU
		{0AD3E7CF-C9C7-45A1-BC3F-7CBBA7A57B63}.Debug|iPhone.Deploy.0 = Debug|Any CPU
		{0AD3E7CF-C9C7-45A1-BC3F-7CBBA7A57B63}.Debug|iPhoneSimulator.ActiveCfg = Debug|Any CPU
		{0AD3E7CF-C9C7-45A1-BC3F-7CBBA7A57B63}.Debug|iPhoneSimulator.Build.0 = Debug|Any CPU
		{0AD3E7CF-C9C7-45A1-BC3F-7CBBA7A57B63}.Debug|iPhoneSimulator.Deploy.0 = Debug|Any CPU
		{0AD3E7CF-C9C7-45A1-BC3F-7CBBA7A57B63}.Release|Any CPU.ActiveCfg = Release|Any CPU
		{0AD3E7CF-C9C7-45A1-BC3F-7CBBA7A57B63}.Release|Any CPU.Build.0 = Release|Any CPU
		{0AD3E7CF-C9C7-45A1-BC3F-7CBBA7A57B63}.Release|Any CPU.Deploy.0 = Release|Any CPU
		{0AD3E7CF-C9C7-45A1-BC3F-7CBBA7A57B63}.Release|iPhone.ActiveCfg = Release|Any CPU
		{0AD3E7CF-C9C7-45A1-BC3F-7CBBA7A57B63}.Release|iPhone.Build.0 = Release|Any CPU
		{0AD3E7CF-C9C7-45A1-BC3F-7CBBA7A57B63}.Release|iPhone.Deploy.0 = Release|Any CPU
		{0AD3E7CF-C9C7-45A1-BC3F-7CBBA7A57B63}.Release|iPhoneSimulator.ActiveCfg = Release|Any CPU
		{0AD3E7CF-C9C7-45A1-BC3F-7CBBA7A57B63}.Release|iPhoneSimulator.Build.0 = Release|Any CPU
		{0AD3E7CF-C9C7-45A1-BC3F-7CBBA7A57B63}.Release|iPhoneSimulator.Deploy.0 = Release|Any CPU
		{65837E2B-1EA5-4ACA-9F11-280DE163FDAF}.Debug|Any CPU.ActiveCfg = Debug|iPhone
		{65837E2B-1EA5-4ACA-9F11-280DE163FDAF}.Debug|iPhone.ActiveCfg = Debug|iPhone
		{65837E2B-1EA5-4ACA-9F11-280DE163FDAF}.Debug|iPhone.Build.0 = Debug|iPhone
		{65837E2B-1EA5-4ACA-9F11-280DE163FDAF}.Debug|iPhoneSimulator.ActiveCfg = Debug|iPhoneSimulator
		{65837E2B-1EA5-4ACA-9F11-280DE163FDAF}.Debug|iPhoneSimulator.Build.0 = Debug|iPhoneSimulator
		{65837E2B-1EA5-4ACA-9F11-280DE163FDAF}.Release|Any CPU.ActiveCfg = Release|iPhone
		{65837E2B-1EA5-4ACA-9F11-280DE163FDAF}.Release|iPhone.ActiveCfg = Release|iPhone
		{65837E2B-1EA5-4ACA-9F11-280DE163FDAF}.Release|iPhone.Build.0 = Release|iPhone
		{65837E2B-1EA5-4ACA-9F11-280DE163FDAF}.Release|iPhoneSimulator.ActiveCfg = Release|iPhoneSimulator
		{65837E2B-1EA5-4ACA-9F11-280DE163FDAF}.Release|iPhoneSimulator.Build.0 = Release|iPhoneSimulator
		{67255704-A114-432D-BF90-17DE8B73EE03}.Debug|Any CPU.ActiveCfg = Debug|Any CPU
		{67255704-A114-432D-BF90-17DE8B73EE03}.Debug|Any CPU.Build.0 = Debug|Any CPU
		{67255704-A114-432D-BF90-17DE8B73EE03}.Debug|iPhone.ActiveCfg = Debug|Any CPU
		{67255704-A114-432D-BF90-17DE8B73EE03}.Debug|iPhone.Build.0 = Debug|Any CPU
		{67255704-A114-432D-BF90-17DE8B73EE03}.Debug|iPhoneSimulator.ActiveCfg = Debug|Any CPU
		{67255704-A114-432D-BF90-17DE8B73EE03}.Debug|iPhoneSimulator.Build.0 = Debug|Any CPU
		{67255704-A114-432D-BF90-17DE8B73EE03}.Release|Any CPU.ActiveCfg = Release|Any CPU
		{67255704-A114-432D-BF90-17DE8B73EE03}.Release|Any CPU.Build.0 = Release|Any CPU
		{67255704-A114-432D-BF90-17DE8B73EE03}.Release|iPhone.ActiveCfg = Release|Any CPU
		{67255704-A114-432D-BF90-17DE8B73EE03}.Release|iPhone.Build.0 = Release|Any CPU
		{67255704-A114-432D-BF90-17DE8B73EE03}.Release|iPhoneSimulator.ActiveCfg = Release|Any CPU
		{67255704-A114-432D-BF90-17DE8B73EE03}.Release|iPhoneSimulator.Build.0 = Release|Any CPU
		{F138F2C0-B0F8-47BD-A5DF-199F645CE663}.Debug|Any CPU.ActiveCfg = Debug|Any CPU
		{F138F2C0-B0F8-47BD-A5DF-199F645CE663}.Debug|Any CPU.Build.0 = Debug|Any CPU
		{F138F2C0-B0F8-47BD-A5DF-199F645CE663}.Debug|Any CPU.Deploy.0 = Debug|Any CPU
		{F138F2C0-B0F8-47BD-A5DF-199F645CE663}.Debug|iPhone.ActiveCfg = Debug|Any CPU
		{F138F2C0-B0F8-47BD-A5DF-199F645CE663}.Debug|iPhone.Build.0 = Debug|Any CPU
		{F138F2C0-B0F8-47BD-A5DF-199F645CE663}.Debug|iPhone.Deploy.0 = Debug|Any CPU
		{F138F2C0-B0F8-47BD-A5DF-199F645CE663}.Debug|iPhoneSimulator.ActiveCfg = Debug|Any CPU
		{F138F2C0-B0F8-47BD-A5DF-199F645CE663}.Debug|iPhoneSimulator.Build.0 = Debug|Any CPU
		{F138F2C0-B0F8-47BD-A5DF-199F645CE663}.Debug|iPhoneSimulator.Deploy.0 = Debug|Any CPU
		{F138F2C0-B0F8-47BD-A5DF-199F645CE663}.Release|Any CPU.ActiveCfg = Release|Any CPU
		{F138F2C0-B0F8-47BD-A5DF-199F645CE663}.Release|Any CPU.Build.0 = Release|Any CPU
		{F138F2C0-B0F8-47BD-A5DF-199F645CE663}.Release|Any CPU.Deploy.0 = Release|Any CPU
		{F138F2C0-B0F8-47BD-A5DF-199F645CE663}.Release|iPhone.ActiveCfg = Release|Any CPU
		{F138F2C0-B0F8-47BD-A5DF-199F645CE663}.Release|iPhone.Build.0 = Release|Any CPU
		{F138F2C0-B0F8-47BD-A5DF-199F645CE663}.Release|iPhone.Deploy.0 = Release|Any CPU
		{F138F2C0-B0F8-47BD-A5DF-199F645CE663}.Release|iPhoneSimulator.ActiveCfg = Release|Any CPU
		{F138F2C0-B0F8-47BD-A5DF-199F645CE663}.Release|iPhoneSimulator.Build.0 = Release|Any CPU
		{F138F2C0-B0F8-47BD-A5DF-199F645CE663}.Release|iPhoneSimulator.Deploy.0 = Release|Any CPU
		{590E589A-C3B8-42CF-B2FC-AD926E033B5A}.Debug|Any CPU.ActiveCfg = Debug|iPhone
		{590E589A-C3B8-42CF-B2FC-AD926E033B5A}.Debug|iPhone.ActiveCfg = Debug|iPhone
		{590E589A-C3B8-42CF-B2FC-AD926E033B5A}.Debug|iPhone.Build.0 = Debug|iPhone
		{590E589A-C3B8-42CF-B2FC-AD926E033B5A}.Debug|iPhoneSimulator.ActiveCfg = Debug|iPhoneSimulator
		{590E589A-C3B8-42CF-B2FC-AD926E033B5A}.Debug|iPhoneSimulator.Build.0 = Debug|iPhoneSimulator
		{590E589A-C3B8-42CF-B2FC-AD926E033B5A}.Release|Any CPU.ActiveCfg = Release|iPhone
		{590E589A-C3B8-42CF-B2FC-AD926E033B5A}.Release|iPhone.ActiveCfg = Release|iPhone
		{590E589A-C3B8-42CF-B2FC-AD926E033B5A}.Release|iPhone.Build.0 = Release|iPhone
		{590E589A-C3B8-42CF-B2FC-AD926E033B5A}.Release|iPhoneSimulator.ActiveCfg = Release|iPhoneSimulator
		{590E589A-C3B8-42CF-B2FC-AD926E033B5A}.Release|iPhoneSimulator.Build.0 = Release|iPhoneSimulator
		{2FD40EA7-9EF0-4C03-9274-705B16F44A6B}.Debug|Any CPU.ActiveCfg = Debug|Any CPU
		{2FD40EA7-9EF0-4C03-9274-705B16F44A6B}.Debug|Any CPU.Build.0 = Debug|Any CPU
		{2FD40EA7-9EF0-4C03-9274-705B16F44A6B}.Debug|iPhone.ActiveCfg = Debug|Any CPU
		{2FD40EA7-9EF0-4C03-9274-705B16F44A6B}.Debug|iPhone.Build.0 = Debug|Any CPU
		{2FD40EA7-9EF0-4C03-9274-705B16F44A6B}.Debug|iPhoneSimulator.ActiveCfg = Debug|Any CPU
		{2FD40EA7-9EF0-4C03-9274-705B16F44A6B}.Debug|iPhoneSimulator.Build.0 = Debug|Any CPU
		{2FD40EA7-9EF0-4C03-9274-705B16F44A6B}.Release|Any CPU.ActiveCfg = Release|Any CPU
		{2FD40EA7-9EF0-4C03-9274-705B16F44A6B}.Release|Any CPU.Build.0 = Release|Any CPU
		{2FD40EA7-9EF0-4C03-9274-705B16F44A6B}.Release|iPhone.ActiveCfg = Release|Any CPU
		{2FD40EA7-9EF0-4C03-9274-705B16F44A6B}.Release|iPhone.Build.0 = Release|Any CPU
		{2FD40EA7-9EF0-4C03-9274-705B16F44A6B}.Release|iPhoneSimulator.ActiveCfg = Release|Any CPU
		{2FD40EA7-9EF0-4C03-9274-705B16F44A6B}.Release|iPhoneSimulator.Build.0 = Release|Any CPU
		{38F72A86-6622-467C-AC05-CEE423D87AD5}.Debug|Any CPU.ActiveCfg = Debug|Any CPU
		{38F72A86-6622-467C-AC05-CEE423D87AD5}.Debug|Any CPU.Build.0 = Debug|Any CPU
		{38F72A86-6622-467C-AC05-CEE423D87AD5}.Debug|Any CPU.Deploy.0 = Debug|Any CPU
		{38F72A86-6622-467C-AC05-CEE423D87AD5}.Debug|iPhone.ActiveCfg = Debug|Any CPU
		{38F72A86-6622-467C-AC05-CEE423D87AD5}.Debug|iPhone.Build.0 = Debug|Any CPU
		{38F72A86-6622-467C-AC05-CEE423D87AD5}.Debug|iPhone.Deploy.0 = Debug|Any CPU
		{38F72A86-6622-467C-AC05-CEE423D87AD5}.Debug|iPhoneSimulator.ActiveCfg = Debug|Any CPU
		{38F72A86-6622-467C-AC05-CEE423D87AD5}.Debug|iPhoneSimulator.Build.0 = Debug|Any CPU
		{38F72A86-6622-467C-AC05-CEE423D87AD5}.Debug|iPhoneSimulator.Deploy.0 = Debug|Any CPU
		{38F72A86-6622-467C-AC05-CEE423D87AD5}.Release|Any CPU.ActiveCfg = Release|Any CPU
		{38F72A86-6622-467C-AC05-CEE423D87AD5}.Release|Any CPU.Build.0 = Release|Any CPU
		{38F72A86-6622-467C-AC05-CEE423D87AD5}.Release|Any CPU.Deploy.0 = Release|Any CPU
		{38F72A86-6622-467C-AC05-CEE423D87AD5}.Release|iPhone.ActiveCfg = Release|Any CPU
		{38F72A86-6622-467C-AC05-CEE423D87AD5}.Release|iPhone.Build.0 = Release|Any CPU
		{38F72A86-6622-467C-AC05-CEE423D87AD5}.Release|iPhone.Deploy.0 = Release|Any CPU
		{38F72A86-6622-467C-AC05-CEE423D87AD5}.Release|iPhoneSimulator.ActiveCfg = Release|Any CPU
		{38F72A86-6622-467C-AC05-CEE423D87AD5}.Release|iPhoneSimulator.Build.0 = Release|Any CPU
		{38F72A86-6622-467C-AC05-CEE423D87AD5}.Release|iPhoneSimulator.Deploy.0 = Release|Any CPU
		{CE1AFBBE-54A3-459D-BBEE-02012DE1E3BD}.Debug|Any CPU.ActiveCfg = Debug|iPhone
		{CE1AFBBE-54A3-459D-BBEE-02012DE1E3BD}.Debug|iPhone.ActiveCfg = Debug|iPhone
		{CE1AFBBE-54A3-459D-BBEE-02012DE1E3BD}.Debug|iPhone.Build.0 = Debug|iPhone
		{CE1AFBBE-54A3-459D-BBEE-02012DE1E3BD}.Debug|iPhoneSimulator.ActiveCfg = Debug|iPhoneSimulator
		{CE1AFBBE-54A3-459D-BBEE-02012DE1E3BD}.Debug|iPhoneSimulator.Build.0 = Debug|iPhoneSimulator
		{CE1AFBBE-54A3-459D-BBEE-02012DE1E3BD}.Release|Any CPU.ActiveCfg = Release|iPhone
		{CE1AFBBE-54A3-459D-BBEE-02012DE1E3BD}.Release|iPhone.ActiveCfg = Release|iPhone
		{CE1AFBBE-54A3-459D-BBEE-02012DE1E3BD}.Release|iPhone.Build.0 = Release|iPhone
		{CE1AFBBE-54A3-459D-BBEE-02012DE1E3BD}.Release|iPhoneSimulator.ActiveCfg = Release|iPhoneSimulator
		{CE1AFBBE-54A3-459D-BBEE-02012DE1E3BD}.Release|iPhoneSimulator.Build.0 = Release|iPhoneSimulator
		{051774CA-6A89-4416-9A83-82EB3C641CD0}.Debug|Any CPU.ActiveCfg = Debug|Any CPU
		{051774CA-6A89-4416-9A83-82EB3C641CD0}.Debug|Any CPU.Build.0 = Debug|Any CPU
		{051774CA-6A89-4416-9A83-82EB3C641CD0}.Debug|iPhone.ActiveCfg = Debug|Any CPU
		{051774CA-6A89-4416-9A83-82EB3C641CD0}.Debug|iPhone.Build.0 = Debug|Any CPU
		{051774CA-6A89-4416-9A83-82EB3C641CD0}.Debug|iPhoneSimulator.ActiveCfg = Debug|Any CPU
		{051774CA-6A89-4416-9A83-82EB3C641CD0}.Debug|iPhoneSimulator.Build.0 = Debug|Any CPU
		{051774CA-6A89-4416-9A83-82EB3C641CD0}.Release|Any CPU.ActiveCfg = Release|Any CPU
		{051774CA-6A89-4416-9A83-82EB3C641CD0}.Release|Any CPU.Build.0 = Release|Any CPU
		{051774CA-6A89-4416-9A83-82EB3C641CD0}.Release|iPhone.ActiveCfg = Release|Any CPU
		{051774CA-6A89-4416-9A83-82EB3C641CD0}.Release|iPhone.Build.0 = Release|Any CPU
		{051774CA-6A89-4416-9A83-82EB3C641CD0}.Release|iPhoneSimulator.ActiveCfg = Release|Any CPU
		{051774CA-6A89-4416-9A83-82EB3C641CD0}.Release|iPhoneSimulator.Build.0 = Release|Any CPU
		{337CC17A-5445-4D0A-9F50-B7BD9CB481CF}.Debug|Any CPU.ActiveCfg = Debug|Any CPU
		{337CC17A-5445-4D0A-9F50-B7BD9CB481CF}.Debug|Any CPU.Build.0 = Debug|Any CPU
		{337CC17A-5445-4D0A-9F50-B7BD9CB481CF}.Debug|Any CPU.Deploy.0 = Debug|Any CPU
		{337CC17A-5445-4D0A-9F50-B7BD9CB481CF}.Debug|iPhone.ActiveCfg = Debug|Any CPU
		{337CC17A-5445-4D0A-9F50-B7BD9CB481CF}.Debug|iPhone.Build.0 = Debug|Any CPU
		{337CC17A-5445-4D0A-9F50-B7BD9CB481CF}.Debug|iPhone.Deploy.0 = Debug|Any CPU
		{337CC17A-5445-4D0A-9F50-B7BD9CB481CF}.Debug|iPhoneSimulator.ActiveCfg = Debug|Any CPU
		{337CC17A-5445-4D0A-9F50-B7BD9CB481CF}.Debug|iPhoneSimulator.Build.0 = Debug|Any CPU
		{337CC17A-5445-4D0A-9F50-B7BD9CB481CF}.Debug|iPhoneSimulator.Deploy.0 = Debug|Any CPU
		{337CC17A-5445-4D0A-9F50-B7BD9CB481CF}.Release|Any CPU.ActiveCfg = Release|Any CPU
		{337CC17A-5445-4D0A-9F50-B7BD9CB481CF}.Release|Any CPU.Build.0 = Release|Any CPU
		{337CC17A-5445-4D0A-9F50-B7BD9CB481CF}.Release|Any CPU.Deploy.0 = Release|Any CPU
		{337CC17A-5445-4D0A-9F50-B7BD9CB481CF}.Release|iPhone.ActiveCfg = Release|Any CPU
		{337CC17A-5445-4D0A-9F50-B7BD9CB481CF}.Release|iPhone.Build.0 = Release|Any CPU
		{337CC17A-5445-4D0A-9F50-B7BD9CB481CF}.Release|iPhone.Deploy.0 = Release|Any CPU
		{337CC17A-5445-4D0A-9F50-B7BD9CB481CF}.Release|iPhoneSimulator.ActiveCfg = Release|Any CPU
		{337CC17A-5445-4D0A-9F50-B7BD9CB481CF}.Release|iPhoneSimulator.Build.0 = Release|Any CPU
		{337CC17A-5445-4D0A-9F50-B7BD9CB481CF}.Release|iPhoneSimulator.Deploy.0 = Release|Any CPU
		{91647F9D-D101-4764-9A60-2B06CA646E96}.Debug|Any CPU.ActiveCfg = Debug|iPhone
		{91647F9D-D101-4764-9A60-2B06CA646E96}.Debug|iPhone.ActiveCfg = Debug|iPhone
		{91647F9D-D101-4764-9A60-2B06CA646E96}.Debug|iPhone.Build.0 = Debug|iPhone
		{91647F9D-D101-4764-9A60-2B06CA646E96}.Debug|iPhoneSimulator.ActiveCfg = Debug|iPhoneSimulator
		{91647F9D-D101-4764-9A60-2B06CA646E96}.Debug|iPhoneSimulator.Build.0 = Debug|iPhoneSimulator
		{91647F9D-D101-4764-9A60-2B06CA646E96}.Release|Any CPU.ActiveCfg = Release|iPhone
		{91647F9D-D101-4764-9A60-2B06CA646E96}.Release|iPhone.ActiveCfg = Release|iPhone
		{91647F9D-D101-4764-9A60-2B06CA646E96}.Release|iPhone.Build.0 = Release|iPhone
		{91647F9D-D101-4764-9A60-2B06CA646E96}.Release|iPhoneSimulator.ActiveCfg = Release|iPhoneSimulator
		{91647F9D-D101-4764-9A60-2B06CA646E96}.Release|iPhoneSimulator.Build.0 = Release|iPhoneSimulator
		{4C94F584-FA87-422C-93D7-E7EF5D8E0CF2}.Debug|Any CPU.ActiveCfg = Debug|Any CPU
		{4C94F584-FA87-422C-93D7-E7EF5D8E0CF2}.Debug|Any CPU.Build.0 = Debug|Any CPU
		{4C94F584-FA87-422C-93D7-E7EF5D8E0CF2}.Debug|iPhone.ActiveCfg = Debug|Any CPU
		{4C94F584-FA87-422C-93D7-E7EF5D8E0CF2}.Debug|iPhone.Build.0 = Debug|Any CPU
		{4C94F584-FA87-422C-93D7-E7EF5D8E0CF2}.Debug|iPhoneSimulator.ActiveCfg = Debug|Any CPU
		{4C94F584-FA87-422C-93D7-E7EF5D8E0CF2}.Debug|iPhoneSimulator.Build.0 = Debug|Any CPU
		{4C94F584-FA87-422C-93D7-E7EF5D8E0CF2}.Release|Any CPU.ActiveCfg = Release|Any CPU
		{4C94F584-FA87-422C-93D7-E7EF5D8E0CF2}.Release|Any CPU.Build.0 = Release|Any CPU
		{4C94F584-FA87-422C-93D7-E7EF5D8E0CF2}.Release|iPhone.ActiveCfg = Release|Any CPU
		{4C94F584-FA87-422C-93D7-E7EF5D8E0CF2}.Release|iPhone.Build.0 = Release|Any CPU
		{4C94F584-FA87-422C-93D7-E7EF5D8E0CF2}.Release|iPhoneSimulator.ActiveCfg = Release|Any CPU
		{4C94F584-FA87-422C-93D7-E7EF5D8E0CF2}.Release|iPhoneSimulator.Build.0 = Release|Any CPU
	EndGlobalSection
	GlobalSection(SolutionProperties) = preSolution
		HideSolutionNode = FALSE
	EndGlobalSection
	GlobalSection(NestedProjects) = preSolution
		{48BE6D6D-1697-4AC8-B9A4-D9CBA12CD396} = {7386F6CF-9986-46E2-848F-B897C25DF478}
		{18EECE2F-884C-479A-8E3C-65E969374DD8} = {7386F6CF-9986-46E2-848F-B897C25DF478}
		{D29C570B-7E6A-4C68-8B99-36A6DF1D0108} = {7386F6CF-9986-46E2-848F-B897C25DF478}
		{2CA3B356-7D2F-4DD5-B3DC-6BD7EA3D2BFD} = {7EDE41A1-943A-4C6D-A2E7-8E3271B2FD94}
		{7386F6CF-9986-46E2-848F-B897C25DF478} = {E3DA4727-0E77-475B-8E58-EF7C4FEC3817}
		{7EDE41A1-943A-4C6D-A2E7-8E3271B2FD94} = {F489FBD8-11AE-408F-A0FA-865AE63EC54D}
		{6D394FAC-2CDB-439E-8C41-D7EF55262805} = {7EDE41A1-943A-4C6D-A2E7-8E3271B2FD94}
		{EA9797C5-2F73-483B-BDF5-B48BA6CD5C7B} = {7EDE41A1-943A-4C6D-A2E7-8E3271B2FD94}
		{6596D60E-4AD5-4D6B-A209-304E4E6780E0} = {E3DA4727-0E77-475B-8E58-EF7C4FEC3817}
		{31816888-17D9-4750-8FD6-E95C89E67990} = {E3DA4727-0E77-475B-8E58-EF7C4FEC3817}
		{5B54EA15-2C45-4735-AC27-46ABDAAC9A98} = {6596D60E-4AD5-4D6B-A209-304E4E6780E0}
		{3549154D-279B-4DA2-87B7-D3A42DE6243B} = {6596D60E-4AD5-4D6B-A209-304E4E6780E0}
		{B3C1B1B1-5330-487E-80A7-D902FC1A7EED} = {6596D60E-4AD5-4D6B-A209-304E4E6780E0}
		{2570D00F-A4F1-440A-A408-AEC272E2C099} = {6596D60E-4AD5-4D6B-A209-304E4E6780E0}
		{B0B406BD-6739-41DF-B64B-B7B97191428A} = {6596D60E-4AD5-4D6B-A209-304E4E6780E0}
		{1B4A81E3-471A-48E4-824F-4A955F51830D} = {6596D60E-4AD5-4D6B-A209-304E4E6780E0}
		{F9E50C93-37B9-42CA-B38C-04E389E141B5} = {F489FBD8-11AE-408F-A0FA-865AE63EC54D}
		{0AD3E7CF-C9C7-45A1-BC3F-7CBBA7A57B63} = {F9E50C93-37B9-42CA-B38C-04E389E141B5}
		{65837E2B-1EA5-4ACA-9F11-280DE163FDAF} = {F9E50C93-37B9-42CA-B38C-04E389E141B5}
		{67255704-A114-432D-BF90-17DE8B73EE03} = {F9E50C93-37B9-42CA-B38C-04E389E141B5}
		{5395DBD1-54C7-4EB1-8691-A0E0789A02F4} = {E3DA4727-0E77-475B-8E58-EF7C4FEC3817}
		{F138F2C0-B0F8-47BD-A5DF-199F645CE663} = {5395DBD1-54C7-4EB1-8691-A0E0789A02F4}
		{590E589A-C3B8-42CF-B2FC-AD926E033B5A} = {5395DBD1-54C7-4EB1-8691-A0E0789A02F4}
		{2FD40EA7-9EF0-4C03-9274-705B16F44A6B} = {5395DBD1-54C7-4EB1-8691-A0E0789A02F4}
		{E5CA1DDA-C46E-4DDA-A9FD-643226682C0D} = {F489FBD8-11AE-408F-A0FA-865AE63EC54D}
		{38F72A86-6622-467C-AC05-CEE423D87AD5} = {E5CA1DDA-C46E-4DDA-A9FD-643226682C0D}
		{CE1AFBBE-54A3-459D-BBEE-02012DE1E3BD} = {E5CA1DDA-C46E-4DDA-A9FD-643226682C0D}
		{051774CA-6A89-4416-9A83-82EB3C641CD0} = {E5CA1DDA-C46E-4DDA-A9FD-643226682C0D}
		{FAB94CAA-9860-4B4B-A19B-C0A9ED8C528D} = {E3DA4727-0E77-475B-8E58-EF7C4FEC3817}
		{337CC17A-5445-4D0A-9F50-B7BD9CB481CF} = {FAB94CAA-9860-4B4B-A19B-C0A9ED8C528D}
		{91647F9D-D101-4764-9A60-2B06CA646E96} = {FAB94CAA-9860-4B4B-A19B-C0A9ED8C528D}
		{4C94F584-FA87-422C-93D7-E7EF5D8E0CF2} = {FAB94CAA-9860-4B4B-A19B-C0A9ED8C528D}
	EndGlobalSection
	GlobalSection(ExtensibilityGlobals) = postSolution
		SolutionGuid = {D2EA9D3A-F058-42BC-993D-DCECCC36DFF5}
	EndGlobalSection
EndGlobal
